// !$*UTF8*$!
{
	archiveVersion = 1;
	classes = {
	};
	objectVersion = 54;
	objects = {

/* Begin PBXBuildFile section */
		011D78DA793599FD75816981 /* AppIcons.swift in Sources */ = {isa = PBXBuildFile; fileRef = FE481E6C8FF2B43F3ABC8DB1 /* AppIcons.swift */; };
		04720FBFE0EDFC5652AF48AD /* CreateProfileViewModel.swift in Sources */ = {isa = PBXBuildFile; fileRef = A0F4F7271B8E1BF525FE82A9 /* CreateProfileViewModel.swift */; };
		0683371773342702DC1FA81B /* NetworkOperationData.swift in Sources */ = {isa = PBXBuildFile; fileRef = C06CEAC8EE40CFA6416948CA /* NetworkOperationData.swift */; };
		06F88EADD88315A5C1100667 /* PhoneNumber+Codable.swift in Sources */ = {isa = PBXBuildFile; fileRef = A6AA1D3E956346B9D15EA2C2 /* PhoneNumber+Codable.swift */; };
		08E5AACCFF39995D7AE7BF5C /* MetadataTypes.swift in Sources */ = {isa = PBXBuildFile; fileRef = B5099BD4503D454E39ED09AD /* MetadataTypes.swift */; };
		09E1932FE7BBFBDF936409F2 /* Location.swift in Sources */ = {isa = PBXBuildFile; fileRef = 22324CF770B80D6D50AFED0E /* Location.swift */; };
		0A34637A85CB7924B45F7AE7 /* FacebookManager.swift in Sources */ = {isa = PBXBuildFile; fileRef = F4F4613F446F563BACCBB849 /* FacebookManager.swift */; };
		0A419CD9DA0DC8AF88BC1EBE /* README.md in Resources */ = {isa = PBXBuildFile; fileRef = 5130D897DF6E999A831BD500 /* README.md */; };
		0C6CC1DDC4B7E88E9834917D /* BottomSheetView+Extensions.swift in Sources */ = {isa = PBXBuildFile; fileRef = D6AF2D9B0A647F6FBD9AF21F /* BottomSheetView+Extensions.swift */; };
		13AE985B04391BCF26C3246B /* EnterCodeView.swift in Sources */ = {isa = PBXBuildFile; fileRef = ADB94AF927BB6FEBD14FC7B4 /* EnterCodeView.swift */; };
		169B6C00A450FB45AFD9A86D /* ServiceDetailView.swift in Sources */ = {isa = PBXBuildFile; fileRef = 6CFA3E1870E1BA17F0BC6797 /* ServiceDetailView.swift */; };
		16B8696A0A9AE0133876ED7D /* iPhoneNumberField+ViewModifiers.swift in Sources */ = {isa = PBXBuildFile; fileRef = BBD638D26F97AEC82DBF899E /* iPhoneNumberField+ViewModifiers.swift */; };
		16FE331E2BA84E7C139F6011 /* Formatter.swift in Sources */ = {isa = PBXBuildFile; fileRef = 988B1869131602ED94614EB5 /* Formatter.swift */; };
		18353DE81FCE534C949C86D9 /* UIFont+Init.swift in Sources */ = {isa = PBXBuildFile; fileRef = 5C8BC56F22BF473693CCB72B /* UIFont+Init.swift */; };
		1D75AA2B9E3B9188FE79562C /* report.xml in Resources */ = {isa = PBXBuildFile; fileRef = CE8422501FBC72D872A753D2 /* report.xml */; };
		1DB5A9F6184121589863F193 /* NearByView.swift in Sources */ = {isa = PBXBuildFile; fileRef = 3509AF5BE300C8F9685E7EA4 /* NearByView.swift */; };
		2106C505A81E297149A8FC78 /* MetadataManager.swift in Sources */ = {isa = PBXBuildFile; fileRef = 97DC64AC373F7BEA5A5B6F74 /* MetadataManager.swift */; };
		2578FF6BDB63262A2497063B /* LocationView.swift in Sources */ = {isa = PBXBuildFile; fileRef = 948E98B56B7339711E958B8F /* LocationView.swift */; };
		28D5D82B0F403FBF9EC71705 /* LogoutView.swift in Sources */ = {isa = PBXBuildFile; fileRef = 275E228DA7708CEB25B57CAF /* LogoutView.swift */; };
		28E08C69A780575DF979BD79 /* Colors.xcassets in Resources */ = {isa = PBXBuildFile; fileRef = C596B4F7CDEF2B50B7F01C1E /* Colors.xcassets */; };
		3105A1ADE0C3EBFBA212AB1E /* BookingPresenter.swift in Sources */ = {isa = PBXBuildFile; fileRef = 81004586A4A651E499A723B8 /* BookingPresenter.swift */; };
		3126DF0AA271C33E03132BF9 /* CreateProfileView.swift in Sources */ = {isa = PBXBuildFile; fileRef = A380E152310953CB9A4833B0 /* CreateProfileView.swift */; };
		347328B58741942BD34E8416 /* View+Extensions.swift in Sources */ = {isa = PBXBuildFile; fileRef = B73941AD0788ACB1820788A7 /* View+Extensions.swift */; };
		35A44C8BC2A6237A1E1A1EDE /* VerificationCodeView.swift in Sources */ = {isa = PBXBuildFile; fileRef = C9E3CA71A842E27E8578FA80 /* VerificationCodeView.swift */; };
		36939F1B0F861FC71BB93902 /* Text+Extensions.swift in Sources */ = {isa = PBXBuildFile; fileRef = B47D81828BBEE454AF8CF1EA /* Text+Extensions.swift */; };
		3980DC76D69DBD25DDEB9AC2 /* NextVisitView.swift in Sources */ = {isa = PBXBuildFile; fileRef = FE85C5E86AAC5F0689BA799E /* NextVisitView.swift */; };
		39A67E00F855D7E2F5B55AAA /* PartialFormatter.swift in Sources */ = {isa = PBXBuildFile; fileRef = C1CDC92A918C1F7A678CB40B /* PartialFormatter.swift */; };
		3A87FF85AC451E41D60B8E24 /* ParseManager.swift in Sources */ = {isa = PBXBuildFile; fileRef = 21567DEB8C589A6C6D059CF7 /* ParseManager.swift */; };
		4046B35C70CE1FE735AB97A2 /* BirthDayInputView.swift in Sources */ = {isa = PBXBuildFile; fileRef = 643AA7CD82BDD5D15E3D1479 /* BirthDayInputView.swift */; };
		46AA61A3E3284E05C0C6CDCE /* AppStyleFont.swift in Sources */ = {isa = PBXBuildFile; fileRef = C2D2D51146E2A9C157169FF8 /* AppStyleFont.swift */; };
		4AA9136EE1EB6926BA376133 /* CalendarView.swift in Sources */ = {isa = PBXBuildFile; fileRef = F6D4473FD7FCE7BEDB3918C5 /* CalendarView.swift */; };
		4E0597383F724BF8BF2CE408 /* PhoneNumberFormatter.swift in Sources */ = {isa = PBXBuildFile; fileRef = 739654BE37DB6E1E6AF3601C /* PhoneNumberFormatter.swift */; };
		5A276A55C27008ABC873568C /* WorkingHoursView.swift in Sources */ = {isa = PBXBuildFile; fileRef = 193C8A583F6B41B1E77DAD99 /* WorkingHoursView.swift */; };
		5C6A8FA8903AD2BD819C279C /* GoogleManager.swift in Sources */ = {isa = PBXBuildFile; fileRef = 3AB18B66E68778718D380978 /* GoogleManager.swift */; };
		5F4C05FC64226F13FC4E7CF5 /* BookingView.swift in Sources */ = {isa = PBXBuildFile; fileRef = 144EFC49D9843F500FCE6F9E /* BookingView.swift */; };
		5FBBFAF36D72215D507C89AC /* Organization.swift in Sources */ = {isa = PBXBuildFile; fileRef = 796178B742C1E46DC82C62DE /* Organization.swift */; };
		6920C024767B43D3760B213C /* ServiceDetailPresenter.swift in Sources */ = {isa = PBXBuildFile; fileRef = 757141A7EE40F1154A4415E7 /* ServiceDetailPresenter.swift */; };
		69FCAFC96E9BE6665E08087E /* VisitItemRow.swift in Sources */ = {isa = PBXBuildFile; fileRef = 7ED9264D1B49C706A2A873CB /* VisitItemRow.swift */; };
		6A2C4BC9D3E57D1F57E4F51A /* PhoneNumberTextField.swift in Sources */ = {isa = PBXBuildFile; fileRef = 5658F15AB3C0E6B1AAA8E9C6 /* PhoneNumberTextField.swift */; };
		6B402EF8F8312F88A4EA8989 /* String+Extensions.swift in Sources */ = {isa = PBXBuildFile; fileRef = 8D066D8F7A92E9575F06D7D8 /* String+Extensions.swift */; };
		6C6FA30D5756D4F23A4F073A /* PhoneNumberMetadata.json in Resources */ = {isa = PBXBuildFile; fileRef = 5EED8E6BD7FEFEC84586D0C7 /* PhoneNumberMetadata.json */; };
		6D8F506D26633805600FADD7 /* NSRegularExpression+Swift.swift in Sources */ = {isa = PBXBuildFile; fileRef = 4E9640E0265090EFED741BDD /* NSRegularExpression+Swift.swift */; };
		747F530670CA4230C010F094 /* Urbanist-Regular.ttf in Resources */ = {isa = PBXBuildFile; fileRef = 9F6229C7C69654B803AD7365 /* Urbanist-Regular.ttf */; };
		74DCFDEBED1465D1992C01EF /* CHANGELOG.md in Resources */ = {isa = PBXBuildFile; fileRef = 58E2C13111033B99B50B5844 /* CHANGELOG.md */; };
		751FABA69476829DA87F5555 /* Navigation+Extensions.swift in Sources */ = {isa = PBXBuildFile; fileRef = F437AE070D35383BC3F0B0BA /* Navigation+Extensions.swift */; };
		768CB10010EB99EC69CB1179 /* AppButton.swift in Sources */ = {isa = PBXBuildFile; fileRef = 9F85B8326ACB993A604B2544 /* AppButton.swift */; };
		7794AEDA92D9BA58CCE060C0 /* DashboardPresenter.swift in Sources */ = {isa = PBXBuildFile; fileRef = 780B4137019559569E4A24A5 /* DashboardPresenter.swift */; };
		790B1AD66935CCDDF1C665A1 /* UserDefaultsManager.swift in Sources */ = {isa = PBXBuildFile; fileRef = FD6A42466C0F721A78041A18 /* UserDefaultsManager.swift */; };
		7CEB595E25DD19A3317977C9 /* TutorialDescriptionModuleView.swift in Sources */ = {isa = PBXBuildFile; fileRef = 78673469A1C7FD89FA93AE6F /* TutorialDescriptionModuleView.swift */; };
		7F0B360196FD559BBBEDFA50 /* BaseView.swift in Sources */ = {isa = PBXBuildFile; fileRef = 0C33DDCAA1ADB1487FA30B90 /* BaseView.swift */; };
		80EAC14FD1DA0EE97FD59809 /* Profile.swift in Sources */ = {isa = PBXBuildFile; fileRef = 0214B704EFE00738C7C4A154 /* Profile.swift */; };
		81BBC581F910664005F85628 /* ContactsView.swift in Sources */ = {isa = PBXBuildFile; fileRef = A210821D4C6674B47D2BDEB7 /* ContactsView.swift */; };
		820C3BAA4262E89EBE816A29 /* AppPhoneNumber.swift in Sources */ = {isa = PBXBuildFile; fileRef = AB5CAC0DACD6CDF4F23CE806 /* AppPhoneNumber.swift */; };
		827CC50B9529018D234BB28E /* NetworkOperation.swift in Sources */ = {isa = PBXBuildFile; fileRef = 8C94B2458685D37A7DC7E408 /* NetworkOperation.swift */; };
		850B1561DF3C8119EEEC13DA /* LoginView.swift in Sources */ = {isa = PBXBuildFile; fileRef = B6E958C572702353C08D88F4 /* LoginView.swift */; };
		87C9297D462EE8F1BF1EC074 /* RoundedShape.swift in Sources */ = {isa = PBXBuildFile; fileRef = 1FF9E18BCA01C85F1623A93D /* RoundedShape.swift */; };
		8813BDB4976CD1F40C5BBDEB /* SplashViewModel.swift in Sources */ = {isa = PBXBuildFile; fileRef = 1A6A23D9C64FAB0DDE89C01D /* SplashViewModel.swift */; };
		8F7A17D6340DEE5CDA8F9936 /* Urbanist-Medium.ttf in Resources */ = {isa = PBXBuildFile; fileRef = AF58D57AC7C0F541975D407E /* Urbanist-Medium.ttf */; };
		8FBC1A2F8E770F671BAB10CA /* ModelViewBuilder.swift in Sources */ = {isa = PBXBuildFile; fileRef = 427006FA3EED7642CE468329 /* ModelViewBuilder.swift */; };
		923D1EE713F94E2990D09F32 /* .env.default.sample in Resources */ = {isa = PBXBuildFile; fileRef = A654A5962562C7E99909911B /* .env.default.sample */; };
		94EA194C81EB583A65454CD1 /* ProfilePreviewView.swift in Sources */ = {isa = PBXBuildFile; fileRef = 75FBF4B766165D0A40F6E635 /* ProfilePreviewView.swift */; };
		98522184D648A5C4CD38371A /* PhoneNumberKit.swift in Sources */ = {isa = PBXBuildFile; fileRef = 85A0CF603539FE0BA4EDAA15 /* PhoneNumberKit.swift */; };
		9ACE08468EDFE99106D49584 /* SplashView.swift in Sources */ = {isa = PBXBuildFile; fileRef = 4E7202CB6481205BD3FCB0D5 /* SplashView.swift */; };
		A045EC07C9D4CB6E1036BC8A /* Urbanist-Bold.ttf in Resources */ = {isa = PBXBuildFile; fileRef = 00190B7344A9C2DE87752522 /* Urbanist-Bold.ttf */; };
		A1EF4DBFD9E55EA0DF08F006 /* NearByItemView.swift in Sources */ = {isa = PBXBuildFile; fileRef = D1F9A63276CD68575EB9A010 /* NearByItemView.swift */; };
		A4F7AD38B7448238CCD5454E /* SelectHoursView.swift in Sources */ = {isa = PBXBuildFile; fileRef = A25F27D1C260E5C5FE36C872 /* SelectHoursView.swift */; };
		A65173DD245146CD545455EA /* DashboardContainerView.swift in Sources */ = {isa = PBXBuildFile; fileRef = CC03756706A11001A95EBD04 /* DashboardContainerView.swift */; };
		A943CDD933502248088578FC /* PhoneNumber.swift in Sources */ = {isa = PBXBuildFile; fileRef = 3B2814845DFD8311FB66BCD0 /* PhoneNumber.swift */; };
		AA544B4CE5A3E0C7D7F28335 /* WelcomeView.swift in Sources */ = {isa = PBXBuildFile; fileRef = 53DE0BBC1968CFF3AD53FE9C /* WelcomeView.swift */; };
		B036FC806EADFBBB344F7BCD /* .project.yml in Resources */ = {isa = PBXBuildFile; fileRef = 25006C33F90F92C794C7A588 /* .project.yml */; };
		B4EC4D97D07BA41F5C95E7AC /* ReviewView.swift in Sources */ = {isa = PBXBuildFile; fileRef = 1A392DE364D75A4662397DB6 /* ReviewView.swift */; };
		BA3BED370745E646D56D69BC /* Logger.swift in Sources */ = {isa = PBXBuildFile; fileRef = 0EDA61D54DE9306549CDAE18 /* Logger.swift */; };
		BAD12852F511D2237A260047 /* TutorialWelcomeModuleView.swift in Sources */ = {isa = PBXBuildFile; fileRef = 0BF1253015D84DB5900D0636 /* TutorialWelcomeModuleView.swift */; };
		BEC1785FB3637DE2B27CE632 /* ProfileItemRow.swift in Sources */ = {isa = PBXBuildFile; fileRef = 0935928BE7FDC65224FB24DB /* ProfileItemRow.swift */; };
		BF6D5ADC79CED6B8F8290874 /* iPhoneNumberField.swift in Sources */ = {isa = PBXBuildFile; fileRef = AD0A1D67D8DC5F74F0DB1128 /* iPhoneNumberField.swift */; };
		BFB3268BCD1399CD2E542CEB /* PhoneNumberParser.swift in Sources */ = {isa = PBXBuildFile; fileRef = 80E3060DE0300A1A729393F2 /* PhoneNumberParser.swift */; };
		BFC56B5CB5E77028F3D2CCDC /* EnterCodeViewModel.swift in Sources */ = {isa = PBXBuildFile; fileRef = 44B2D35719CF8632BF68CC51 /* EnterCodeViewModel.swift */; };
		C10AE4B2F09DE4F8005E1F98 /* WelcomeViewModel.swift in Sources */ = {isa = PBXBuildFile; fileRef = A12ACBFD62BAC0920F3C8617 /* WelcomeViewModel.swift */; };
		C2351D5BD264BB3D0B0E59C3 /* BookMeNowApp.swift in Sources */ = {isa = PBXBuildFile; fileRef = 56410C35ED3A97331CE70DA8 /* BookMeNowApp.swift */; };
		C36D27BED4587FF8FD14AFB9 /* RegexManager.swift in Sources */ = {isa = PBXBuildFile; fileRef = 8DAD2947E86E8E799BA9EFBF /* RegexManager.swift */; };
		C819C2E8AE12B9AAE039A189 /* Constants.swift in Sources */ = {isa = PBXBuildFile; fileRef = F38A92F8067A79DD11DFAFD9 /* Constants.swift */; };
		CE26D4B03668CDBC2A5B8706 /* CountryCodePickerViewController.swift in Sources */ = {isa = PBXBuildFile; fileRef = 6CD7943DDF774FEBBBCE3315 /* CountryCodePickerViewController.swift */; };
		CE3D621E1C1F320573D8CEEB /* LoginViewModel.swift in Sources */ = {isa = PBXBuildFile; fileRef = BAA698F1C4A7BDB24908F8B0 /* LoginViewModel.swift */; };
		D2D63D55112BB5F74A915A73 /* AppInputField.swift in Sources */ = {isa = PBXBuildFile; fileRef = 34AD2810AD21AECB2139D761 /* AppInputField.swift */; };
		D41822CB098CB3F101144CA6 /* ProfileView.swift in Sources */ = {isa = PBXBuildFile; fileRef = 0D6E9E88B7837D8542BC38FD /* ProfileView.swift */; };
		D8C3AE3E290C2D3AE24C7B04 /* DashboardView.swift in Sources */ = {isa = PBXBuildFile; fileRef = E49912D825C6607A0C6C5F96 /* DashboardView.swift */; };
		DAC386ECC7B7166DF5AC52E9 /* TUTORIAL.md in Resources */ = {isa = PBXBuildFile; fileRef = 0C24E77C37ABA452E81437F1 /* TUTORIAL.md */; };
		DCBDD69350D66A14CD3B3A32 /* .swiftlint.yml in Resources */ = {isa = PBXBuildFile; fileRef = B057366086E8A69B92BDF018 /* .swiftlint.yml */; };
		DF49B8277DC8541C3E90EE42 /* libPods-iosApp.a in Frameworks */ = {isa = PBXBuildFile; fileRef = FF8F49E9BB65F41244139BD0 /* libPods-iosApp.a */; };
		E063EAADB7CF35E5BCEB7013 /* Urbanist-Semibold.ttf in Resources */ = {isa = PBXBuildFile; fileRef = 53FB88955FB6417E4737198E /* Urbanist-Semibold.ttf */; };
		E88D8E1AF465357E5472347F /* Date+Extensions.swift in Sources */ = {isa = PBXBuildFile; fileRef = 65DD45A8FC2B67ECA8717641 /* Date+Extensions.swift */; };
		E907F7A5E1E20AE59657D456 /* SessionManager.swift in Sources */ = {isa = PBXBuildFile; fileRef = 3DB3FE1DD4737BCDDC68AAEB /* SessionManager.swift */; };
		EB86A0FEE81728A27A447630 /* Bundle+Resources.swift in Sources */ = {isa = PBXBuildFile; fileRef = C6A246880298801E0EC91B85 /* Bundle+Resources.swift */; };
		EDE5F03896000AF4323A1370 /* MetadataParsing.swift in Sources */ = {isa = PBXBuildFile; fileRef = DD9F3277EC098D62FD4A7F89 /* MetadataParsing.swift */; };
		EFC7E6D0B25A2E576149BEF8 /* LocalCacheManager.swift in Sources */ = {isa = PBXBuildFile; fileRef = F3AAD4E0C4C8389DC58C4111 /* LocalCacheManager.swift */; };
		F0F155A2DD6D69CB1DC13D49 /* Vibrate.swift in Sources */ = {isa = PBXBuildFile; fileRef = 23D4885EC923EC14FAA8AF7B /* Vibrate.swift */; };
		F22EAC32E183638CE9F630ED /* ProfilePresenter.swift in Sources */ = {isa = PBXBuildFile; fileRef = AC2E1F1E911A23590178ADE8 /* ProfilePresenter.swift */; };
		F324BDC3540634E917F15EA9 /* LocationManager.swift in Sources */ = {isa = PBXBuildFile; fileRef = 43B3B010B41B371112D7B301 /* LocationManager.swift */; };
		F4368641806CE4D5B2A2B590 /* NearByPresenter.swift in Sources */ = {isa = PBXBuildFile; fileRef = B48DD1982EF65D47F03EA6ED /* NearByPresenter.swift */; };
		FCAD36C01782689F0E8FBB2D /* Assets.xcassets in Resources */ = {isa = PBXBuildFile; fileRef = DD56B8F69B1182210A82C9A5 /* Assets.xcassets */; };
		FD702A62C13896140AFBDB87 /* NetworkManager.swift in Sources */ = {isa = PBXBuildFile; fileRef = 40DA77DD305864B7845F7CD4 /* NetworkManager.swift */; };
		FF045D77C5C4DB61C285DF9C /* AppStyleColor.swift in Sources */ = {isa = PBXBuildFile; fileRef = 7FA54D3B98734337F444C2AF /* AppStyleColor.swift */; };
/* End PBXBuildFile section */

/* Begin PBXFileReference section */
		00190B7344A9C2DE87752522 /* Urbanist-Bold.ttf */ = {isa = PBXFileReference; lastKnownFileType = file; path = "Urbanist-Bold.ttf"; sourceTree = "<group>"; };
		0214B704EFE00738C7C4A154 /* Profile.swift */ = {isa = PBXFileReference; lastKnownFileType = sourcecode.swift; path = Profile.swift; sourceTree = "<group>"; };
		0935928BE7FDC65224FB24DB /* ProfileItemRow.swift */ = {isa = PBXFileReference; lastKnownFileType = sourcecode.swift; path = ProfileItemRow.swift; sourceTree = "<group>"; };
		0BF1253015D84DB5900D0636 /* TutorialWelcomeModuleView.swift */ = {isa = PBXFileReference; lastKnownFileType = sourcecode.swift; path = TutorialWelcomeModuleView.swift; sourceTree = "<group>"; };
		0C24E77C37ABA452E81437F1 /* TUTORIAL.md */ = {isa = PBXFileReference; lastKnownFileType = net.daringfireball.markdown; path = TUTORIAL.md; sourceTree = "<group>"; };
		0C33DDCAA1ADB1487FA30B90 /* BaseView.swift */ = {isa = PBXFileReference; lastKnownFileType = sourcecode.swift; path = BaseView.swift; sourceTree = "<group>"; };
		0D6E9E88B7837D8542BC38FD /* ProfileView.swift */ = {isa = PBXFileReference; lastKnownFileType = sourcecode.swift; path = ProfileView.swift; sourceTree = "<group>"; };
		0EDA61D54DE9306549CDAE18 /* Logger.swift */ = {isa = PBXFileReference; lastKnownFileType = sourcecode.swift; path = Logger.swift; sourceTree = "<group>"; };
		144EFC49D9843F500FCE6F9E /* BookingView.swift */ = {isa = PBXFileReference; lastKnownFileType = sourcecode.swift; path = BookingView.swift; sourceTree = "<group>"; };
		193C8A583F6B41B1E77DAD99 /* WorkingHoursView.swift */ = {isa = PBXFileReference; lastKnownFileType = sourcecode.swift; path = WorkingHoursView.swift; sourceTree = "<group>"; };
		1A392DE364D75A4662397DB6 /* ReviewView.swift */ = {isa = PBXFileReference; lastKnownFileType = sourcecode.swift; path = ReviewView.swift; sourceTree = "<group>"; };
		1A6A23D9C64FAB0DDE89C01D /* SplashViewModel.swift */ = {isa = PBXFileReference; lastKnownFileType = sourcecode.swift; path = SplashViewModel.swift; sourceTree = "<group>"; };
		1C7FF9F76F91A9BB5BB449C7 /* Info.plist */ = {isa = PBXFileReference; lastKnownFileType = text.plist; path = Info.plist; sourceTree = "<group>"; };
		1F6497D629BE6E4D3A88295E /* Gymfile */ = {isa = PBXFileReference; path = Gymfile; sourceTree = "<group>"; };
		1FF9E18BCA01C85F1623A93D /* RoundedShape.swift */ = {isa = PBXFileReference; lastKnownFileType = sourcecode.swift; path = RoundedShape.swift; sourceTree = "<group>"; };
		21567DEB8C589A6C6D059CF7 /* ParseManager.swift */ = {isa = PBXFileReference; lastKnownFileType = sourcecode.swift; path = ParseManager.swift; sourceTree = "<group>"; };
		22324CF770B80D6D50AFED0E /* Location.swift */ = {isa = PBXFileReference; lastKnownFileType = sourcecode.swift; path = Location.swift; sourceTree = "<group>"; };
		23D4885EC923EC14FAA8AF7B /* Vibrate.swift */ = {isa = PBXFileReference; lastKnownFileType = sourcecode.swift; path = Vibrate.swift; sourceTree = "<group>"; };
		25006C33F90F92C794C7A588 /* .project.yml */ = {isa = PBXFileReference; lastKnownFileType = text.yaml; path = .project.yml; sourceTree = "<group>"; };
		275E228DA7708CEB25B57CAF /* LogoutView.swift */ = {isa = PBXFileReference; lastKnownFileType = sourcecode.swift; path = LogoutView.swift; sourceTree = "<group>"; };
		33DF0F79E65EDE0472227A39 /* Matchfile */ = {isa = PBXFileReference; path = Matchfile; sourceTree = "<group>"; };
		34AD2810AD21AECB2139D761 /* AppInputField.swift */ = {isa = PBXFileReference; lastKnownFileType = sourcecode.swift; path = AppInputField.swift; sourceTree = "<group>"; };
		3509AF5BE300C8F9685E7EA4 /* NearByView.swift */ = {isa = PBXFileReference; lastKnownFileType = sourcecode.swift; path = NearByView.swift; sourceTree = "<group>"; };
		3AB18B66E68778718D380978 /* GoogleManager.swift */ = {isa = PBXFileReference; lastKnownFileType = sourcecode.swift; path = GoogleManager.swift; sourceTree = "<group>"; };
		3B2814845DFD8311FB66BCD0 /* PhoneNumber.swift */ = {isa = PBXFileReference; lastKnownFileType = sourcecode.swift; path = PhoneNumber.swift; sourceTree = "<group>"; };
		3DB3FE1DD4737BCDDC68AAEB /* SessionManager.swift */ = {isa = PBXFileReference; lastKnownFileType = sourcecode.swift; path = SessionManager.swift; sourceTree = "<group>"; };
		40DA77DD305864B7845F7CD4 /* NetworkManager.swift */ = {isa = PBXFileReference; lastKnownFileType = sourcecode.swift; path = NetworkManager.swift; sourceTree = "<group>"; };
		427006FA3EED7642CE468329 /* ModelViewBuilder.swift */ = {isa = PBXFileReference; lastKnownFileType = sourcecode.swift; path = ModelViewBuilder.swift; sourceTree = "<group>"; };
		43B3B010B41B371112D7B301 /* LocationManager.swift */ = {isa = PBXFileReference; lastKnownFileType = sourcecode.swift; path = LocationManager.swift; sourceTree = "<group>"; };
		44B2D35719CF8632BF68CC51 /* EnterCodeViewModel.swift */ = {isa = PBXFileReference; lastKnownFileType = sourcecode.swift; path = EnterCodeViewModel.swift; sourceTree = "<group>"; };
		4E7202CB6481205BD3FCB0D5 /* SplashView.swift */ = {isa = PBXFileReference; lastKnownFileType = sourcecode.swift; path = SplashView.swift; sourceTree = "<group>"; };
		4E9640E0265090EFED741BDD /* NSRegularExpression+Swift.swift */ = {isa = PBXFileReference; lastKnownFileType = sourcecode.swift; path = "NSRegularExpression+Swift.swift"; sourceTree = "<group>"; };
		5130D897DF6E999A831BD500 /* README.md */ = {isa = PBXFileReference; lastKnownFileType = net.daringfireball.markdown; path = README.md; sourceTree = "<group>"; };
		53DE0BBC1968CFF3AD53FE9C /* WelcomeView.swift */ = {isa = PBXFileReference; lastKnownFileType = sourcecode.swift; path = WelcomeView.swift; sourceTree = "<group>"; };
		53FB88955FB6417E4737198E /* Urbanist-Semibold.ttf */ = {isa = PBXFileReference; lastKnownFileType = file; path = "Urbanist-Semibold.ttf"; sourceTree = "<group>"; };
		56410C35ED3A97331CE70DA8 /* BookMeNowApp.swift */ = {isa = PBXFileReference; lastKnownFileType = sourcecode.swift; path = BookMeNowApp.swift; sourceTree = "<group>"; };
		5658F15AB3C0E6B1AAA8E9C6 /* PhoneNumberTextField.swift */ = {isa = PBXFileReference; lastKnownFileType = sourcecode.swift; path = PhoneNumberTextField.swift; sourceTree = "<group>"; };
		58E2C13111033B99B50B5844 /* CHANGELOG.md */ = {isa = PBXFileReference; lastKnownFileType = net.daringfireball.markdown; path = CHANGELOG.md; sourceTree = "<group>"; };
		5C8BC56F22BF473693CCB72B /* UIFont+Init.swift */ = {isa = PBXFileReference; lastKnownFileType = sourcecode.swift; path = "UIFont+Init.swift"; sourceTree = "<group>"; };
		5DBA1ABFDC44661587283980 /* Appfile */ = {isa = PBXFileReference; path = Appfile; sourceTree = "<group>"; };
		5EED8E6BD7FEFEC84586D0C7 /* PhoneNumberMetadata.json */ = {isa = PBXFileReference; lastKnownFileType = text.json; path = PhoneNumberMetadata.json; sourceTree = "<group>"; };
		60A6CBAFA6EE183DC0F1CCB4 /* Pluginfile */ = {isa = PBXFileReference; path = Pluginfile; sourceTree = "<group>"; };
		643AA7CD82BDD5D15E3D1479 /* BirthDayInputView.swift */ = {isa = PBXFileReference; lastKnownFileType = sourcecode.swift; path = BirthDayInputView.swift; sourceTree = "<group>"; };
		65DD45A8FC2B67ECA8717641 /* Date+Extensions.swift */ = {isa = PBXFileReference; lastKnownFileType = sourcecode.swift; path = "Date+Extensions.swift"; sourceTree = "<group>"; };
		6CD7943DDF774FEBBBCE3315 /* CountryCodePickerViewController.swift */ = {isa = PBXFileReference; lastKnownFileType = sourcecode.swift; path = CountryCodePickerViewController.swift; sourceTree = "<group>"; };
		6CFA3E1870E1BA17F0BC6797 /* ServiceDetailView.swift */ = {isa = PBXFileReference; lastKnownFileType = sourcecode.swift; path = ServiceDetailView.swift; sourceTree = "<group>"; };
		739654BE37DB6E1E6AF3601C /* PhoneNumberFormatter.swift */ = {isa = PBXFileReference; lastKnownFileType = sourcecode.swift; path = PhoneNumberFormatter.swift; sourceTree = "<group>"; };
		757141A7EE40F1154A4415E7 /* ServiceDetailPresenter.swift */ = {isa = PBXFileReference; lastKnownFileType = sourcecode.swift; path = ServiceDetailPresenter.swift; sourceTree = "<group>"; };
		75FBF4B766165D0A40F6E635 /* ProfilePreviewView.swift */ = {isa = PBXFileReference; lastKnownFileType = sourcecode.swift; path = ProfilePreviewView.swift; sourceTree = "<group>"; };
		780B4137019559569E4A24A5 /* DashboardPresenter.swift */ = {isa = PBXFileReference; lastKnownFileType = sourcecode.swift; path = DashboardPresenter.swift; sourceTree = "<group>"; };
		78673469A1C7FD89FA93AE6F /* TutorialDescriptionModuleView.swift */ = {isa = PBXFileReference; lastKnownFileType = sourcecode.swift; path = TutorialDescriptionModuleView.swift; sourceTree = "<group>"; };
		796178B742C1E46DC82C62DE /* Organization.swift */ = {isa = PBXFileReference; lastKnownFileType = sourcecode.swift; path = Organization.swift; sourceTree = "<group>"; };
		7EBDFCDD9987845BBADEE75E /* Snapfile */ = {isa = PBXFileReference; path = Snapfile; sourceTree = "<group>"; };
		7ED9264D1B49C706A2A873CB /* VisitItemRow.swift */ = {isa = PBXFileReference; lastKnownFileType = sourcecode.swift; path = VisitItemRow.swift; sourceTree = "<group>"; };
		7FA54D3B98734337F444C2AF /* AppStyleColor.swift */ = {isa = PBXFileReference; lastKnownFileType = sourcecode.swift; path = AppStyleColor.swift; sourceTree = "<group>"; };
		80E3060DE0300A1A729393F2 /* PhoneNumberParser.swift */ = {isa = PBXFileReference; lastKnownFileType = sourcecode.swift; path = PhoneNumberParser.swift; sourceTree = "<group>"; };
		81004586A4A651E499A723B8 /* BookingPresenter.swift */ = {isa = PBXFileReference; lastKnownFileType = sourcecode.swift; path = BookingPresenter.swift; sourceTree = "<group>"; };
		85A0CF603539FE0BA4EDAA15 /* PhoneNumberKit.swift */ = {isa = PBXFileReference; lastKnownFileType = sourcecode.swift; path = PhoneNumberKit.swift; sourceTree = "<group>"; };
		86038AE1032E284E79B32AD6 /* iosApp.app */ = {isa = PBXFileReference; includeInIndex = 0; lastKnownFileType = wrapper.application; path = iosApp.app; sourceTree = BUILT_PRODUCTS_DIR; };
		8C94B2458685D37A7DC7E408 /* NetworkOperation.swift */ = {isa = PBXFileReference; lastKnownFileType = sourcecode.swift; path = NetworkOperation.swift; sourceTree = "<group>"; };
		8D066D8F7A92E9575F06D7D8 /* String+Extensions.swift */ = {isa = PBXFileReference; lastKnownFileType = sourcecode.swift; path = "String+Extensions.swift"; sourceTree = "<group>"; };
		8DAD2947E86E8E799BA9EFBF /* RegexManager.swift */ = {isa = PBXFileReference; lastKnownFileType = sourcecode.swift; path = RegexManager.swift; sourceTree = "<group>"; };
		948E98B56B7339711E958B8F /* LocationView.swift */ = {isa = PBXFileReference; lastKnownFileType = sourcecode.swift; path = LocationView.swift; sourceTree = "<group>"; };
		97DC64AC373F7BEA5A5B6F74 /* MetadataManager.swift */ = {isa = PBXFileReference; lastKnownFileType = sourcecode.swift; path = MetadataManager.swift; sourceTree = "<group>"; };
		988B1869131602ED94614EB5 /* Formatter.swift */ = {isa = PBXFileReference; lastKnownFileType = sourcecode.swift; path = Formatter.swift; sourceTree = "<group>"; };
		9F6229C7C69654B803AD7365 /* Urbanist-Regular.ttf */ = {isa = PBXFileReference; lastKnownFileType = file; path = "Urbanist-Regular.ttf"; sourceTree = "<group>"; };
		9F85B8326ACB993A604B2544 /* AppButton.swift */ = {isa = PBXFileReference; lastKnownFileType = sourcecode.swift; path = AppButton.swift; sourceTree = "<group>"; };
		A0F4F7271B8E1BF525FE82A9 /* CreateProfileViewModel.swift */ = {isa = PBXFileReference; lastKnownFileType = sourcecode.swift; path = CreateProfileViewModel.swift; sourceTree = "<group>"; };
		A12ACBFD62BAC0920F3C8617 /* WelcomeViewModel.swift */ = {isa = PBXFileReference; lastKnownFileType = sourcecode.swift; path = WelcomeViewModel.swift; sourceTree = "<group>"; };
		A210821D4C6674B47D2BDEB7 /* ContactsView.swift */ = {isa = PBXFileReference; lastKnownFileType = sourcecode.swift; path = ContactsView.swift; sourceTree = "<group>"; };
		A25F27D1C260E5C5FE36C872 /* SelectHoursView.swift */ = {isa = PBXFileReference; lastKnownFileType = sourcecode.swift; path = SelectHoursView.swift; sourceTree = "<group>"; };
		A380E152310953CB9A4833B0 /* CreateProfileView.swift */ = {isa = PBXFileReference; lastKnownFileType = sourcecode.swift; path = CreateProfileView.swift; sourceTree = "<group>"; };
		A654A5962562C7E99909911B /* .env.default.sample */ = {isa = PBXFileReference; path = .env.default.sample; sourceTree = "<group>"; };
		A6AA1D3E956346B9D15EA2C2 /* PhoneNumber+Codable.swift */ = {isa = PBXFileReference; lastKnownFileType = sourcecode.swift; path = "PhoneNumber+Codable.swift"; sourceTree = "<group>"; };
		AB5CAC0DACD6CDF4F23CE806 /* AppPhoneNumber.swift */ = {isa = PBXFileReference; lastKnownFileType = sourcecode.swift; path = AppPhoneNumber.swift; sourceTree = "<group>"; };
		AC2E1F1E911A23590178ADE8 /* ProfilePresenter.swift */ = {isa = PBXFileReference; lastKnownFileType = sourcecode.swift; path = ProfilePresenter.swift; sourceTree = "<group>"; };
		AD0A1D67D8DC5F74F0DB1128 /* iPhoneNumberField.swift */ = {isa = PBXFileReference; lastKnownFileType = sourcecode.swift; path = iPhoneNumberField.swift; sourceTree = "<group>"; };
		ADB94AF927BB6FEBD14FC7B4 /* EnterCodeView.swift */ = {isa = PBXFileReference; lastKnownFileType = sourcecode.swift; path = EnterCodeView.swift; sourceTree = "<group>"; };
		AF58D57AC7C0F541975D407E /* Urbanist-Medium.ttf */ = {isa = PBXFileReference; lastKnownFileType = file; path = "Urbanist-Medium.ttf"; sourceTree = "<group>"; };
		B057366086E8A69B92BDF018 /* .swiftlint.yml */ = {isa = PBXFileReference; lastKnownFileType = text.yaml; path = .swiftlint.yml; sourceTree = "<group>"; };
		B47D81828BBEE454AF8CF1EA /* Text+Extensions.swift */ = {isa = PBXFileReference; lastKnownFileType = sourcecode.swift; path = "Text+Extensions.swift"; sourceTree = "<group>"; };
		B48DD1982EF65D47F03EA6ED /* NearByPresenter.swift */ = {isa = PBXFileReference; lastKnownFileType = sourcecode.swift; path = NearByPresenter.swift; sourceTree = "<group>"; };
		B5099BD4503D454E39ED09AD /* MetadataTypes.swift */ = {isa = PBXFileReference; lastKnownFileType = sourcecode.swift; path = MetadataTypes.swift; sourceTree = "<group>"; };
		B6E958C572702353C08D88F4 /* LoginView.swift */ = {isa = PBXFileReference; lastKnownFileType = sourcecode.swift; path = LoginView.swift; sourceTree = "<group>"; };
		B73941AD0788ACB1820788A7 /* View+Extensions.swift */ = {isa = PBXFileReference; lastKnownFileType = sourcecode.swift; path = "View+Extensions.swift"; sourceTree = "<group>"; };
		BAA698F1C4A7BDB24908F8B0 /* LoginViewModel.swift */ = {isa = PBXFileReference; lastKnownFileType = sourcecode.swift; path = LoginViewModel.swift; sourceTree = "<group>"; };
		BBD638D26F97AEC82DBF899E /* iPhoneNumberField+ViewModifiers.swift */ = {isa = PBXFileReference; lastKnownFileType = sourcecode.swift; path = "iPhoneNumberField+ViewModifiers.swift"; sourceTree = "<group>"; };
		C06CEAC8EE40CFA6416948CA /* NetworkOperationData.swift */ = {isa = PBXFileReference; lastKnownFileType = sourcecode.swift; path = NetworkOperationData.swift; sourceTree = "<group>"; };
		C1CDC92A918C1F7A678CB40B /* PartialFormatter.swift */ = {isa = PBXFileReference; lastKnownFileType = sourcecode.swift; path = PartialFormatter.swift; sourceTree = "<group>"; };
		C2D2D51146E2A9C157169FF8 /* AppStyleFont.swift */ = {isa = PBXFileReference; lastKnownFileType = sourcecode.swift; path = AppStyleFont.swift; sourceTree = "<group>"; };
		C596B4F7CDEF2B50B7F01C1E /* Colors.xcassets */ = {isa = PBXFileReference; lastKnownFileType = folder.assetcatalog; path = Colors.xcassets; sourceTree = "<group>"; };
		C6A246880298801E0EC91B85 /* Bundle+Resources.swift */ = {isa = PBXFileReference; lastKnownFileType = sourcecode.swift; path = "Bundle+Resources.swift"; sourceTree = "<group>"; };
		C9E3CA71A842E27E8578FA80 /* VerificationCodeView.swift */ = {isa = PBXFileReference; lastKnownFileType = sourcecode.swift; path = VerificationCodeView.swift; sourceTree = "<group>"; };
		CC03756706A11001A95EBD04 /* DashboardContainerView.swift */ = {isa = PBXFileReference; lastKnownFileType = sourcecode.swift; path = DashboardContainerView.swift; sourceTree = "<group>"; };
		CE8422501FBC72D872A753D2 /* report.xml */ = {isa = PBXFileReference; lastKnownFileType = text.xml; path = report.xml; sourceTree = "<group>"; };
		CFC610DFD9C6E87B31FEAD8A /* Fastfile */ = {isa = PBXFileReference; path = Fastfile; sourceTree = "<group>"; };
		D1DCEC680D9B52F4856D7812 /* Pods-iosApp.release.xcconfig */ = {isa = PBXFileReference; includeInIndex = 1; lastKnownFileType = text.xcconfig; name = "Pods-iosApp.release.xcconfig"; path = "Target Support Files/Pods-iosApp/Pods-iosApp.release.xcconfig"; sourceTree = "<group>"; };
		D1F9A63276CD68575EB9A010 /* NearByItemView.swift */ = {isa = PBXFileReference; lastKnownFileType = sourcecode.swift; path = NearByItemView.swift; sourceTree = "<group>"; };
		D6AF2D9B0A647F6FBD9AF21F /* BottomSheetView+Extensions.swift */ = {isa = PBXFileReference; lastKnownFileType = sourcecode.swift; path = "BottomSheetView+Extensions.swift"; sourceTree = "<group>"; };
		DD56B8F69B1182210A82C9A5 /* Assets.xcassets */ = {isa = PBXFileReference; lastKnownFileType = folder.assetcatalog; path = Assets.xcassets; sourceTree = "<group>"; };
		DD9F3277EC098D62FD4A7F89 /* MetadataParsing.swift */ = {isa = PBXFileReference; lastKnownFileType = sourcecode.swift; path = MetadataParsing.swift; sourceTree = "<group>"; };
		E227CBC2E749950E404DA687 /* Pods-iosApp.debug.xcconfig */ = {isa = PBXFileReference; includeInIndex = 1; lastKnownFileType = text.xcconfig; name = "Pods-iosApp.debug.xcconfig"; path = "Target Support Files/Pods-iosApp/Pods-iosApp.debug.xcconfig"; sourceTree = "<group>"; };
		E49912D825C6607A0C6C5F96 /* DashboardView.swift */ = {isa = PBXFileReference; lastKnownFileType = sourcecode.swift; path = DashboardView.swift; sourceTree = "<group>"; };
		F38A92F8067A79DD11DFAFD9 /* Constants.swift */ = {isa = PBXFileReference; lastKnownFileType = sourcecode.swift; path = Constants.swift; sourceTree = "<group>"; };
		F3AAD4E0C4C8389DC58C4111 /* LocalCacheManager.swift */ = {isa = PBXFileReference; lastKnownFileType = sourcecode.swift; path = LocalCacheManager.swift; sourceTree = "<group>"; };
		F437AE070D35383BC3F0B0BA /* Navigation+Extensions.swift */ = {isa = PBXFileReference; lastKnownFileType = sourcecode.swift; path = "Navigation+Extensions.swift"; sourceTree = "<group>"; };
		F4F4613F446F563BACCBB849 /* FacebookManager.swift */ = {isa = PBXFileReference; lastKnownFileType = sourcecode.swift; path = FacebookManager.swift; sourceTree = "<group>"; };
		F6D4473FD7FCE7BEDB3918C5 /* CalendarView.swift */ = {isa = PBXFileReference; lastKnownFileType = sourcecode.swift; path = CalendarView.swift; sourceTree = "<group>"; };
		FD6A42466C0F721A78041A18 /* UserDefaultsManager.swift */ = {isa = PBXFileReference; lastKnownFileType = sourcecode.swift; path = UserDefaultsManager.swift; sourceTree = "<group>"; };
		FE481E6C8FF2B43F3ABC8DB1 /* AppIcons.swift */ = {isa = PBXFileReference; lastKnownFileType = sourcecode.swift; path = AppIcons.swift; sourceTree = "<group>"; };
		FE85C5E86AAC5F0689BA799E /* NextVisitView.swift */ = {isa = PBXFileReference; lastKnownFileType = sourcecode.swift; path = NextVisitView.swift; sourceTree = "<group>"; };
		FF8F49E9BB65F41244139BD0 /* libPods-iosApp.a */ = {isa = PBXFileReference; explicitFileType = archive.ar; includeInIndex = 0; path = "libPods-iosApp.a"; sourceTree = BUILT_PRODUCTS_DIR; };
/* End PBXFileReference section */

/* Begin PBXFrameworksBuildPhase section */
		6229BC38C4B1510C5370EF14 /* Frameworks */ = {
			isa = PBXFrameworksBuildPhase;
			buildActionMask = 2147483647;
			files = (
				DF49B8277DC8541C3E90EE42 /* libPods-iosApp.a in Frameworks */,
			);
			runOnlyForDeploymentPostprocessing = 0;
		};
/* End PBXFrameworksBuildPhase section */

/* Begin PBXGroup section */
		006C14FDF7CCE3ECC1915A88 /* TutorialModules */ = {
			isa = PBXGroup;
			children = (
				78673469A1C7FD89FA93AE6F /* TutorialDescriptionModuleView.swift */,
				0BF1253015D84DB5900D0636 /* TutorialWelcomeModuleView.swift */,
			);
			path = TutorialModules;
			sourceTree = "<group>";
		};
		0EFC3F2A1C52C9B2749A922F /* ProfileView */ = {
			isa = PBXGroup;
			children = (
				AC2E1F1E911A23590178ADE8 /* ProfilePresenter.swift */,
				0D6E9E88B7837D8542BC38FD /* ProfileView.swift */,
			);
			path = ProfileView;
			sourceTree = "<group>";
		};
		0FBBBDE0DED5F0482B31CBA9 /* LocationModules */ = {
			isa = PBXGroup;
			children = (
				B48DD1982EF65D47F03EA6ED /* NearByPresenter.swift */,
				3509AF5BE300C8F9685E7EA4 /* NearByView.swift */,
			);
			path = LocationModules;
			sourceTree = "<group>";
		};
		1625F7B8FCDDEFB557EC4EB8 /* Source */ = {
			isa = PBXGroup;
			children = (
				B1B76C063825EE5F29A297AD /* Architecture */,
				67CFDD4D081ACDB19A793C7D /* Entities */,
				408FAEEFE652EC7234ABD25F /* Managers */,
				4B0C0589B154FD9886F6F1BF /* SupportFiles */,
			);
			path = Source;
			sourceTree = "<group>";
		};
		19C81CD9F6E6141E4C2B0AE9 /* LoginView */ = {
			isa = PBXGroup;
			children = (
				B6E958C572702353C08D88F4 /* LoginView.swift */,
				BAA698F1C4A7BDB24908F8B0 /* LoginViewModel.swift */,
			);
			path = LoginView;
			sourceTree = "<group>";
		};
		19D05A5EDF44CBF71431D4B2 /* Rows */ = {
			isa = PBXGroup;
			children = (
				0935928BE7FDC65224FB24DB /* ProfileItemRow.swift */,
				7ED9264D1B49C706A2A873CB /* VisitItemRow.swift */,
			);
			path = Rows;
			sourceTree = "<group>";
		};
		2DECC535258CAAE9960572EF /* Resources */ = {
			isa = PBXGroup;
			children = (
				5EED8E6BD7FEFEC84586D0C7 /* PhoneNumberMetadata.json */,
			);
			path = Resources;
			sourceTree = "<group>";
		};
		322B76D03808A8F1B5786378 /* Sections */ = {
			isa = PBXGroup;
			children = (
				F6D4473FD7FCE7BEDB3918C5 /* CalendarView.swift */,
				A210821D4C6674B47D2BDEB7 /* ContactsView.swift */,
				948E98B56B7339711E958B8F /* LocationView.swift */,
				1A392DE364D75A4662397DB6 /* ReviewView.swift */,
				A25F27D1C260E5C5FE36C872 /* SelectHoursView.swift */,
				193C8A583F6B41B1E77DAD99 /* WorkingHoursView.swift */,
			);
			path = Sections;
			sourceTree = "<group>";
		};
		3666012298E772D226418813 /* Frameworks */ = {
			isa = PBXGroup;
			children = (
				A8549BCB7E233C313803E8E8 /* iPhoneNumberField */,
				55DA6FFDB4D542609C0C22EF /* PhoneNumberKit */,
				FF8F49E9BB65F41244139BD0 /* libPods-iosApp.a */,
			);
			path = Frameworks;
			sourceTree = "<group>";
		};
		38B69C3F79CD97858CF7B609 = {
			isa = PBXGroup;
			children = (
				7DDA395095471BCDBECE255A /* Documentation */,
				D80FC7EF3AD536EFC2F4B251 /* Environments */,
				42544372FC5DBB455DA9668D /* fastlane */,
				3666012298E772D226418813 /* Frameworks */,
				1625F7B8FCDDEFB557EC4EB8 /* Source */,
				25006C33F90F92C794C7A588 /* .project.yml */,
				B057366086E8A69B92BDF018 /* .swiftlint.yml */,
				94C98B8B3A2BFC1966447269 /* Products */,
				51913173BF594BC6AAB9A36D /* Pods */,
			);
			indentWidth = 4;
			sourceTree = "<group>";
			tabWidth = 4;
			usesTabs = 0;
		};
		3A72E1697CED545CA784580B /* AssetsFont */ = {
			isa = PBXGroup;
			children = (
				5A353E7708F1E1A9949464D7 /* Urbanist */,
				C2D2D51146E2A9C157169FF8 /* AppStyleFont.swift */,
			);
			path = AssetsFont;
			sourceTree = "<group>";
		};
		408FAEEFE652EC7234ABD25F /* Managers */ = {
			isa = PBXGroup;
			children = (
				66468B8D76C763D735E8AA5C /* NetworkManager */,
				F4F4613F446F563BACCBB849 /* FacebookManager.swift */,
				3AB18B66E68778718D380978 /* GoogleManager.swift */,
				F3AAD4E0C4C8389DC58C4111 /* LocalCacheManager.swift */,
				43B3B010B41B371112D7B301 /* LocationManager.swift */,
				0EDA61D54DE9306549CDAE18 /* Logger.swift */,
				427006FA3EED7642CE468329 /* ModelViewBuilder.swift */,
				3DB3FE1DD4737BCDDC68AAEB /* SessionManager.swift */,
				FD6A42466C0F721A78041A18 /* UserDefaultsManager.swift */,
			);
			path = Managers;
			sourceTree = "<group>";
		};
		42544372FC5DBB455DA9668D /* fastlane */ = {
			isa = PBXGroup;
			children = (
				A654A5962562C7E99909911B /* .env.default.sample */,
				5DBA1ABFDC44661587283980 /* Appfile */,
				CFC610DFD9C6E87B31FEAD8A /* Fastfile */,
				1F6497D629BE6E4D3A88295E /* Gymfile */,
				33DF0F79E65EDE0472227A39 /* Matchfile */,
				60A6CBAFA6EE183DC0F1CCB4 /* Pluginfile */,
				5130D897DF6E999A831BD500 /* README.md */,
				CE8422501FBC72D872A753D2 /* report.xml */,
				7EBDFCDD9987845BBADEE75E /* Snapfile */,
			);
			path = fastlane;
			sourceTree = "<group>";
		};
		4B0C0589B154FD9886F6F1BF /* SupportFiles */ = {
			isa = PBXGroup;
			children = (
				6BC835BEBB14B750C4D88F00 /* AssetsColor */,
				3A72E1697CED545CA784580B /* AssetsFont */,
				72C15E03E677B905C796972C /* AssetsImage */,
				B14BE57790AD1B8E6E517679 /* Extensions */,
				69D32A92D6E734CDAA08B6C7 /* SwiftUI */,
				23D4885EC923EC14FAA8AF7B /* Vibrate.swift */,
			);
			path = SupportFiles;
			sourceTree = "<group>";
		};
		51913173BF594BC6AAB9A36D /* Pods */ = {
			isa = PBXGroup;
			children = (
				E227CBC2E749950E404DA687 /* Pods-iosApp.debug.xcconfig */,
				D1DCEC680D9B52F4856D7812 /* Pods-iosApp.release.xcconfig */,
			);
			name = Pods;
			path = Pods;
			sourceTree = "<group>";
		};
		55B08D25C04FF7AF92966FD9 /* Inputs */ = {
			isa = PBXGroup;
			children = (
				34AD2810AD21AECB2139D761 /* AppInputField.swift */,
				AB5CAC0DACD6CDF4F23CE806 /* AppPhoneNumber.swift */,
				643AA7CD82BDD5D15E3D1479 /* BirthDayInputView.swift */,
			);
			path = Inputs;
			sourceTree = "<group>";
		};
		55DA6FFDB4D542609C0C22EF /* PhoneNumberKit */ = {
			isa = PBXGroup;
			children = (
				2DECC535258CAAE9960572EF /* Resources */,
				5865C30AB5E3EABE3CF28007 /* UI */,
				C6A246880298801E0EC91B85 /* Bundle+Resources.swift */,
				F38A92F8067A79DD11DFAFD9 /* Constants.swift */,
				988B1869131602ED94614EB5 /* Formatter.swift */,
				97DC64AC373F7BEA5A5B6F74 /* MetadataManager.swift */,
				DD9F3277EC098D62FD4A7F89 /* MetadataParsing.swift */,
				B5099BD4503D454E39ED09AD /* MetadataTypes.swift */,
				4E9640E0265090EFED741BDD /* NSRegularExpression+Swift.swift */,
				21567DEB8C589A6C6D059CF7 /* ParseManager.swift */,
				C1CDC92A918C1F7A678CB40B /* PartialFormatter.swift */,
				3B2814845DFD8311FB66BCD0 /* PhoneNumber.swift */,
				A6AA1D3E956346B9D15EA2C2 /* PhoneNumber+Codable.swift */,
				739654BE37DB6E1E6AF3601C /* PhoneNumberFormatter.swift */,
				85A0CF603539FE0BA4EDAA15 /* PhoneNumberKit.swift */,
				80E3060DE0300A1A729393F2 /* PhoneNumberParser.swift */,
				8DAD2947E86E8E799BA9EFBF /* RegexManager.swift */,
			);
			path = PhoneNumberKit;
			sourceTree = "<group>";
		};
		56F4F0D84C5DB0918E9ADAC9 /* ProfileModules */ = {
			isa = PBXGroup;
			children = (
				0EFC3F2A1C52C9B2749A922F /* ProfileView */,
			);
			path = ProfileModules;
			sourceTree = "<group>";
		};
		5865C30AB5E3EABE3CF28007 /* UI */ = {
			isa = PBXGroup;
			children = (
				6CD7943DDF774FEBBBCE3315 /* CountryCodePickerViewController.swift */,
				5658F15AB3C0E6B1AAA8E9C6 /* PhoneNumberTextField.swift */,
			);
			path = UI;
			sourceTree = "<group>";
		};
		596CE5CE843E3B809946436F /* Foundation */ = {
			isa = PBXGroup;
			children = (
				65DD45A8FC2B67ECA8717641 /* Date+Extensions.swift */,
				8D066D8F7A92E9575F06D7D8 /* String+Extensions.swift */,
			);
			path = Foundation;
			sourceTree = "<group>";
		};
		5A353E7708F1E1A9949464D7 /* Urbanist */ = {
			isa = PBXGroup;
			children = (
				00190B7344A9C2DE87752522 /* Urbanist-Bold.ttf */,
				AF58D57AC7C0F541975D407E /* Urbanist-Medium.ttf */,
				9F6229C7C69654B803AD7365 /* Urbanist-Regular.ttf */,
				53FB88955FB6417E4737198E /* Urbanist-Semibold.ttf */,
			);
			path = Urbanist;
			sourceTree = "<group>";
		};
		66468B8D76C763D735E8AA5C /* NetworkManager */ = {
			isa = PBXGroup;
			children = (
				40DA77DD305864B7845F7CD4 /* NetworkManager.swift */,
				8C94B2458685D37A7DC7E408 /* NetworkOperation.swift */,
				C06CEAC8EE40CFA6416948CA /* NetworkOperationData.swift */,
			);
			path = NetworkManager;
			sourceTree = "<group>";
		};
		67CFDD4D081ACDB19A793C7D /* Entities */ = {
			isa = PBXGroup;
			children = (
				22324CF770B80D6D50AFED0E /* Location.swift */,
				796178B742C1E46DC82C62DE /* Organization.swift */,
				0214B704EFE00738C7C4A154 /* Profile.swift */,
			);
			path = Entities;
			sourceTree = "<group>";
		};
		69D0AA64D6AD0DA0AEE56292 /* AuthModules */ = {
			isa = PBXGroup;
			children = (
				A3CFFF4857C61CF5D89FEDA9 /* CreateProfileView */,
				94643521087EC51E9AAE140F /* EnterCodeView */,
				19C81CD9F6E6141E4C2B0AE9 /* LoginView */,
			);
			path = AuthModules;
			sourceTree = "<group>";
		};
		69D32A92D6E734CDAA08B6C7 /* SwiftUI */ = {
			isa = PBXGroup;
			children = (
				7C021E8E128AF18BB414AE4B /* Basic */,
				55B08D25C04FF7AF92966FD9 /* Inputs */,
				19D05A5EDF44CBF71431D4B2 /* Rows */,
				322B76D03808A8F1B5786378 /* Sections */,
				C9B81035D832E94137B828A4 /* Views */,
				9F85B8326ACB993A604B2544 /* AppButton.swift */,
			);
			path = SwiftUI;
			sourceTree = "<group>";
		};
		6BC835BEBB14B750C4D88F00 /* AssetsColor */ = {
			isa = PBXGroup;
			children = (
				7FA54D3B98734337F444C2AF /* AppStyleColor.swift */,
				C596B4F7CDEF2B50B7F01C1E /* Colors.xcassets */,
			);
			path = AssetsColor;
			sourceTree = "<group>";
		};
		72C15E03E677B905C796972C /* AssetsImage */ = {
			isa = PBXGroup;
			children = (
				FE481E6C8FF2B43F3ABC8DB1 /* AppIcons.swift */,
				DD56B8F69B1182210A82C9A5 /* Assets.xcassets */,
			);
			path = AssetsImage;
			sourceTree = "<group>";
		};
		75240D1703ECEB5B3407609F /* WelcomeModules */ = {
			isa = PBXGroup;
			children = (
				E4287121A8F6A9A5A4AC1856 /* SplashModule */,
				006C14FDF7CCE3ECC1915A88 /* TutorialModules */,
				99B8BAD03FFD61E08F995449 /* WelcomeView */,
			);
			path = WelcomeModules;
			sourceTree = "<group>";
		};
		7C021E8E128AF18BB414AE4B /* Basic */ = {
			isa = PBXGroup;
			children = (
				0C33DDCAA1ADB1487FA30B90 /* BaseView.swift */,
				1FF9E18BCA01C85F1623A93D /* RoundedShape.swift */,
			);
			path = Basic;
			sourceTree = "<group>";
		};
		7DC059CED15356F297AC2BEC /* ServiceModules */ = {
			isa = PBXGroup;
			children = (
				757141A7EE40F1154A4415E7 /* ServiceDetailPresenter.swift */,
				6CFA3E1870E1BA17F0BC6797 /* ServiceDetailView.swift */,
			);
			path = ServiceModules;
			sourceTree = "<group>";
		};
		7DDA395095471BCDBECE255A /* Documentation */ = {
			isa = PBXGroup;
			children = (
				0C24E77C37ABA452E81437F1 /* TUTORIAL.md */,
			);
			path = Documentation;
			sourceTree = "<group>";
		};
		8C8A35762C4EC7DB889BA7A2 /* DashboardView */ = {
			isa = PBXGroup;
			children = (
				780B4137019559569E4A24A5 /* DashboardPresenter.swift */,
				E49912D825C6607A0C6C5F96 /* DashboardView.swift */,
			);
			path = DashboardView;
			sourceTree = "<group>";
		};
		8F2D4BBECBAF03A221AB2F1E /* SwiftUI */ = {
			isa = PBXGroup;
			children = (
				D6AF2D9B0A647F6FBD9AF21F /* BottomSheetView+Extensions.swift */,
				F437AE070D35383BC3F0B0BA /* Navigation+Extensions.swift */,
				B47D81828BBEE454AF8CF1EA /* Text+Extensions.swift */,
				B73941AD0788ACB1820788A7 /* View+Extensions.swift */,
			);
			path = SwiftUI;
			sourceTree = "<group>";
		};
		94643521087EC51E9AAE140F /* EnterCodeView */ = {
			isa = PBXGroup;
			children = (
				ADB94AF927BB6FEBD14FC7B4 /* EnterCodeView.swift */,
				44B2D35719CF8632BF68CC51 /* EnterCodeViewModel.swift */,
			);
			path = EnterCodeView;
			sourceTree = "<group>";
		};
		94C98B8B3A2BFC1966447269 /* Products */ = {
			isa = PBXGroup;
			children = (
				86038AE1032E284E79B32AD6 /* iosApp.app */,
			);
			name = Products;
			sourceTree = "<group>";
		};
		99B8BAD03FFD61E08F995449 /* WelcomeView */ = {
			isa = PBXGroup;
			children = (
				53DE0BBC1968CFF3AD53FE9C /* WelcomeView.swift */,
				A12ACBFD62BAC0920F3C8617 /* WelcomeViewModel.swift */,
			);
			path = WelcomeView;
			sourceTree = "<group>";
		};
		A3CFFF4857C61CF5D89FEDA9 /* CreateProfileView */ = {
			isa = PBXGroup;
			children = (
				A380E152310953CB9A4833B0 /* CreateProfileView.swift */,
				A0F4F7271B8E1BF525FE82A9 /* CreateProfileViewModel.swift */,
			);
			path = CreateProfileView;
			sourceTree = "<group>";
		};
		A8549BCB7E233C313803E8E8 /* iPhoneNumberField */ = {
			isa = PBXGroup;
			children = (
				AD0A1D67D8DC5F74F0DB1128 /* iPhoneNumberField.swift */,
				BBD638D26F97AEC82DBF899E /* iPhoneNumberField+ViewModifiers.swift */,
				5C8BC56F22BF473693CCB72B /* UIFont+Init.swift */,
			);
			path = iPhoneNumberField;
			sourceTree = "<group>";
		};
		B14BE57790AD1B8E6E517679 /* Extensions */ = {
			isa = PBXGroup;
			children = (
				596CE5CE843E3B809946436F /* Foundation */,
				8F2D4BBECBAF03A221AB2F1E /* SwiftUI */,
			);
			path = Extensions;
			sourceTree = "<group>";
		};
		B1B76C063825EE5F29A297AD /* Architecture */ = {
			isa = PBXGroup;
			children = (
				69D0AA64D6AD0DA0AEE56292 /* AuthModules */,
				DBBCBBF23E14D28E4F451CB4 /* BookingModule */,
				C6A1EEC4A1D27C85F1EA8509 /* DashboardModules */,
				0FBBBDE0DED5F0482B31CBA9 /* LocationModules */,
				56F4F0D84C5DB0918E9ADAC9 /* ProfileModules */,
				7DC059CED15356F297AC2BEC /* ServiceModules */,
				75240D1703ECEB5B3407609F /* WelcomeModules */,
				56410C35ED3A97331CE70DA8 /* BookMeNowApp.swift */,
			);
			path = Architecture;
			sourceTree = "<group>";
		};
		C6A1EEC4A1D27C85F1EA8509 /* DashboardModules */ = {
			isa = PBXGroup;
			children = (
				8C8A35762C4EC7DB889BA7A2 /* DashboardView */,
				CC03756706A11001A95EBD04 /* DashboardContainerView.swift */,
			);
			path = DashboardModules;
			sourceTree = "<group>";
		};
		C9B81035D832E94137B828A4 /* Views */ = {
			isa = PBXGroup;
			children = (
				275E228DA7708CEB25B57CAF /* LogoutView.swift */,
				D1F9A63276CD68575EB9A010 /* NearByItemView.swift */,
				FE85C5E86AAC5F0689BA799E /* NextVisitView.swift */,
				75FBF4B766165D0A40F6E635 /* ProfilePreviewView.swift */,
				C9E3CA71A842E27E8578FA80 /* VerificationCodeView.swift */,
			);
			path = Views;
			sourceTree = "<group>";
		};
		D7AC852A797F3AFB5C06528D /* Develop */ = {
			isa = PBXGroup;
			children = (
				1C7FF9F76F91A9BB5BB449C7 /* Info.plist */,
			);
			path = Develop;
			sourceTree = "<group>";
		};
		D80FC7EF3AD536EFC2F4B251 /* Environments */ = {
			isa = PBXGroup;
			children = (
				D7AC852A797F3AFB5C06528D /* Develop */,
				FBB8BDE67EDA9567B554435B /* Release */,
			);
			path = Environments;
			sourceTree = "<group>";
		};
		DBBCBBF23E14D28E4F451CB4 /* BookingModule */ = {
			isa = PBXGroup;
			children = (
				81004586A4A651E499A723B8 /* BookingPresenter.swift */,
				144EFC49D9843F500FCE6F9E /* BookingView.swift */,
			);
			path = BookingModule;
			sourceTree = "<group>";
		};
		E4287121A8F6A9A5A4AC1856 /* SplashModule */ = {
			isa = PBXGroup;
			children = (
				4E7202CB6481205BD3FCB0D5 /* SplashView.swift */,
				1A6A23D9C64FAB0DDE89C01D /* SplashViewModel.swift */,
			);
			path = SplashModule;
			sourceTree = "<group>";
		};
		FBB8BDE67EDA9567B554435B /* Release */ = {
			isa = PBXGroup;
			children = (
				58E2C13111033B99B50B5844 /* CHANGELOG.md */,
			);
			path = Release;
			sourceTree = "<group>";
		};
/* End PBXGroup section */

/* Begin PBXNativeTarget section */
		78B53CC79860CBFC2F5543C6 /* iosApp */ = {
			isa = PBXNativeTarget;
			buildConfigurationList = 29DCA9F0B3A40325067EB163 /* Build configuration list for PBXNativeTarget "iosApp" */;
			buildPhases = (
				C433F2F6EC789DA8CE537DF5 /* [CP] Check Pods Manifest.lock */,
				297B59D9CE634556D6007C40 /* Sources */,
				1623B02D10928C8101C1F806 /* Resources */,
				05EC27C907735640BF95E71D /* [Script] SwiftLint */,
				6229BC38C4B1510C5370EF14 /* Frameworks */,
				F550908DD4BBAE164120A716 /* [CP] Embed Pods Frameworks */,
				720DB4EFE7059B0623B42596 /* [CP] Copy Pods Resources */,
			);
			buildRules = (
			);
			dependencies = (
			);
			name = iosApp;
			productName = iosApp;
			productReference = 86038AE1032E284E79B32AD6 /* iosApp.app */;
			productType = "com.apple.product-type.application";
		};
/* End PBXNativeTarget section */

/* Begin PBXProject section */
		242FB5348943441C388468CE /* Project object */ = {
			isa = PBXProject;
			attributes = {
				BuildIndependentTargetsInParallel = YES;
				LastUpgradeCheck = 1430;
				TargetAttributes = {
					78B53CC79860CBFC2F5543C6 = {
						DevelopmentTeam = 45N7H6HE3J;
						ProvisioningStyle = Automatic;
					};
				};
			};
			buildConfigurationList = FF7CA1CA754D017066F1822F /* Build configuration list for PBXProject "iosApp" */;
			compatibilityVersion = "Xcode 14.0";
			developmentRegion = en;
			hasScannedForEncodings = 0;
			knownRegions = (
				Base,
				en,
			);
			mainGroup = 38B69C3F79CD97858CF7B609;
			productRefGroup = 94C98B8B3A2BFC1966447269 /* Products */;
			projectDirPath = "";
			projectRoot = "";
			targets = (
				78B53CC79860CBFC2F5543C6 /* iosApp */,
			);
		};
/* End PBXProject section */

/* Begin PBXResourcesBuildPhase section */
		1623B02D10928C8101C1F806 /* Resources */ = {
			isa = PBXResourcesBuildPhase;
			buildActionMask = 2147483647;
			files = (
				923D1EE713F94E2990D09F32 /* .env.default.sample in Resources */,
				B036FC806EADFBBB344F7BCD /* .project.yml in Resources */,
				DCBDD69350D66A14CD3B3A32 /* .swiftlint.yml in Resources */,
				FCAD36C01782689F0E8FBB2D /* Assets.xcassets in Resources */,
				74DCFDEBED1465D1992C01EF /* CHANGELOG.md in Resources */,
				28E08C69A780575DF979BD79 /* Colors.xcassets in Resources */,
				6C6FA30D5756D4F23A4F073A /* PhoneNumberMetadata.json in Resources */,
				0A419CD9DA0DC8AF88BC1EBE /* README.md in Resources */,
				DAC386ECC7B7166DF5AC52E9 /* TUTORIAL.md in Resources */,
				A045EC07C9D4CB6E1036BC8A /* Urbanist-Bold.ttf in Resources */,
				8F7A17D6340DEE5CDA8F9936 /* Urbanist-Medium.ttf in Resources */,
				747F530670CA4230C010F094 /* Urbanist-Regular.ttf in Resources */,
				E063EAADB7CF35E5BCEB7013 /* Urbanist-Semibold.ttf in Resources */,
				1D75AA2B9E3B9188FE79562C /* report.xml in Resources */,
			);
			runOnlyForDeploymentPostprocessing = 0;
		};
/* End PBXResourcesBuildPhase section */

/* Begin PBXShellScriptBuildPhase section */
		05EC27C907735640BF95E71D /* [Script] SwiftLint */ = {
			isa = PBXShellScriptBuildPhase;
			buildActionMask = 2147483647;
			files = (
			);
			inputFileListPaths = (
			);
			inputPaths = (
			);
			name = "[Script] SwiftLint";
			outputFileListPaths = (
			);
			outputPaths = (
			);
			runOnlyForDeploymentPostprocessing = 0;
			shellPath = /bin/sh;
			shellScript = "if [[ \"$(uname -m)\" == arm64 ]]; then\n    export PATH=\"/opt/homebrew/bin:$PATH\"\nfi\n\nif which swiftlint > /dev/null; then\n    swiftlint\nelse\n    echo \"warning: SwiftLint not installed, download from https://github.com/realm/SwiftLint\"\nfi\n";
		};
		720DB4EFE7059B0623B42596 /* [CP] Copy Pods Resources */ = {
			isa = PBXShellScriptBuildPhase;
			buildActionMask = 2147483647;
			files = (
			);
			inputFileListPaths = (
				"${PODS_ROOT}/Target Support Files/Pods-iosApp/Pods-iosApp-resources-${CONFIGURATION}-input-files.xcfilelist",
			);
			name = "[CP] Copy Pods Resources";
			outputFileListPaths = (
				"${PODS_ROOT}/Target Support Files/Pods-iosApp/Pods-iosApp-resources-${CONFIGURATION}-output-files.xcfilelist",
			);
			runOnlyForDeploymentPostprocessing = 0;
			shellPath = /bin/sh;
			shellScript = "\"${PODS_ROOT}/Target Support Files/Pods-iosApp/Pods-iosApp-resources.sh\"\n";
			showEnvVarsInLog = 0;
		};
		C433F2F6EC789DA8CE537DF5 /* [CP] Check Pods Manifest.lock */ = {
			isa = PBXShellScriptBuildPhase;
			buildActionMask = 2147483647;
			files = (
			);
			inputFileListPaths = (
			);
			inputPaths = (
				"${PODS_PODFILE_DIR_PATH}/Podfile.lock",
				"${PODS_ROOT}/Manifest.lock",
			);
			name = "[CP] Check Pods Manifest.lock";
			outputFileListPaths = (
			);
			outputPaths = (
				"$(DERIVED_FILE_DIR)/Pods-iosApp-checkManifestLockResult.txt",
			);
			runOnlyForDeploymentPostprocessing = 0;
			shellPath = /bin/sh;
			shellScript = "diff \"${PODS_PODFILE_DIR_PATH}/Podfile.lock\" \"${PODS_ROOT}/Manifest.lock\" > /dev/null\nif [ $? != 0 ] ; then\n    # print error to STDERR\n    echo \"error: The sandbox is not in sync with the Podfile.lock. Run 'pod install' or update your CocoaPods installation.\" >&2\n    exit 1\nfi\n# This output is used by Xcode 'outputs' to avoid re-running this script phase.\necho \"SUCCESS\" > \"${SCRIPT_OUTPUT_FILE_0}\"\n";
			showEnvVarsInLog = 0;
		};
		F550908DD4BBAE164120A716 /* [CP] Embed Pods Frameworks */ = {
			isa = PBXShellScriptBuildPhase;
			buildActionMask = 2147483647;
			files = (
			);
			inputFileListPaths = (
				"${PODS_ROOT}/Target Support Files/Pods-iosApp/Pods-iosApp-frameworks-${CONFIGURATION}-input-files.xcfilelist",
			);
			name = "[CP] Embed Pods Frameworks";
			outputFileListPaths = (
				"${PODS_ROOT}/Target Support Files/Pods-iosApp/Pods-iosApp-frameworks-${CONFIGURATION}-output-files.xcfilelist",
			);
			runOnlyForDeploymentPostprocessing = 0;
			shellPath = /bin/sh;
			shellScript = "\"${PODS_ROOT}/Target Support Files/Pods-iosApp/Pods-iosApp-frameworks.sh\"\n";
			showEnvVarsInLog = 0;
		};
/* End PBXShellScriptBuildPhase section */

/* Begin PBXSourcesBuildPhase section */
		297B59D9CE634556D6007C40 /* Sources */ = {
			isa = PBXSourcesBuildPhase;
			buildActionMask = 2147483647;
			files = (
				768CB10010EB99EC69CB1179 /* AppButton.swift in Sources */,
				011D78DA793599FD75816981 /* AppIcons.swift in Sources */,
				D2D63D55112BB5F74A915A73 /* AppInputField.swift in Sources */,
				820C3BAA4262E89EBE816A29 /* AppPhoneNumber.swift in Sources */,
				FF045D77C5C4DB61C285DF9C /* AppStyleColor.swift in Sources */,
				46AA61A3E3284E05C0C6CDCE /* AppStyleFont.swift in Sources */,
				7F0B360196FD559BBBEDFA50 /* BaseView.swift in Sources */,
				4046B35C70CE1FE735AB97A2 /* BirthDayInputView.swift in Sources */,
				C2351D5BD264BB3D0B0E59C3 /* BookMeNowApp.swift in Sources */,
				3105A1ADE0C3EBFBA212AB1E /* BookingPresenter.swift in Sources */,
				5F4C05FC64226F13FC4E7CF5 /* BookingView.swift in Sources */,
				0C6CC1DDC4B7E88E9834917D /* BottomSheetView+Extensions.swift in Sources */,
				EB86A0FEE81728A27A447630 /* Bundle+Resources.swift in Sources */,
				4AA9136EE1EB6926BA376133 /* CalendarView.swift in Sources */,
				C819C2E8AE12B9AAE039A189 /* Constants.swift in Sources */,
				81BBC581F910664005F85628 /* ContactsView.swift in Sources */,
				CE26D4B03668CDBC2A5B8706 /* CountryCodePickerViewController.swift in Sources */,
				3126DF0AA271C33E03132BF9 /* CreateProfileView.swift in Sources */,
				04720FBFE0EDFC5652AF48AD /* CreateProfileViewModel.swift in Sources */,
				A65173DD245146CD545455EA /* DashboardContainerView.swift in Sources */,
				7794AEDA92D9BA58CCE060C0 /* DashboardPresenter.swift in Sources */,
				D8C3AE3E290C2D3AE24C7B04 /* DashboardView.swift in Sources */,
				E88D8E1AF465357E5472347F /* Date+Extensions.swift in Sources */,
				13AE985B04391BCF26C3246B /* EnterCodeView.swift in Sources */,
				BFC56B5CB5E77028F3D2CCDC /* EnterCodeViewModel.swift in Sources */,
				0A34637A85CB7924B45F7AE7 /* FacebookManager.swift in Sources */,
				16FE331E2BA84E7C139F6011 /* Formatter.swift in Sources */,
				5C6A8FA8903AD2BD819C279C /* GoogleManager.swift in Sources */,
				EFC7E6D0B25A2E576149BEF8 /* LocalCacheManager.swift in Sources */,
				09E1932FE7BBFBDF936409F2 /* Location.swift in Sources */,
				F324BDC3540634E917F15EA9 /* LocationManager.swift in Sources */,
				2578FF6BDB63262A2497063B /* LocationView.swift in Sources */,
				BA3BED370745E646D56D69BC /* Logger.swift in Sources */,
				850B1561DF3C8119EEEC13DA /* LoginView.swift in Sources */,
				CE3D621E1C1F320573D8CEEB /* LoginViewModel.swift in Sources */,
				28D5D82B0F403FBF9EC71705 /* LogoutView.swift in Sources */,
				2106C505A81E297149A8FC78 /* MetadataManager.swift in Sources */,
				EDE5F03896000AF4323A1370 /* MetadataParsing.swift in Sources */,
				08E5AACCFF39995D7AE7BF5C /* MetadataTypes.swift in Sources */,
				8FBC1A2F8E770F671BAB10CA /* ModelViewBuilder.swift in Sources */,
				6D8F506D26633805600FADD7 /* NSRegularExpression+Swift.swift in Sources */,
				751FABA69476829DA87F5555 /* Navigation+Extensions.swift in Sources */,
				A1EF4DBFD9E55EA0DF08F006 /* NearByItemView.swift in Sources */,
				F4368641806CE4D5B2A2B590 /* NearByPresenter.swift in Sources */,
				1DB5A9F6184121589863F193 /* NearByView.swift in Sources */,
				FD702A62C13896140AFBDB87 /* NetworkManager.swift in Sources */,
				827CC50B9529018D234BB28E /* NetworkOperation.swift in Sources */,
				0683371773342702DC1FA81B /* NetworkOperationData.swift in Sources */,
				3980DC76D69DBD25DDEB9AC2 /* NextVisitView.swift in Sources */,
				5FBBFAF36D72215D507C89AC /* Organization.swift in Sources */,
				3A87FF85AC451E41D60B8E24 /* ParseManager.swift in Sources */,
				39A67E00F855D7E2F5B55AAA /* PartialFormatter.swift in Sources */,
				06F88EADD88315A5C1100667 /* PhoneNumber+Codable.swift in Sources */,
				A943CDD933502248088578FC /* PhoneNumber.swift in Sources */,
				4E0597383F724BF8BF2CE408 /* PhoneNumberFormatter.swift in Sources */,
				98522184D648A5C4CD38371A /* PhoneNumberKit.swift in Sources */,
				BFB3268BCD1399CD2E542CEB /* PhoneNumberParser.swift in Sources */,
				6A2C4BC9D3E57D1F57E4F51A /* PhoneNumberTextField.swift in Sources */,
				80EAC14FD1DA0EE97FD59809 /* Profile.swift in Sources */,
				BEC1785FB3637DE2B27CE632 /* ProfileItemRow.swift in Sources */,
				F22EAC32E183638CE9F630ED /* ProfilePresenter.swift in Sources */,
				94EA194C81EB583A65454CD1 /* ProfilePreviewView.swift in Sources */,
				D41822CB098CB3F101144CA6 /* ProfileView.swift in Sources */,
				C36D27BED4587FF8FD14AFB9 /* RegexManager.swift in Sources */,
				B4EC4D97D07BA41F5C95E7AC /* ReviewView.swift in Sources */,
				87C9297D462EE8F1BF1EC074 /* RoundedShape.swift in Sources */,
				A4F7AD38B7448238CCD5454E /* SelectHoursView.swift in Sources */,
				6920C024767B43D3760B213C /* ServiceDetailPresenter.swift in Sources */,
				169B6C00A450FB45AFD9A86D /* ServiceDetailView.swift in Sources */,
				E907F7A5E1E20AE59657D456 /* SessionManager.swift in Sources */,
				9ACE08468EDFE99106D49584 /* SplashView.swift in Sources */,
				8813BDB4976CD1F40C5BBDEB /* SplashViewModel.swift in Sources */,
				6B402EF8F8312F88A4EA8989 /* String+Extensions.swift in Sources */,
				36939F1B0F861FC71BB93902 /* Text+Extensions.swift in Sources */,
				7CEB595E25DD19A3317977C9 /* TutorialDescriptionModuleView.swift in Sources */,
				BAD12852F511D2237A260047 /* TutorialWelcomeModuleView.swift in Sources */,
				18353DE81FCE534C949C86D9 /* UIFont+Init.swift in Sources */,
				790B1AD66935CCDDF1C665A1 /* UserDefaultsManager.swift in Sources */,
				35A44C8BC2A6237A1E1A1EDE /* VerificationCodeView.swift in Sources */,
				F0F155A2DD6D69CB1DC13D49 /* Vibrate.swift in Sources */,
				347328B58741942BD34E8416 /* View+Extensions.swift in Sources */,
				69FCAFC96E9BE6665E08087E /* VisitItemRow.swift in Sources */,
				AA544B4CE5A3E0C7D7F28335 /* WelcomeView.swift in Sources */,
				C10AE4B2F09DE4F8005E1F98 /* WelcomeViewModel.swift in Sources */,
				5A276A55C27008ABC873568C /* WorkingHoursView.swift in Sources */,
				16B8696A0A9AE0133876ED7D /* iPhoneNumberField+ViewModifiers.swift in Sources */,
				BF6D5ADC79CED6B8F8290874 /* iPhoneNumberField.swift in Sources */,
			);
			runOnlyForDeploymentPostprocessing = 0;
		};
/* End PBXSourcesBuildPhase section */

/* Begin XCBuildConfiguration section */
		11814011E7D6EC822BFBC66D /* Release */ = {
			isa = XCBuildConfiguration;
			buildSettings = {
				ALWAYS_SEARCH_USER_PATHS = NO;
				CLANG_ANALYZER_LOCALIZABILITY_NONLOCALIZED = YES;
				CLANG_ANALYZER_NONNULL = YES;
				CLANG_ANALYZER_NUMBER_OBJECT_CONVERSION = YES_AGGRESSIVE;
				CLANG_CXX_LANGUAGE_STANDARD = "gnu++14";
				CLANG_CXX_LIBRARY = "libc++";
				CLANG_ENABLE_MODULES = YES;
				CLANG_ENABLE_OBJC_ARC = YES;
				CLANG_ENABLE_OBJC_WEAK = YES;
				CLANG_WARN_BLOCK_CAPTURE_AUTORELEASING = YES;
				CLANG_WARN_BOOL_CONVERSION = YES;
				CLANG_WARN_COMMA = YES;
				CLANG_WARN_CONSTANT_CONVERSION = YES;
				CLANG_WARN_DEPRECATED_OBJC_IMPLEMENTATIONS = YES;
				CLANG_WARN_DIRECT_OBJC_ISA_USAGE = YES_ERROR;
				CLANG_WARN_DOCUMENTATION_COMMENTS = YES;
				CLANG_WARN_EMPTY_BODY = YES;
				CLANG_WARN_ENUM_CONVERSION = YES;
				CLANG_WARN_INFINITE_RECURSION = YES;
				CLANG_WARN_INT_CONVERSION = YES;
				CLANG_WARN_NON_LITERAL_NULL_CONVERSION = YES;
				CLANG_WARN_OBJC_IMPLICIT_RETAIN_SELF = YES;
				CLANG_WARN_OBJC_LITERAL_CONVERSION = YES;
				CLANG_WARN_OBJC_ROOT_CLASS = YES_ERROR;
				CLANG_WARN_QUOTED_INCLUDE_IN_FRAMEWORK_HEADER = YES;
				CLANG_WARN_RANGE_LOOP_ANALYSIS = YES;
				CLANG_WARN_STRICT_PROTOTYPES = YES;
				CLANG_WARN_SUSPICIOUS_MOVE = YES;
				CLANG_WARN_UNGUARDED_AVAILABILITY = YES_AGGRESSIVE;
				CLANG_WARN_UNREACHABLE_CODE = YES;
				CLANG_WARN__DUPLICATE_METHOD_MATCH = YES;
				CODE_SIGN_STYLE = Automatic;
				COPY_PHASE_STRIP = NO;
				CURRENT_PROJECT_VERSION = 1;
				DEBUG_INFORMATION_FORMAT = "dwarf-with-dsym";
				DEVELOPMENT_TEAM = 45N7H6HE3J;
				ENABLE_BITCODE = NO;
				ENABLE_NS_ASSERTIONS = NO;
				ENABLE_STRICT_OBJC_MSGSEND = YES;
				"EXCLUDED_ARCHS[sdk=iphonesimulator*]" = x86_64;
				GCC_C_LANGUAGE_STANDARD = gnu11;
				GCC_NO_COMMON_BLOCKS = YES;
				GCC_WARN_64_TO_32_BIT_CONVERSION = YES;
				GCC_WARN_ABOUT_RETURN_TYPE = YES_ERROR;
				GCC_WARN_UNDECLARED_SELECTOR = YES;
				GCC_WARN_UNINITIALIZED_AUTOS = YES_AGGRESSIVE;
				GCC_WARN_UNUSED_FUNCTION = YES;
				GCC_WARN_UNUSED_VARIABLE = YES;
				MARKETING_VERSION = 1.0.0;
				MTL_ENABLE_DEBUG_INFO = NO;
				MTL_FAST_MATH = YES;
				PRODUCT_NAME = "$(TARGET_NAME)";
				SDKROOT = iphoneos;
				SWIFT_COMPILATION_MODE = wholemodule;
				SWIFT_OPTIMIZATION_LEVEL = "-O";
				SWIFT_VERSION = 5.7.1;
				TARGETED_DEVICE_FAMILY = 1;
			};
			name = Release;
		};
		6C824A6EB4BAD43AE2A4BB29 /* Debug */ = {
			isa = XCBuildConfiguration;
			buildSettings = {
				ALWAYS_SEARCH_USER_PATHS = NO;
				CLANG_ANALYZER_LOCALIZABILITY_NONLOCALIZED = YES;
				CLANG_ANALYZER_NONNULL = YES;
				CLANG_ANALYZER_NUMBER_OBJECT_CONVERSION = YES_AGGRESSIVE;
				CLANG_CXX_LANGUAGE_STANDARD = "gnu++14";
				CLANG_CXX_LIBRARY = "libc++";
				CLANG_ENABLE_MODULES = YES;
				CLANG_ENABLE_OBJC_ARC = YES;
				CLANG_ENABLE_OBJC_WEAK = YES;
				CLANG_WARN_BLOCK_CAPTURE_AUTORELEASING = YES;
				CLANG_WARN_BOOL_CONVERSION = YES;
				CLANG_WARN_COMMA = YES;
				CLANG_WARN_CONSTANT_CONVERSION = YES;
				CLANG_WARN_DEPRECATED_OBJC_IMPLEMENTATIONS = YES;
				CLANG_WARN_DIRECT_OBJC_ISA_USAGE = YES_ERROR;
				CLANG_WARN_DOCUMENTATION_COMMENTS = YES;
				CLANG_WARN_EMPTY_BODY = YES;
				CLANG_WARN_ENUM_CONVERSION = YES;
				CLANG_WARN_INFINITE_RECURSION = YES;
				CLANG_WARN_INT_CONVERSION = YES;
				CLANG_WARN_NON_LITERAL_NULL_CONVERSION = YES;
				CLANG_WARN_OBJC_IMPLICIT_RETAIN_SELF = YES;
				CLANG_WARN_OBJC_LITERAL_CONVERSION = YES;
				CLANG_WARN_OBJC_ROOT_CLASS = YES_ERROR;
				CLANG_WARN_QUOTED_INCLUDE_IN_FRAMEWORK_HEADER = YES;
				CLANG_WARN_RANGE_LOOP_ANALYSIS = YES;
				CLANG_WARN_STRICT_PROTOTYPES = YES;
				CLANG_WARN_SUSPICIOUS_MOVE = YES;
				CLANG_WARN_UNGUARDED_AVAILABILITY = YES_AGGRESSIVE;
				CLANG_WARN_UNREACHABLE_CODE = YES;
				CLANG_WARN__DUPLICATE_METHOD_MATCH = YES;
				CODE_SIGN_STYLE = Automatic;
				COPY_PHASE_STRIP = NO;
				CURRENT_PROJECT_VERSION = 1;
				DEBUG_INFORMATION_FORMAT = dwarf;
				DEVELOPMENT_TEAM = 45N7H6HE3J;
				ENABLE_BITCODE = NO;
				ENABLE_STRICT_OBJC_MSGSEND = YES;
				ENABLE_TESTABILITY = YES;
				"EXCLUDED_ARCHS[sdk=iphonesimulator*]" = x86_64;
				GCC_C_LANGUAGE_STANDARD = gnu11;
				GCC_DYNAMIC_NO_PIC = NO;
				GCC_NO_COMMON_BLOCKS = YES;
				GCC_OPTIMIZATION_LEVEL = 0;
				GCC_PREPROCESSOR_DEFINITIONS = (
					"$(inherited)",
					"DEBUG=1",
				);
				GCC_WARN_64_TO_32_BIT_CONVERSION = YES;
				GCC_WARN_ABOUT_RETURN_TYPE = YES_ERROR;
				GCC_WARN_UNDECLARED_SELECTOR = YES;
				GCC_WARN_UNINITIALIZED_AUTOS = YES_AGGRESSIVE;
				GCC_WARN_UNUSED_FUNCTION = YES;
				GCC_WARN_UNUSED_VARIABLE = YES;
				MARKETING_VERSION = 1.0.0;
				MTL_ENABLE_DEBUG_INFO = INCLUDE_SOURCE;
				MTL_FAST_MATH = YES;
				ONLY_ACTIVE_ARCH = YES;
				PRODUCT_NAME = "$(TARGET_NAME)";
				SDKROOT = iphoneos;
				SWIFT_ACTIVE_COMPILATION_CONDITIONS = DEBUG;
				SWIFT_OPTIMIZATION_LEVEL = "-Onone";
				SWIFT_VERSION = 5.7.1;
				TARGETED_DEVICE_FAMILY = 1;
			};
			name = Debug;
		};
		9221A1FDC06803E8A2FC6E61 /* Debug */ = {
			isa = XCBuildConfiguration;
			baseConfigurationReference = E227CBC2E749950E404DA687 /* Pods-iosApp.debug.xcconfig */;
			buildSettings = {
				ASSETCATALOG_COMPILER_APPICON_NAME = AppIcon;
				CODE_SIGN_IDENTITY = "iPhone Developer";
				GENERATE_INFOPLIST_FILE = YES;
				INFOPLIST_FILE = Environments/Develop/Info.plist;
				INFOPLIST_KEY_UIApplicationSceneManifest_Generation = NO;
				INFOPLIST_KEY_UIApplicationSupportsIndirectInputEvents = YES;
				INFOPLIST_KEY_UILaunchScreen_Generation = YES;
				INFOPLIST_KEY_UISupportedInterfaceOrientations = UIInterfaceOrientationPortrait;
				INFOPLIST_KEY_UISupportedInterfaceOrientations_iPhone = UIInterfaceOrientationPortrait;
				INFOPLIST_KEY_UIUserInterfaceStyle = Light;
				IPHONEOS_DEPLOYMENT_TARGET = 16.0;
				LD_RUNPATH_SEARCH_PATHS = (
					"$(inherited)",
					"@executable_path/Frameworks",
				);
				PRODUCT_BUNDLE_IDENTIFIER = com.gorosoft.bookme.now;
				SDKROOT = iphoneos;
				TARGETED_DEVICE_FAMILY = 1;
			};
			name = Debug;
		};
		AF835BFF1220CA5AB5B867E4 /* Release */ = {
			isa = XCBuildConfiguration;
			baseConfigurationReference = D1DCEC680D9B52F4856D7812 /* Pods-iosApp.release.xcconfig */;
			buildSettings = {
				ASSETCATALOG_COMPILER_APPICON_NAME = AppIcon;
				CODE_SIGN_IDENTITY = "iPhone Developer";
				GENERATE_INFOPLIST_FILE = YES;
				INFOPLIST_FILE = Environments/Develop/Info.plist;
				INFOPLIST_KEY_UIApplicationSceneManifest_Generation = NO;
				INFOPLIST_KEY_UIApplicationSupportsIndirectInputEvents = YES;
				INFOPLIST_KEY_UILaunchScreen_Generation = YES;
				INFOPLIST_KEY_UISupportedInterfaceOrientations = UIInterfaceOrientationPortrait;
				INFOPLIST_KEY_UISupportedInterfaceOrientations_iPhone = UIInterfaceOrientationPortrait;
				INFOPLIST_KEY_UIUserInterfaceStyle = Light;
				IPHONEOS_DEPLOYMENT_TARGET = 16.0;
				LD_RUNPATH_SEARCH_PATHS = (
					"$(inherited)",
					"@executable_path/Frameworks",
				);
				PRODUCT_BUNDLE_IDENTIFIER = com.gorosoft.bookme.now;
				SDKROOT = iphoneos;
				TARGETED_DEVICE_FAMILY = 1;
			};
			name = Release;
		};
/* End XCBuildConfiguration section */

/* Begin XCConfigurationList section */
		29DCA9F0B3A40325067EB163 /* Build configuration list for PBXNativeTarget "iosApp" */ = {
			isa = XCConfigurationList;
			buildConfigurations = (
				9221A1FDC06803E8A2FC6E61 /* Debug */,
				AF835BFF1220CA5AB5B867E4 /* Release */,
			);
			defaultConfigurationIsVisible = 0;
			defaultConfigurationName = Release;
		};
		FF7CA1CA754D017066F1822F /* Build configuration list for PBXProject "iosApp" */ = {
			isa = XCConfigurationList;
			buildConfigurations = (
				6C824A6EB4BAD43AE2A4BB29 /* Debug */,
				11814011E7D6EC822BFBC66D /* Release */,
			);
			defaultConfigurationIsVisible = 0;
			defaultConfigurationName = Release;
		};
/* End XCConfigurationList section */
	};
	rootObject = 242FB5348943441C388468CE /* Project object */;
}
