// !$*UTF8*$!
{
	archiveVersion = 1;
	classes = {
	};
	objectVersion = 54;
	objects = {

/* Begin PBXBuildFile section */
		011D78DA793599FD75816981 /* AppIcons.swift in Sources */ = {isa = PBXBuildFile; fileRef = FE481E6C8FF2B43F3ABC8DB1 /* AppIcons.swift */; };
		06F88EADD88315A5C1100667 /* PhoneNumber+Codable.swift in Sources */ = {isa = PBXBuildFile; fileRef = A6AA1D3E956346B9D15EA2C2 /* PhoneNumber+Codable.swift */; };
		08E5AACCFF39995D7AE7BF5C /* MetadataTypes.swift in Sources */ = {isa = PBXBuildFile; fileRef = B5099BD4503D454E39ED09AD /* MetadataTypes.swift */; };
		0A34637A85CB7924B45F7AE7 /* FacebookManager.swift in Sources */ = {isa = PBXBuildFile; fileRef = F4F4613F446F563BACCBB849 /* FacebookManager.swift */; };
		0A560A4D252E02EAF94AF405 /* LoginView.swift in Sources */ = {isa = PBXBuildFile; fileRef = 47B79E852153DFE481A2A8E6 /* LoginView.swift */; };
		0B36D2B6FF4731096B66D467 /* RateView.swift in Sources */ = {isa = PBXBuildFile; fileRef = 98288509212F4CED49AB119F /* RateView.swift */; };
		119B5B22E2659F9D93A4A86A /* LocalManager.swift in Sources */ = {isa = PBXBuildFile; fileRef = E8BD639F586769C6B8EAC6EC /* LocalManager.swift */; };
		119FE353395ACA95D33925C3 /* BookingViewModel.swift in Sources */ = {isa = PBXBuildFile; fileRef = 7287854F3943D0C482E2B841 /* BookingViewModel.swift */; };
		162E118F3A51023C97AE3E81 /* SplashViewModel.swift in Sources */ = {isa = PBXBuildFile; fileRef = 9489D3FFECBBA9BE19B97283 /* SplashViewModel.swift */; };
		164E777496FD61C79373E446 /* NearByViewModel.swift in Sources */ = {isa = PBXBuildFile; fileRef = D7A4DD5334387BBE874E7225 /* NearByViewModel.swift */; };
		16B8696A0A9AE0133876ED7D /* iPhoneNumberField+ViewModifiers.swift in Sources */ = {isa = PBXBuildFile; fileRef = BBD638D26F97AEC82DBF899E /* iPhoneNumberField+ViewModifiers.swift */; };
		16FE331E2BA84E7C139F6011 /* Formatter.swift in Sources */ = {isa = PBXBuildFile; fileRef = 988B1869131602ED94614EB5 /* Formatter.swift */; };
		18353DE81FCE534C949C86D9 /* UIFont+Init.swift in Sources */ = {isa = PBXBuildFile; fileRef = 5C8BC56F22BF473693CCB72B /* UIFont+Init.swift */; };
		1A6D0CBF77A52D86884F2FF5 /* Text+Extensions.swift in Sources */ = {isa = PBXBuildFile; fileRef = C7068312827929ABCC3E50A7 /* Text+Extensions.swift */; };
		1D75AA2B9E3B9188FE79562C /* report.xml in Resources */ = {isa = PBXBuildFile; fileRef = CE8422501FBC72D872A753D2 /* report.xml */; };
		2106C505A81E297149A8FC78 /* MetadataManager.swift in Sources */ = {isa = PBXBuildFile; fileRef = 97DC64AC373F7BEA5A5B6F74 /* MetadataManager.swift */; };
		2578FF6BDB63262A2497063B /* LocationView.swift in Sources */ = {isa = PBXBuildFile; fileRef = 948E98B56B7339711E958B8F /* LocationView.swift */; };
		28D5D82B0F403FBF9EC71705 /* LogoutView.swift in Sources */ = {isa = PBXBuildFile; fileRef = 275E228DA7708CEB25B57CAF /* LogoutView.swift */; };
		28E08C69A780575DF979BD79 /* Colors.xcassets in Resources */ = {isa = PBXBuildFile; fileRef = C596B4F7CDEF2B50B7F01C1E /* Colors.xcassets */; };
		2C25739331C2F87F49E5C2AA /* String+Extensions.swift in Sources */ = {isa = PBXBuildFile; fileRef = 901AF27716274C00F28F7236 /* String+Extensions.swift */; };
		2CA8FC21C62F793C0CE589A1 /* GetDirectionView.swift in Sources */ = {isa = PBXBuildFile; fileRef = 176EC31AB21A6530C5366BB0 /* GetDirectionView.swift */; };
		31409A966428A89A3DDA5A4A /* BookingView.swift in Sources */ = {isa = PBXBuildFile; fileRef = 44D46B3E46E66CF1227444BB /* BookingView.swift */; };
		35A44C8BC2A6237A1E1A1EDE /* VerificationCodeView.swift in Sources */ = {isa = PBXBuildFile; fileRef = C9E3CA71A842E27E8578FA80 /* VerificationCodeView.swift */; };
		3980DC76D69DBD25DDEB9AC2 /* NextVisitView.swift in Sources */ = {isa = PBXBuildFile; fileRef = FE85C5E86AAC5F0689BA799E /* NextVisitView.swift */; };
		39A67E00F855D7E2F5B55AAA /* PartialFormatter.swift in Sources */ = {isa = PBXBuildFile; fileRef = C1CDC92A918C1F7A678CB40B /* PartialFormatter.swift */; };
		3A87FF85AC451E41D60B8E24 /* ParseManager.swift in Sources */ = {isa = PBXBuildFile; fileRef = 21567DEB8C589A6C6D059CF7 /* ParseManager.swift */; };
		3DE4F9A067E5E1406D6F5943 /* DashboardView.swift in Sources */ = {isa = PBXBuildFile; fileRef = 967D98F5DBC8B8529B4F3095 /* DashboardView.swift */; };
		4046B35C70CE1FE735AB97A2 /* BirthDayInputView.swift in Sources */ = {isa = PBXBuildFile; fileRef = 643AA7CD82BDD5D15E3D1479 /* BirthDayInputView.swift */; };
		46AA61A3E3284E05C0C6CDCE /* AppStyleFont.swift in Sources */ = {isa = PBXBuildFile; fileRef = C2D2D51146E2A9C157169FF8 /* AppStyleFont.swift */; };
		47B60C8948EE1F8646B8E03F /* FilterView.swift in Sources */ = {isa = PBXBuildFile; fileRef = C676DF109A10731D1FF4952A /* FilterView.swift */; };
		4920EB0019DDF7EE7C91E73F /* CancelBookingView.swift in Sources */ = {isa = PBXBuildFile; fileRef = A5549B87F3C679D287877FFC /* CancelBookingView.swift */; };
		4AA9136EE1EB6926BA376133 /* CalendarView.swift in Sources */ = {isa = PBXBuildFile; fileRef = F6D4473FD7FCE7BEDB3918C5 /* CalendarView.swift */; };
		4E0597383F724BF8BF2CE408 /* PhoneNumberFormatter.swift in Sources */ = {isa = PBXBuildFile; fileRef = 739654BE37DB6E1E6AF3601C /* PhoneNumberFormatter.swift */; };
		5A276A55C27008ABC873568C /* WorkingHoursView.swift in Sources */ = {isa = PBXBuildFile; fileRef = 193C8A583F6B41B1E77DAD99 /* WorkingHoursView.swift */; };
		5C6A8FA8903AD2BD819C279C /* GoogleManager.swift in Sources */ = {isa = PBXBuildFile; fileRef = 3AB18B66E68778718D380978 /* GoogleManager.swift */; };
		6386AB668B69AC0D4E06EB68 /* EnableLocationView.swift in Sources */ = {isa = PBXBuildFile; fileRef = 05404B93264DAA0CFCCA071D /* EnableLocationView.swift */; };
		69FCAFC96E9BE6665E08087E /* VisitItemRow.swift in Sources */ = {isa = PBXBuildFile; fileRef = 7ED9264D1B49C706A2A873CB /* VisitItemRow.swift */; };
		6A2C4BC9D3E57D1F57E4F51A /* PhoneNumberTextField.swift in Sources */ = {isa = PBXBuildFile; fileRef = 5658F15AB3C0E6B1AAA8E9C6 /* PhoneNumberTextField.swift */; };
		6C6FA30D5756D4F23A4F073A /* PhoneNumberMetadata.json in Resources */ = {isa = PBXBuildFile; fileRef = 5EED8E6BD7FEFEC84586D0C7 /* PhoneNumberMetadata.json */; };
		6D8F506D26633805600FADD7 /* NSRegularExpression+Swift.swift in Sources */ = {isa = PBXBuildFile; fileRef = 4E9640E0265090EFED741BDD /* NSRegularExpression+Swift.swift */; };
		712BB2EB0C79F2F8EF4252CF /* SuccessRateView.swift in Sources */ = {isa = PBXBuildFile; fileRef = E39D0DCC6AE8FD309BF52B4C /* SuccessRateView.swift */; };
		721944179BAD142151682AC6 /* PagingView.swift in Sources */ = {isa = PBXBuildFile; fileRef = 39ACF3FF78EB1DC504274580 /* PagingView.swift */; };
		72D8F713367D70DD8990CAC4 /* NetworkOperation.swift in Sources */ = {isa = PBXBuildFile; fileRef = 8E578F8B2791398CD262C36C /* NetworkOperation.swift */; };
		7416E6E7097CFF2F47C5E78D /* ProfileView.swift in Sources */ = {isa = PBXBuildFile; fileRef = D3728C0010425CF325DE9810 /* ProfileView.swift */; };
		747F530670CA4230C010F094 /* Urbanist-Regular.ttf in Resources */ = {isa = PBXBuildFile; fileRef = 9F6229C7C69654B803AD7365 /* Urbanist-Regular.ttf */; };
		74DCFDEBED1465D1992C01EF /* CHANGELOG.md in Resources */ = {isa = PBXBuildFile; fileRef = 58E2C13111033B99B50B5844 /* CHANGELOG.md */; };
		7A1489A58B5D8B13ABCC1DB5 /* LocalProperties.swift in Sources */ = {isa = PBXBuildFile; fileRef = 5AFE24285B3014D2C9AB27D2 /* LocalProperties.swift */; };
		7F0B360196FD559BBBEDFA50 /* BaseView.swift in Sources */ = {isa = PBXBuildFile; fileRef = 0C33DDCAA1ADB1487FA30B90 /* BaseView.swift */; };
		7FB8A0163B8C5A19058F7CE0 /* BottomSheetView+Extensions.swift in Sources */ = {isa = PBXBuildFile; fileRef = FFBBA737D246D4B268FD5019 /* BottomSheetView+Extensions.swift */; };
		80A8D985B6CA562C0356A99F /* LoginViewModel.swift in Sources */ = {isa = PBXBuildFile; fileRef = 7EBA42D3FD7E443D411E3D79 /* LoginViewModel.swift */; };
		813A4B195A9B057894F03DD6 /* PermissionManager.swift in Sources */ = {isa = PBXBuildFile; fileRef = 496662829561F5959BA915E9 /* PermissionManager.swift */; };
		81BBC581F910664005F85628 /* ContactsView.swift in Sources */ = {isa = PBXBuildFile; fileRef = A210821D4C6674B47D2BDEB7 /* ContactsView.swift */; };
		820C3BAA4262E89EBE816A29 /* AppPhoneNumber.swift in Sources */ = {isa = PBXBuildFile; fileRef = AB5CAC0DACD6CDF4F23CE806 /* AppPhoneNumber.swift */; };
		84EECE34FF0B5A4B65F80505 /* SelectRateView.swift in Sources */ = {isa = PBXBuildFile; fileRef = 4C77208FF325AFAE8D497222 /* SelectRateView.swift */; };
		871CBE3FEAF026579EC3D927 /* AuthPageBuilder.swift in Sources */ = {isa = PBXBuildFile; fileRef = 42EBD39DC252B9F5B746E92D /* AuthPageBuilder.swift */; };
		874F84E087F17D0823092950 /* SelectDistanceView.swift in Sources */ = {isa = PBXBuildFile; fileRef = 433A2BE64D1C08AEBEB832EC /* SelectDistanceView.swift */; };
		87C9297D462EE8F1BF1EC074 /* RoundedShape.swift in Sources */ = {isa = PBXBuildFile; fileRef = 1FF9E18BCA01C85F1623A93D /* RoundedShape.swift */; };
		8919ADB987F647AE2578722A /* Date+Extensions.swift in Sources */ = {isa = PBXBuildFile; fileRef = EEEE6149C04733A62E9AA48B /* Date+Extensions.swift */; };
		8F7A17D6340DEE5CDA8F9936 /* Urbanist-Medium.ttf in Resources */ = {isa = PBXBuildFile; fileRef = AF58D57AC7C0F541975D407E /* Urbanist-Medium.ttf */; };
		92288C0A706563D033303B78 /* View+Extensions.swift in Sources */ = {isa = PBXBuildFile; fileRef = 4539C7665913FC4BE8FD4013 /* View+Extensions.swift */; };
		923D1EE713F94E2990D09F32 /* .env.default.sample in Resources */ = {isa = PBXBuildFile; fileRef = A654A5962562C7E99909911B /* .env.default.sample */; };
		932C86AAADDC05EB8635284F /* TutorialWelcomeModuleView.swift in Sources */ = {isa = PBXBuildFile; fileRef = E52C84BCF7C3C7899407B45D /* TutorialWelcomeModuleView.swift */; };
		94EA194C81EB583A65454CD1 /* ProfilePreviewView.swift in Sources */ = {isa = PBXBuildFile; fileRef = 75FBF4B766165D0A40F6E635 /* ProfilePreviewView.swift */; };
		96997E695A64CF563E6022D5 /* Application+Extensions.swift in Sources */ = {isa = PBXBuildFile; fileRef = F0F58E78CFEA23B5CF919212 /* Application+Extensions.swift */; };
		97049C25A347DDD7EF536C05 /* AppButton.swift in Sources */ = {isa = PBXBuildFile; fileRef = 7154F69E5C85143FC40B5BF7 /* AppButton.swift */; };
		98522184D648A5C4CD38371A /* PhoneNumberKit.swift in Sources */ = {isa = PBXBuildFile; fileRef = 85A0CF603539FE0BA4EDAA15 /* PhoneNumberKit.swift */; };
		9B1762D58E32695C0122B90F /* WelcomeViewModel.swift in Sources */ = {isa = PBXBuildFile; fileRef = F5BC84EA7EA1636E5A9CCD26 /* WelcomeViewModel.swift */; };
		9C22E81EBE9D21FF642FA7C1 /* SplashView.swift in Sources */ = {isa = PBXBuildFile; fileRef = 11F386DAD41C289017A07E39 /* SplashView.swift */; };
		9D7456878FE2AF14DEFB375E /* NavigationSteps.swift in Sources */ = {isa = PBXBuildFile; fileRef = 7A6400D17C32C999C6C9E8DE /* NavigationSteps.swift */; };
		A045EC07C9D4CB6E1036BC8A /* Urbanist-Bold.ttf in Resources */ = {isa = PBXBuildFile; fileRef = 00190B7344A9C2DE87752522 /* Urbanist-Bold.ttf */; };
		A1EF4DBFD9E55EA0DF08F006 /* NearByItemView.swift in Sources */ = {isa = PBXBuildFile; fileRef = D1F9A63276CD68575EB9A010 /* NearByItemView.swift */; };
		A1F61CE96E73708DD024F2A0 /* GoogleService-Info.plist in Resources */ = {isa = PBXBuildFile; fileRef = 98AF1E20C938174F7113100E /* GoogleService-Info.plist */; };
		A4F7AD38B7448238CCD5454E /* SelectHoursView.swift in Sources */ = {isa = PBXBuildFile; fileRef = A25F27D1C260E5C5FE36C872 /* SelectHoursView.swift */; };
		A943CDD933502248088578FC /* PhoneNumber.swift in Sources */ = {isa = PBXBuildFile; fileRef = 3B2814845DFD8311FB66BCD0 /* PhoneNumber.swift */; };
		B00323664ECDFC696B97B61D /* Urbanist-Black.ttf in Resources */ = {isa = PBXBuildFile; fileRef = 5B367F744567258698E0B91E /* Urbanist-Black.ttf */; };
		B036FC806EADFBBB344F7BCD /* .project.yml in Resources */ = {isa = PBXBuildFile; fileRef = 25006C33F90F92C794C7A588 /* .project.yml */; };
		B4EC4D97D07BA41F5C95E7AC /* ReviewView.swift in Sources */ = {isa = PBXBuildFile; fileRef = 1A392DE364D75A4662397DB6 /* ReviewView.swift */; };
		B56D2836B473A270365FFA09 /* ProfilePageBuilder.swift in Sources */ = {isa = PBXBuildFile; fileRef = CF6F672671EA49CC3AA0F161 /* ProfilePageBuilder.swift */; };
		B5F82E736DE537157A9B0517 /* DashboardViewModel.swift in Sources */ = {isa = PBXBuildFile; fileRef = 00550AE8743BA3A942FA0B2D /* DashboardViewModel.swift */; };
		B873D5E4BAA8D38F9019EBE3 /* ServiceDetailView.swift in Sources */ = {isa = PBXBuildFile; fileRef = 1654FDF12EAD2015AA92F3A4 /* ServiceDetailView.swift */; };
		BA3BED370745E646D56D69BC /* Logger.swift in Sources */ = {isa = PBXBuildFile; fileRef = 0EDA61D54DE9306549CDAE18 /* Logger.swift */; };
		BEC1785FB3637DE2B27CE632 /* ProfileItemRow.swift in Sources */ = {isa = PBXBuildFile; fileRef = 0935928BE7FDC65224FB24DB /* ProfileItemRow.swift */; };
		BF6D5ADC79CED6B8F8290874 /* iPhoneNumberField.swift in Sources */ = {isa = PBXBuildFile; fileRef = AD0A1D67D8DC5F74F0DB1128 /* iPhoneNumberField.swift */; };
		BFB3268BCD1399CD2E542CEB /* PhoneNumberParser.swift in Sources */ = {isa = PBXBuildFile; fileRef = 80E3060DE0300A1A729393F2 /* PhoneNumberParser.swift */; };
		BFB89570588FA0C98DE0F25B /* NearByView.swift in Sources */ = {isa = PBXBuildFile; fileRef = 474E3786BF3E6E9391A748BE /* NearByView.swift */; };
		C2351D5BD264BB3D0B0E59C3 /* BookMeNowApp.swift in Sources */ = {isa = PBXBuildFile; fileRef = 56410C35ED3A97331CE70DA8 /* BookMeNowApp.swift */; };
		C36D27BED4587FF8FD14AFB9 /* RegexManager.swift in Sources */ = {isa = PBXBuildFile; fileRef = 8DAD2947E86E8E799BA9EFBF /* RegexManager.swift */; };
		C4086FD38C4A4BA5AC840938 /* NetworkManager.swift in Sources */ = {isa = PBXBuildFile; fileRef = 9028FFA377E134A1D8DDE8E0 /* NetworkManager.swift */; };
		C64AAA6BAF2D1FB26D56A1A5 /* DashboardPageBuilder.swift in Sources */ = {isa = PBXBuildFile; fileRef = 15DA1D6E3B1252D9348766F0 /* DashboardPageBuilder.swift */; };
		C819C2E8AE12B9AAE039A189 /* Constants.swift in Sources */ = {isa = PBXBuildFile; fileRef = F38A92F8067A79DD11DFAFD9 /* Constants.swift */; };
		CA98ADE878B0BE54BF5D00DF /* SuccessRegistrationView.swift in Sources */ = {isa = PBXBuildFile; fileRef = FBFB90E40E6C4E9D94E0AA14 /* SuccessRegistrationView.swift */; };
		CC6B68663AC5C58A234C5277 /* AppDelegate.swift in Sources */ = {isa = PBXBuildFile; fileRef = 0FA3BC3BA1B4DFC18DA82570 /* AppDelegate.swift */; };
		CC9FAD65E6CD461B7B9DDDFA /* EnterCodeView.swift in Sources */ = {isa = PBXBuildFile; fileRef = 0CC06EE18C47E6DE9F3ED926 /* EnterCodeView.swift */; };
		CE26D4B03668CDBC2A5B8706 /* CountryCodePickerViewController.swift in Sources */ = {isa = PBXBuildFile; fileRef = 6CD7943DDF774FEBBBCE3315 /* CountryCodePickerViewController.swift */; };
		CFD442D97EEDCB7CAEF41538 /* ServiceDetailViewModel.swift in Sources */ = {isa = PBXBuildFile; fileRef = F5768D59565E7B34D7BE091B /* ServiceDetailViewModel.swift */; };
		D2D63D55112BB5F74A915A73 /* AppInputField.swift in Sources */ = {isa = PBXBuildFile; fileRef = 34AD2810AD21AECB2139D761 /* AppInputField.swift */; };
		D2F7BC3B742F927B81C4496A /* NavigationButton.swift in Sources */ = {isa = PBXBuildFile; fileRef = 023843EF1E69F331DE2D58CB /* NavigationButton.swift */; };
		D72194E63C7079E37416649D /* DashboardContainerView.swift in Sources */ = {isa = PBXBuildFile; fileRef = 9ACD9E078DE551FECD1FD950 /* DashboardContainerView.swift */; };
		DCBDD69350D66A14CD3B3A32 /* .swiftlint.yml in Resources */ = {isa = PBXBuildFile; fileRef = B057366086E8A69B92BDF018 /* .swiftlint.yml */; };
		DCE0DCAAC98C65A05B2E6178 /* TutorialDescriptionModuleView.swift in Sources */ = {isa = PBXBuildFile; fileRef = 7E4769CC12F1540111B3B1BB /* TutorialDescriptionModuleView.swift */; };
		E063EAADB7CF35E5BCEB7013 /* Urbanist-Semibold.ttf in Resources */ = {isa = PBXBuildFile; fileRef = 53FB88955FB6417E4737198E /* Urbanist-Semibold.ttf */; };
		E194506DD027C463F2884584 /* libPods-iosApp.a in Frameworks */ = {isa = PBXBuildFile; fileRef = C29560CFB59F69A7D75126C4 /* libPods-iosApp.a */; };
		E5F547BAFD51D6D8544B7E42 /* CreateProfileViewModel.swift in Sources */ = {isa = PBXBuildFile; fileRef = 1F69388EC9F4C5E2BC650CDB /* CreateProfileViewModel.swift */; };
		E873206EB4EF9E8626384DC0 /* Localizable.xcstrings in Resources */ = {isa = PBXBuildFile; fileRef = ECBFE3C8613290F969A45B62 /* Localizable.xcstrings */; };
		E9D0E85E75DA382754924DC4 /* WelcomeView.swift in Sources */ = {isa = PBXBuildFile; fileRef = 1B383F0E291261CB3AF84F5C /* WelcomeView.swift */; };
		EB86A0FEE81728A27A447630 /* Bundle+Resources.swift in Sources */ = {isa = PBXBuildFile; fileRef = C6A246880298801E0EC91B85 /* Bundle+Resources.swift */; };
		EDE5F03896000AF4323A1370 /* MetadataParsing.swift in Sources */ = {isa = PBXBuildFile; fileRef = DD9F3277EC098D62FD4A7F89 /* MetadataParsing.swift */; };
		EF38D84307BA5E2D100770DB /* CreateProfileView.swift in Sources */ = {isa = PBXBuildFile; fileRef = E049BAD02AE2C17929487EEE /* CreateProfileView.swift */; };
		F0F155A2DD6D69CB1DC13D49 /* Vibrate.swift in Sources */ = {isa = PBXBuildFile; fileRef = 23D4885EC923EC14FAA8AF7B /* Vibrate.swift */; };
		F100D44B8260AF5B70B1A1CE /* NetworkOperationData.swift in Sources */ = {isa = PBXBuildFile; fileRef = 016A22AA79EE3349B951A5A3 /* NetworkOperationData.swift */; };
		F324BDC3540634E917F15EA9 /* LocationManager.swift in Sources */ = {isa = PBXBuildFile; fileRef = 43B3B010B41B371112D7B301 /* LocationManager.swift */; };
		F7A1708D4580460FB1C17DAE /* SuccessCancelBookingView.swift in Sources */ = {isa = PBXBuildFile; fileRef = 9CE18C11407EDCF654A110DE /* SuccessCancelBookingView.swift */; };
		FA1DD1B8316BC39136D9FFDE /* LocalCacheManager.swift in Sources */ = {isa = PBXBuildFile; fileRef = 5DBA98F738B1C39A0F8BF4CB /* LocalCacheManager.swift */; };
		FCAD36C01782689F0E8FBB2D /* Assets.xcassets in Resources */ = {isa = PBXBuildFile; fileRef = DD56B8F69B1182210A82C9A5 /* Assets.xcassets */; };
		FEF0E6FCEE647FDEB03F6066 /* EnterCodeViewModel.swift in Sources */ = {isa = PBXBuildFile; fileRef = EC38E6919433159B1F605566 /* EnterCodeViewModel.swift */; };
		FF045D77C5C4DB61C285DF9C /* AppStyleColor.swift in Sources */ = {isa = PBXBuildFile; fileRef = 7FA54D3B98734337F444C2AF /* AppStyleColor.swift */; };
		FFC6DBD4AF8C4D0F5D225A44 /* ProfileViewModel.swift in Sources */ = {isa = PBXBuildFile; fileRef = 53631D1BC78FC8D05997DAA7 /* ProfileViewModel.swift */; };
/* End PBXBuildFile section */

/* Begin PBXFileReference section */
		00190B7344A9C2DE87752522 /* Urbanist-Bold.ttf */ = {isa = PBXFileReference; lastKnownFileType = file; path = "Urbanist-Bold.ttf"; sourceTree = "<group>"; };
		00550AE8743BA3A942FA0B2D /* DashboardViewModel.swift */ = {isa = PBXFileReference; lastKnownFileType = sourcecode.swift; path = DashboardViewModel.swift; sourceTree = "<group>"; };
		016A22AA79EE3349B951A5A3 /* NetworkOperationData.swift */ = {isa = PBXFileReference; lastKnownFileType = sourcecode.swift; path = NetworkOperationData.swift; sourceTree = "<group>"; };
		023843EF1E69F331DE2D58CB /* NavigationButton.swift */ = {isa = PBXFileReference; lastKnownFileType = sourcecode.swift; path = NavigationButton.swift; sourceTree = "<group>"; };
		05404B93264DAA0CFCCA071D /* EnableLocationView.swift */ = {isa = PBXFileReference; lastKnownFileType = sourcecode.swift; path = EnableLocationView.swift; sourceTree = "<group>"; };
		0935928BE7FDC65224FB24DB /* ProfileItemRow.swift */ = {isa = PBXFileReference; lastKnownFileType = sourcecode.swift; path = ProfileItemRow.swift; sourceTree = "<group>"; };
		0C33DDCAA1ADB1487FA30B90 /* BaseView.swift */ = {isa = PBXFileReference; lastKnownFileType = sourcecode.swift; path = BaseView.swift; sourceTree = "<group>"; };
		0CC06EE18C47E6DE9F3ED926 /* EnterCodeView.swift */ = {isa = PBXFileReference; lastKnownFileType = sourcecode.swift; path = EnterCodeView.swift; sourceTree = "<group>"; };
		0EDA61D54DE9306549CDAE18 /* Logger.swift */ = {isa = PBXFileReference; lastKnownFileType = sourcecode.swift; path = Logger.swift; sourceTree = "<group>"; };
		0FA3BC3BA1B4DFC18DA82570 /* AppDelegate.swift */ = {isa = PBXFileReference; lastKnownFileType = sourcecode.swift; path = AppDelegate.swift; sourceTree = "<group>"; };
		11F386DAD41C289017A07E39 /* SplashView.swift */ = {isa = PBXFileReference; lastKnownFileType = sourcecode.swift; path = SplashView.swift; sourceTree = "<group>"; };
		15DA1D6E3B1252D9348766F0 /* DashboardPageBuilder.swift */ = {isa = PBXFileReference; lastKnownFileType = sourcecode.swift; path = DashboardPageBuilder.swift; sourceTree = "<group>"; };
		1654FDF12EAD2015AA92F3A4 /* ServiceDetailView.swift */ = {isa = PBXFileReference; lastKnownFileType = sourcecode.swift; path = ServiceDetailView.swift; sourceTree = "<group>"; };
		176EC31AB21A6530C5366BB0 /* GetDirectionView.swift */ = {isa = PBXFileReference; lastKnownFileType = sourcecode.swift; path = GetDirectionView.swift; sourceTree = "<group>"; };
		193C8A583F6B41B1E77DAD99 /* WorkingHoursView.swift */ = {isa = PBXFileReference; lastKnownFileType = sourcecode.swift; path = WorkingHoursView.swift; sourceTree = "<group>"; };
		1A392DE364D75A4662397DB6 /* ReviewView.swift */ = {isa = PBXFileReference; lastKnownFileType = sourcecode.swift; path = ReviewView.swift; sourceTree = "<group>"; };
		1B383F0E291261CB3AF84F5C /* WelcomeView.swift */ = {isa = PBXFileReference; lastKnownFileType = sourcecode.swift; path = WelcomeView.swift; sourceTree = "<group>"; };
		1C7FF9F76F91A9BB5BB449C7 /* Info.plist */ = {isa = PBXFileReference; lastKnownFileType = text.plist; path = Info.plist; sourceTree = "<group>"; };
		1F6497D629BE6E4D3A88295E /* Gymfile */ = {isa = PBXFileReference; path = Gymfile; sourceTree = "<group>"; };
		1F69388EC9F4C5E2BC650CDB /* CreateProfileViewModel.swift */ = {isa = PBXFileReference; lastKnownFileType = sourcecode.swift; path = CreateProfileViewModel.swift; sourceTree = "<group>"; };
		1FF9E18BCA01C85F1623A93D /* RoundedShape.swift */ = {isa = PBXFileReference; lastKnownFileType = sourcecode.swift; path = RoundedShape.swift; sourceTree = "<group>"; };
		21567DEB8C589A6C6D059CF7 /* ParseManager.swift */ = {isa = PBXFileReference; lastKnownFileType = sourcecode.swift; path = ParseManager.swift; sourceTree = "<group>"; };
		23D4885EC923EC14FAA8AF7B /* Vibrate.swift */ = {isa = PBXFileReference; lastKnownFileType = sourcecode.swift; path = Vibrate.swift; sourceTree = "<group>"; };
		25006C33F90F92C794C7A588 /* .project.yml */ = {isa = PBXFileReference; lastKnownFileType = text.yaml; path = .project.yml; sourceTree = "<group>"; };
		275E228DA7708CEB25B57CAF /* LogoutView.swift */ = {isa = PBXFileReference; lastKnownFileType = sourcecode.swift; path = LogoutView.swift; sourceTree = "<group>"; };
		33DF0F79E65EDE0472227A39 /* Matchfile */ = {isa = PBXFileReference; path = Matchfile; sourceTree = "<group>"; };
		34AD2810AD21AECB2139D761 /* AppInputField.swift */ = {isa = PBXFileReference; lastKnownFileType = sourcecode.swift; path = AppInputField.swift; sourceTree = "<group>"; };
		39ACF3FF78EB1DC504274580 /* PagingView.swift */ = {isa = PBXFileReference; lastKnownFileType = sourcecode.swift; path = PagingView.swift; sourceTree = "<group>"; };
		3AB18B66E68778718D380978 /* GoogleManager.swift */ = {isa = PBXFileReference; lastKnownFileType = sourcecode.swift; path = GoogleManager.swift; sourceTree = "<group>"; };
		3B2814845DFD8311FB66BCD0 /* PhoneNumber.swift */ = {isa = PBXFileReference; lastKnownFileType = sourcecode.swift; path = PhoneNumber.swift; sourceTree = "<group>"; };
		42EBD39DC252B9F5B746E92D /* AuthPageBuilder.swift */ = {isa = PBXFileReference; lastKnownFileType = sourcecode.swift; path = AuthPageBuilder.swift; sourceTree = "<group>"; };
		433A2BE64D1C08AEBEB832EC /* SelectDistanceView.swift */ = {isa = PBXFileReference; lastKnownFileType = sourcecode.swift; path = SelectDistanceView.swift; sourceTree = "<group>"; };
		43B3B010B41B371112D7B301 /* LocationManager.swift */ = {isa = PBXFileReference; lastKnownFileType = sourcecode.swift; path = LocationManager.swift; sourceTree = "<group>"; };
		44D46B3E46E66CF1227444BB /* BookingView.swift */ = {isa = PBXFileReference; lastKnownFileType = sourcecode.swift; path = BookingView.swift; sourceTree = "<group>"; };
		4539C7665913FC4BE8FD4013 /* View+Extensions.swift */ = {isa = PBXFileReference; lastKnownFileType = sourcecode.swift; path = "View+Extensions.swift"; sourceTree = "<group>"; };
		474E3786BF3E6E9391A748BE /* NearByView.swift */ = {isa = PBXFileReference; lastKnownFileType = sourcecode.swift; path = NearByView.swift; sourceTree = "<group>"; };
		47B79E852153DFE481A2A8E6 /* LoginView.swift */ = {isa = PBXFileReference; lastKnownFileType = sourcecode.swift; path = LoginView.swift; sourceTree = "<group>"; };
		496662829561F5959BA915E9 /* PermissionManager.swift */ = {isa = PBXFileReference; lastKnownFileType = sourcecode.swift; path = PermissionManager.swift; sourceTree = "<group>"; };
		4C77208FF325AFAE8D497222 /* SelectRateView.swift */ = {isa = PBXFileReference; lastKnownFileType = sourcecode.swift; path = SelectRateView.swift; sourceTree = "<group>"; };
		4E9640E0265090EFED741BDD /* NSRegularExpression+Swift.swift */ = {isa = PBXFileReference; lastKnownFileType = sourcecode.swift; path = "NSRegularExpression+Swift.swift"; sourceTree = "<group>"; };
		53631D1BC78FC8D05997DAA7 /* ProfileViewModel.swift */ = {isa = PBXFileReference; lastKnownFileType = sourcecode.swift; path = ProfileViewModel.swift; sourceTree = "<group>"; };
		53FB88955FB6417E4737198E /* Urbanist-Semibold.ttf */ = {isa = PBXFileReference; lastKnownFileType = file; path = "Urbanist-Semibold.ttf"; sourceTree = "<group>"; };
		56410C35ED3A97331CE70DA8 /* BookMeNowApp.swift */ = {isa = PBXFileReference; lastKnownFileType = sourcecode.swift; path = BookMeNowApp.swift; sourceTree = "<group>"; };
		5658F15AB3C0E6B1AAA8E9C6 /* PhoneNumberTextField.swift */ = {isa = PBXFileReference; lastKnownFileType = sourcecode.swift; path = PhoneNumberTextField.swift; sourceTree = "<group>"; };
		58E2C13111033B99B50B5844 /* CHANGELOG.md */ = {isa = PBXFileReference; lastKnownFileType = net.daringfireball.markdown; path = CHANGELOG.md; sourceTree = "<group>"; };
		5AFE24285B3014D2C9AB27D2 /* LocalProperties.swift */ = {isa = PBXFileReference; lastKnownFileType = sourcecode.swift; path = LocalProperties.swift; sourceTree = "<group>"; };
		5B367F744567258698E0B91E /* Urbanist-Black.ttf */ = {isa = PBXFileReference; lastKnownFileType = file; path = "Urbanist-Black.ttf"; sourceTree = "<group>"; };
		5C8BC56F22BF473693CCB72B /* UIFont+Init.swift */ = {isa = PBXFileReference; lastKnownFileType = sourcecode.swift; path = "UIFont+Init.swift"; sourceTree = "<group>"; };
		5DBA1ABFDC44661587283980 /* Appfile */ = {isa = PBXFileReference; path = Appfile; sourceTree = "<group>"; };
		5DBA98F738B1C39A0F8BF4CB /* LocalCacheManager.swift */ = {isa = PBXFileReference; lastKnownFileType = sourcecode.swift; path = LocalCacheManager.swift; sourceTree = "<group>"; };
		5EED8E6BD7FEFEC84586D0C7 /* PhoneNumberMetadata.json */ = {isa = PBXFileReference; lastKnownFileType = text.json; path = PhoneNumberMetadata.json; sourceTree = "<group>"; };
		60A6CBAFA6EE183DC0F1CCB4 /* Pluginfile */ = {isa = PBXFileReference; path = Pluginfile; sourceTree = "<group>"; };
		643AA7CD82BDD5D15E3D1479 /* BirthDayInputView.swift */ = {isa = PBXFileReference; lastKnownFileType = sourcecode.swift; path = BirthDayInputView.swift; sourceTree = "<group>"; };
		6CD7943DDF774FEBBBCE3315 /* CountryCodePickerViewController.swift */ = {isa = PBXFileReference; lastKnownFileType = sourcecode.swift; path = CountryCodePickerViewController.swift; sourceTree = "<group>"; };
		7154F69E5C85143FC40B5BF7 /* AppButton.swift */ = {isa = PBXFileReference; lastKnownFileType = sourcecode.swift; path = AppButton.swift; sourceTree = "<group>"; };
		7199BF4EECE51E941EFDE750 /* Pods-iosApp.release.xcconfig */ = {isa = PBXFileReference; includeInIndex = 1; lastKnownFileType = text.xcconfig; name = "Pods-iosApp.release.xcconfig"; path = "Target Support Files/Pods-iosApp/Pods-iosApp.release.xcconfig"; sourceTree = "<group>"; };
		7287854F3943D0C482E2B841 /* BookingViewModel.swift */ = {isa = PBXFileReference; lastKnownFileType = sourcecode.swift; path = BookingViewModel.swift; sourceTree = "<group>"; };
		739654BE37DB6E1E6AF3601C /* PhoneNumberFormatter.swift */ = {isa = PBXFileReference; lastKnownFileType = sourcecode.swift; path = PhoneNumberFormatter.swift; sourceTree = "<group>"; };
		75FBF4B766165D0A40F6E635 /* ProfilePreviewView.swift */ = {isa = PBXFileReference; lastKnownFileType = sourcecode.swift; path = ProfilePreviewView.swift; sourceTree = "<group>"; };
		7A6400D17C32C999C6C9E8DE /* NavigationSteps.swift */ = {isa = PBXFileReference; lastKnownFileType = sourcecode.swift; path = NavigationSteps.swift; sourceTree = "<group>"; };
		7E4769CC12F1540111B3B1BB /* TutorialDescriptionModuleView.swift */ = {isa = PBXFileReference; lastKnownFileType = sourcecode.swift; path = TutorialDescriptionModuleView.swift; sourceTree = "<group>"; };
		7EBA42D3FD7E443D411E3D79 /* LoginViewModel.swift */ = {isa = PBXFileReference; lastKnownFileType = sourcecode.swift; path = LoginViewModel.swift; sourceTree = "<group>"; };
		7ED9264D1B49C706A2A873CB /* VisitItemRow.swift */ = {isa = PBXFileReference; lastKnownFileType = sourcecode.swift; path = VisitItemRow.swift; sourceTree = "<group>"; };
		7FA54D3B98734337F444C2AF /* AppStyleColor.swift */ = {isa = PBXFileReference; lastKnownFileType = sourcecode.swift; path = AppStyleColor.swift; sourceTree = "<group>"; };
		80E3060DE0300A1A729393F2 /* PhoneNumberParser.swift */ = {isa = PBXFileReference; lastKnownFileType = sourcecode.swift; path = PhoneNumberParser.swift; sourceTree = "<group>"; };
		85A0CF603539FE0BA4EDAA15 /* PhoneNumberKit.swift */ = {isa = PBXFileReference; lastKnownFileType = sourcecode.swift; path = PhoneNumberKit.swift; sourceTree = "<group>"; };
		86038AE1032E284E79B32AD6 /* iosApp.app */ = {isa = PBXFileReference; includeInIndex = 0; lastKnownFileType = wrapper.application; path = iosApp.app; sourceTree = BUILT_PRODUCTS_DIR; };
		8DAD2947E86E8E799BA9EFBF /* RegexManager.swift */ = {isa = PBXFileReference; lastKnownFileType = sourcecode.swift; path = RegexManager.swift; sourceTree = "<group>"; };
		8E578F8B2791398CD262C36C /* NetworkOperation.swift */ = {isa = PBXFileReference; lastKnownFileType = sourcecode.swift; path = NetworkOperation.swift; sourceTree = "<group>"; };
		901AF27716274C00F28F7236 /* String+Extensions.swift */ = {isa = PBXFileReference; lastKnownFileType = sourcecode.swift; path = "String+Extensions.swift"; sourceTree = "<group>"; };
		9028FFA377E134A1D8DDE8E0 /* NetworkManager.swift */ = {isa = PBXFileReference; lastKnownFileType = sourcecode.swift; path = NetworkManager.swift; sourceTree = "<group>"; };
		9489D3FFECBBA9BE19B97283 /* SplashViewModel.swift */ = {isa = PBXFileReference; lastKnownFileType = sourcecode.swift; path = SplashViewModel.swift; sourceTree = "<group>"; };
		948E98B56B7339711E958B8F /* LocationView.swift */ = {isa = PBXFileReference; lastKnownFileType = sourcecode.swift; path = LocationView.swift; sourceTree = "<group>"; };
		967D98F5DBC8B8529B4F3095 /* DashboardView.swift */ = {isa = PBXFileReference; lastKnownFileType = sourcecode.swift; path = DashboardView.swift; sourceTree = "<group>"; };
		97DC64AC373F7BEA5A5B6F74 /* MetadataManager.swift */ = {isa = PBXFileReference; lastKnownFileType = sourcecode.swift; path = MetadataManager.swift; sourceTree = "<group>"; };
		98288509212F4CED49AB119F /* RateView.swift */ = {isa = PBXFileReference; lastKnownFileType = sourcecode.swift; path = RateView.swift; sourceTree = "<group>"; };
		988B1869131602ED94614EB5 /* Formatter.swift */ = {isa = PBXFileReference; lastKnownFileType = sourcecode.swift; path = Formatter.swift; sourceTree = "<group>"; };
		98AF1E20C938174F7113100E /* GoogleService-Info.plist */ = {isa = PBXFileReference; lastKnownFileType = text.plist; path = "GoogleService-Info.plist"; sourceTree = "<group>"; };
		9ACD9E078DE551FECD1FD950 /* DashboardContainerView.swift */ = {isa = PBXFileReference; lastKnownFileType = sourcecode.swift; path = DashboardContainerView.swift; sourceTree = "<group>"; };
		9CE18C11407EDCF654A110DE /* SuccessCancelBookingView.swift */ = {isa = PBXFileReference; lastKnownFileType = sourcecode.swift; path = SuccessCancelBookingView.swift; sourceTree = "<group>"; };
		9F6229C7C69654B803AD7365 /* Urbanist-Regular.ttf */ = {isa = PBXFileReference; lastKnownFileType = file; path = "Urbanist-Regular.ttf"; sourceTree = "<group>"; };
		A210821D4C6674B47D2BDEB7 /* ContactsView.swift */ = {isa = PBXFileReference; lastKnownFileType = sourcecode.swift; path = ContactsView.swift; sourceTree = "<group>"; };
		A25F27D1C260E5C5FE36C872 /* SelectHoursView.swift */ = {isa = PBXFileReference; lastKnownFileType = sourcecode.swift; path = SelectHoursView.swift; sourceTree = "<group>"; };
		A5549B87F3C679D287877FFC /* CancelBookingView.swift */ = {isa = PBXFileReference; lastKnownFileType = sourcecode.swift; path = CancelBookingView.swift; sourceTree = "<group>"; };
		A654A5962562C7E99909911B /* .env.default.sample */ = {isa = PBXFileReference; path = .env.default.sample; sourceTree = "<group>"; };
		A6AA1D3E956346B9D15EA2C2 /* PhoneNumber+Codable.swift */ = {isa = PBXFileReference; lastKnownFileType = sourcecode.swift; path = "PhoneNumber+Codable.swift"; sourceTree = "<group>"; };
		AB5CAC0DACD6CDF4F23CE806 /* AppPhoneNumber.swift */ = {isa = PBXFileReference; lastKnownFileType = sourcecode.swift; path = AppPhoneNumber.swift; sourceTree = "<group>"; };
		AD0A1D67D8DC5F74F0DB1128 /* iPhoneNumberField.swift */ = {isa = PBXFileReference; lastKnownFileType = sourcecode.swift; path = iPhoneNumberField.swift; sourceTree = "<group>"; };
		AF58D57AC7C0F541975D407E /* Urbanist-Medium.ttf */ = {isa = PBXFileReference; lastKnownFileType = file; path = "Urbanist-Medium.ttf"; sourceTree = "<group>"; };
		B057366086E8A69B92BDF018 /* .swiftlint.yml */ = {isa = PBXFileReference; lastKnownFileType = text.yaml; path = .swiftlint.yml; sourceTree = "<group>"; };
		B5099BD4503D454E39ED09AD /* MetadataTypes.swift */ = {isa = PBXFileReference; lastKnownFileType = sourcecode.swift; path = MetadataTypes.swift; sourceTree = "<group>"; };
		BBD638D26F97AEC82DBF899E /* iPhoneNumberField+ViewModifiers.swift */ = {isa = PBXFileReference; lastKnownFileType = sourcecode.swift; path = "iPhoneNumberField+ViewModifiers.swift"; sourceTree = "<group>"; };
		BFB5DFBC4E0A242E8F8B3C92 /* Pods-iosApp.debug.xcconfig */ = {isa = PBXFileReference; includeInIndex = 1; lastKnownFileType = text.xcconfig; name = "Pods-iosApp.debug.xcconfig"; path = "Target Support Files/Pods-iosApp/Pods-iosApp.debug.xcconfig"; sourceTree = "<group>"; };
		C1CDC92A918C1F7A678CB40B /* PartialFormatter.swift */ = {isa = PBXFileReference; lastKnownFileType = sourcecode.swift; path = PartialFormatter.swift; sourceTree = "<group>"; };
		C29560CFB59F69A7D75126C4 /* libPods-iosApp.a */ = {isa = PBXFileReference; explicitFileType = archive.ar; includeInIndex = 0; path = "libPods-iosApp.a"; sourceTree = BUILT_PRODUCTS_DIR; };
		C2D2D51146E2A9C157169FF8 /* AppStyleFont.swift */ = {isa = PBXFileReference; lastKnownFileType = sourcecode.swift; path = AppStyleFont.swift; sourceTree = "<group>"; };
		C596B4F7CDEF2B50B7F01C1E /* Colors.xcassets */ = {isa = PBXFileReference; lastKnownFileType = folder.assetcatalog; path = Colors.xcassets; sourceTree = "<group>"; };
		C676DF109A10731D1FF4952A /* FilterView.swift */ = {isa = PBXFileReference; lastKnownFileType = sourcecode.swift; path = FilterView.swift; sourceTree = "<group>"; };
		C6A246880298801E0EC91B85 /* Bundle+Resources.swift */ = {isa = PBXFileReference; lastKnownFileType = sourcecode.swift; path = "Bundle+Resources.swift"; sourceTree = "<group>"; };
		C7068312827929ABCC3E50A7 /* Text+Extensions.swift */ = {isa = PBXFileReference; lastKnownFileType = sourcecode.swift; path = "Text+Extensions.swift"; sourceTree = "<group>"; };
		C9E3CA71A842E27E8578FA80 /* VerificationCodeView.swift */ = {isa = PBXFileReference; lastKnownFileType = sourcecode.swift; path = VerificationCodeView.swift; sourceTree = "<group>"; };
		CE8422501FBC72D872A753D2 /* report.xml */ = {isa = PBXFileReference; lastKnownFileType = text.xml; path = report.xml; sourceTree = "<group>"; };
		CF6F672671EA49CC3AA0F161 /* ProfilePageBuilder.swift */ = {isa = PBXFileReference; lastKnownFileType = sourcecode.swift; path = ProfilePageBuilder.swift; sourceTree = "<group>"; };
		CFC610DFD9C6E87B31FEAD8A /* Fastfile */ = {isa = PBXFileReference; path = Fastfile; sourceTree = "<group>"; };
		D1F9A63276CD68575EB9A010 /* NearByItemView.swift */ = {isa = PBXFileReference; lastKnownFileType = sourcecode.swift; path = NearByItemView.swift; sourceTree = "<group>"; };
		D3728C0010425CF325DE9810 /* ProfileView.swift */ = {isa = PBXFileReference; lastKnownFileType = sourcecode.swift; path = ProfileView.swift; sourceTree = "<group>"; };
		D7A4DD5334387BBE874E7225 /* NearByViewModel.swift */ = {isa = PBXFileReference; lastKnownFileType = sourcecode.swift; path = NearByViewModel.swift; sourceTree = "<group>"; };
		DD56B8F69B1182210A82C9A5 /* Assets.xcassets */ = {isa = PBXFileReference; lastKnownFileType = folder.assetcatalog; path = Assets.xcassets; sourceTree = "<group>"; };
		DD9F3277EC098D62FD4A7F89 /* MetadataParsing.swift */ = {isa = PBXFileReference; lastKnownFileType = sourcecode.swift; path = MetadataParsing.swift; sourceTree = "<group>"; };
		E049BAD02AE2C17929487EEE /* CreateProfileView.swift */ = {isa = PBXFileReference; lastKnownFileType = sourcecode.swift; path = CreateProfileView.swift; sourceTree = "<group>"; };
		E39D0DCC6AE8FD309BF52B4C /* SuccessRateView.swift */ = {isa = PBXFileReference; lastKnownFileType = sourcecode.swift; path = SuccessRateView.swift; sourceTree = "<group>"; };
		E52C84BCF7C3C7899407B45D /* TutorialWelcomeModuleView.swift */ = {isa = PBXFileReference; lastKnownFileType = sourcecode.swift; path = TutorialWelcomeModuleView.swift; sourceTree = "<group>"; };
		E8BD639F586769C6B8EAC6EC /* LocalManager.swift */ = {isa = PBXFileReference; lastKnownFileType = sourcecode.swift; path = LocalManager.swift; sourceTree = "<group>"; };
		EC38E6919433159B1F605566 /* EnterCodeViewModel.swift */ = {isa = PBXFileReference; lastKnownFileType = sourcecode.swift; path = EnterCodeViewModel.swift; sourceTree = "<group>"; };
		ECBFE3C8613290F969A45B62 /* Localizable.xcstrings */ = {isa = PBXFileReference; path = Localizable.xcstrings; sourceTree = "<group>"; };
		EEEE6149C04733A62E9AA48B /* Date+Extensions.swift */ = {isa = PBXFileReference; lastKnownFileType = sourcecode.swift; path = "Date+Extensions.swift"; sourceTree = "<group>"; };
		F0F58E78CFEA23B5CF919212 /* Application+Extensions.swift */ = {isa = PBXFileReference; lastKnownFileType = sourcecode.swift; path = "Application+Extensions.swift"; sourceTree = "<group>"; };
		F38A92F8067A79DD11DFAFD9 /* Constants.swift */ = {isa = PBXFileReference; lastKnownFileType = sourcecode.swift; path = Constants.swift; sourceTree = "<group>"; };
		F4F4613F446F563BACCBB849 /* FacebookManager.swift */ = {isa = PBXFileReference; lastKnownFileType = sourcecode.swift; path = FacebookManager.swift; sourceTree = "<group>"; };
		F5768D59565E7B34D7BE091B /* ServiceDetailViewModel.swift */ = {isa = PBXFileReference; lastKnownFileType = sourcecode.swift; path = ServiceDetailViewModel.swift; sourceTree = "<group>"; };
		F5BC84EA7EA1636E5A9CCD26 /* WelcomeViewModel.swift */ = {isa = PBXFileReference; lastKnownFileType = sourcecode.swift; path = WelcomeViewModel.swift; sourceTree = "<group>"; };
		F6D4473FD7FCE7BEDB3918C5 /* CalendarView.swift */ = {isa = PBXFileReference; lastKnownFileType = sourcecode.swift; path = CalendarView.swift; sourceTree = "<group>"; };
		FBFB90E40E6C4E9D94E0AA14 /* SuccessRegistrationView.swift */ = {isa = PBXFileReference; lastKnownFileType = sourcecode.swift; path = SuccessRegistrationView.swift; sourceTree = "<group>"; };
		FE481E6C8FF2B43F3ABC8DB1 /* AppIcons.swift */ = {isa = PBXFileReference; lastKnownFileType = sourcecode.swift; path = AppIcons.swift; sourceTree = "<group>"; };
		FE85C5E86AAC5F0689BA799E /* NextVisitView.swift */ = {isa = PBXFileReference; lastKnownFileType = sourcecode.swift; path = NextVisitView.swift; sourceTree = "<group>"; };
		FFBBA737D246D4B268FD5019 /* BottomSheetView+Extensions.swift */ = {isa = PBXFileReference; lastKnownFileType = sourcecode.swift; path = "BottomSheetView+Extensions.swift"; sourceTree = "<group>"; };
/* End PBXFileReference section */

/* Begin PBXFrameworksBuildPhase section */
		B0564354CE86D333F6CE7170 /* Frameworks */ = {
			isa = PBXFrameworksBuildPhase;
			buildActionMask = 2147483647;
			files = (
				E194506DD027C463F2884584 /* libPods-iosApp.a in Frameworks */,
			);
			runOnlyForDeploymentPostprocessing = 0;
		};
/* End PBXFrameworksBuildPhase section */

/* Begin PBXGroup section */
		017A787BD431850E4ABD9A5A /* Buttons */ = {
			isa = PBXGroup;
			children = (
				7154F69E5C85143FC40B5BF7 /* AppButton.swift */,
				023843EF1E69F331DE2D58CB /* NavigationButton.swift */,
			);
			path = Buttons;
			sourceTree = "<group>";
		};
		1625F7B8FCDDEFB557EC4EB8 /* Source */ = {
			isa = PBXGroup;
			children = (
				B1B76C063825EE5F29A297AD /* Architecture */,
				408FAEEFE652EC7234ABD25F /* Managers */,
				4B0C0589B154FD9886F6F1BF /* SupportFiles */,
			);
			path = Source;
			sourceTree = "<group>";
		};
		1954ED6705AF7914C4D088D9 /* CreateProfileView */ = {
			isa = PBXGroup;
			children = (
				E049BAD02AE2C17929487EEE /* CreateProfileView.swift */,
				1F69388EC9F4C5E2BC650CDB /* CreateProfileViewModel.swift */,
			);
			path = CreateProfileView;
			sourceTree = "<group>";
		};
		19D05A5EDF44CBF71431D4B2 /* Rows */ = {
			isa = PBXGroup;
			children = (
				0935928BE7FDC65224FB24DB /* ProfileItemRow.swift */,
				7ED9264D1B49C706A2A873CB /* VisitItemRow.swift */,
			);
			path = Rows;
			sourceTree = "<group>";
		};
		262E9D3455E023C6A33167F3 /* BookingView */ = {
			isa = PBXGroup;
			children = (
				44D46B3E46E66CF1227444BB /* BookingView.swift */,
				7287854F3943D0C482E2B841 /* BookingViewModel.swift */,
			);
			path = BookingView;
			sourceTree = "<group>";
		};
		2974BA5E45C72CC20A11B2B4 /* Builders */ = {
			isa = PBXGroup;
			children = (
				42EBD39DC252B9F5B746E92D /* AuthPageBuilder.swift */,
				15DA1D6E3B1252D9348766F0 /* DashboardPageBuilder.swift */,
				7A6400D17C32C999C6C9E8DE /* NavigationSteps.swift */,
				CF6F672671EA49CC3AA0F161 /* ProfilePageBuilder.swift */,
			);
			path = Builders;
			sourceTree = "<group>";
		};
		2A7BF9A0F03EBC2ECD07FC17 /* Pods */ = {
			isa = PBXGroup;
			children = (
				BFB5DFBC4E0A242E8F8B3C92 /* Pods-iosApp.debug.xcconfig */,
				7199BF4EECE51E941EFDE750 /* Pods-iosApp.release.xcconfig */,
			);
			name = Pods;
			path = Pods;
			sourceTree = "<group>";
		};
		2DECC535258CAAE9960572EF /* Resources */ = {
			isa = PBXGroup;
			children = (
				5EED8E6BD7FEFEC84586D0C7 /* PhoneNumberMetadata.json */,
			);
			path = Resources;
			sourceTree = "<group>";
		};
		322B76D03808A8F1B5786378 /* Sections */ = {
			isa = PBXGroup;
			children = (
				F6D4473FD7FCE7BEDB3918C5 /* CalendarView.swift */,
				A210821D4C6674B47D2BDEB7 /* ContactsView.swift */,
				948E98B56B7339711E958B8F /* LocationView.swift */,
				1A392DE364D75A4662397DB6 /* ReviewView.swift */,
				433A2BE64D1C08AEBEB832EC /* SelectDistanceView.swift */,
				A25F27D1C260E5C5FE36C872 /* SelectHoursView.swift */,
				4C77208FF325AFAE8D497222 /* SelectRateView.swift */,
				193C8A583F6B41B1E77DAD99 /* WorkingHoursView.swift */,
			);
			path = Sections;
			sourceTree = "<group>";
		};
		3261AB8175DE741444A99718 /* InfoView */ = {
			isa = PBXGroup;
			children = (
				05404B93264DAA0CFCCA071D /* EnableLocationView.swift */,
				9CE18C11407EDCF654A110DE /* SuccessCancelBookingView.swift */,
				E39D0DCC6AE8FD309BF52B4C /* SuccessRateView.swift */,
				FBFB90E40E6C4E9D94E0AA14 /* SuccessRegistrationView.swift */,
			);
			path = InfoView;
			sourceTree = "<group>";
		};
		3666012298E772D226418813 /* Frameworks */ = {
			isa = PBXGroup;
			children = (
				A8549BCB7E233C313803E8E8 /* iPhoneNumberField */,
				55DA6FFDB4D542609C0C22EF /* PhoneNumberKit */,
				C29560CFB59F69A7D75126C4 /* libPods-iosApp.a */,
			);
			path = Frameworks;
			sourceTree = "<group>";
		};
		38B69C3F79CD97858CF7B609 = {
			isa = PBXGroup;
			children = (
				D80FC7EF3AD536EFC2F4B251 /* Environments */,
				42544372FC5DBB455DA9668D /* fastlane */,
				3666012298E772D226418813 /* Frameworks */,
				1625F7B8FCDDEFB557EC4EB8 /* Source */,
				25006C33F90F92C794C7A588 /* .project.yml */,
				B057366086E8A69B92BDF018 /* .swiftlint.yml */,
				94C98B8B3A2BFC1966447269 /* Products */,
				2A7BF9A0F03EBC2ECD07FC17 /* Pods */,
			);
			indentWidth = 4;
			sourceTree = "<group>";
			tabWidth = 4;
			usesTabs = 0;
		};
		3A72E1697CED545CA784580B /* AssetsFont */ = {
			isa = PBXGroup;
			children = (
				5A353E7708F1E1A9949464D7 /* Urbanist */,
				C2D2D51146E2A9C157169FF8 /* AppStyleFont.swift */,
			);
			path = AssetsFont;
			sourceTree = "<group>";
		};
		408FAEEFE652EC7234ABD25F /* Managers */ = {
			isa = PBXGroup;
			children = (
				9B3134FD28D21AFC0A838BE9 /* _Waiting */,
				2974BA5E45C72CC20A11B2B4 /* Builders */,
				F4F4613F446F563BACCBB849 /* FacebookManager.swift */,
				3AB18B66E68778718D380978 /* GoogleManager.swift */,
				E8BD639F586769C6B8EAC6EC /* LocalManager.swift */,
				43B3B010B41B371112D7B301 /* LocationManager.swift */,
				0EDA61D54DE9306549CDAE18 /* Logger.swift */,
				496662829561F5959BA915E9 /* PermissionManager.swift */,
			);
			path = Managers;
			sourceTree = "<group>";
		};
		42544372FC5DBB455DA9668D /* fastlane */ = {
			isa = PBXGroup;
			children = (
				A654A5962562C7E99909911B /* .env.default.sample */,
				5DBA1ABFDC44661587283980 /* Appfile */,
				CFC610DFD9C6E87B31FEAD8A /* Fastfile */,
				1F6497D629BE6E4D3A88295E /* Gymfile */,
				33DF0F79E65EDE0472227A39 /* Matchfile */,
				60A6CBAFA6EE183DC0F1CCB4 /* Pluginfile */,
				CE8422501FBC72D872A753D2 /* report.xml */,
			);
			path = fastlane;
			sourceTree = "<group>";
		};
		4B0C0589B154FD9886F6F1BF /* SupportFiles */ = {
			isa = PBXGroup;
			children = (
				6BC835BEBB14B750C4D88F00 /* AssetsColor */,
				3A72E1697CED545CA784580B /* AssetsFont */,
				72C15E03E677B905C796972C /* AssetsImage */,
				5205C871FEA868F432917B36 /* AssetsLocalization */,
				B14BE57790AD1B8E6E517679 /* Extensions */,
				69D32A92D6E734CDAA08B6C7 /* SwiftUI */,
				5AFE24285B3014D2C9AB27D2 /* LocalProperties.swift */,
				23D4885EC923EC14FAA8AF7B /* Vibrate.swift */,
			);
			path = SupportFiles;
			sourceTree = "<group>";
		};
		5205C871FEA868F432917B36 /* AssetsLocalization */ = {
			isa = PBXGroup;
			children = (
				ECBFE3C8613290F969A45B62 /* Localizable.xcstrings */,
			);
			path = AssetsLocalization;
			sourceTree = "<group>";
		};
		55B08D25C04FF7AF92966FD9 /* Inputs */ = {
			isa = PBXGroup;
			children = (
				34AD2810AD21AECB2139D761 /* AppInputField.swift */,
				AB5CAC0DACD6CDF4F23CE806 /* AppPhoneNumber.swift */,
				643AA7CD82BDD5D15E3D1479 /* BirthDayInputView.swift */,
			);
			path = Inputs;
			sourceTree = "<group>";
		};
		55DA6FFDB4D542609C0C22EF /* PhoneNumberKit */ = {
			isa = PBXGroup;
			children = (
				2DECC535258CAAE9960572EF /* Resources */,
				5865C30AB5E3EABE3CF28007 /* UI */,
				C6A246880298801E0EC91B85 /* Bundle+Resources.swift */,
				F38A92F8067A79DD11DFAFD9 /* Constants.swift */,
				988B1869131602ED94614EB5 /* Formatter.swift */,
				97DC64AC373F7BEA5A5B6F74 /* MetadataManager.swift */,
				DD9F3277EC098D62FD4A7F89 /* MetadataParsing.swift */,
				B5099BD4503D454E39ED09AD /* MetadataTypes.swift */,
				4E9640E0265090EFED741BDD /* NSRegularExpression+Swift.swift */,
				21567DEB8C589A6C6D059CF7 /* ParseManager.swift */,
				C1CDC92A918C1F7A678CB40B /* PartialFormatter.swift */,
				3B2814845DFD8311FB66BCD0 /* PhoneNumber.swift */,
				A6AA1D3E956346B9D15EA2C2 /* PhoneNumber+Codable.swift */,
				739654BE37DB6E1E6AF3601C /* PhoneNumberFormatter.swift */,
				85A0CF603539FE0BA4EDAA15 /* PhoneNumberKit.swift */,
				80E3060DE0300A1A729393F2 /* PhoneNumberParser.swift */,
				8DAD2947E86E8E799BA9EFBF /* RegexManager.swift */,
			);
			path = PhoneNumberKit;
			sourceTree = "<group>";
		};
		5865C30AB5E3EABE3CF28007 /* UI */ = {
			isa = PBXGroup;
			children = (
				6CD7943DDF774FEBBBCE3315 /* CountryCodePickerViewController.swift */,
				5658F15AB3C0E6B1AAA8E9C6 /* PhoneNumberTextField.swift */,
			);
			path = UI;
			sourceTree = "<group>";
		};
		5A353E7708F1E1A9949464D7 /* Urbanist */ = {
			isa = PBXGroup;
			children = (
				5B367F744567258698E0B91E /* Urbanist-Black.ttf */,
				00190B7344A9C2DE87752522 /* Urbanist-Bold.ttf */,
				AF58D57AC7C0F541975D407E /* Urbanist-Medium.ttf */,
				9F6229C7C69654B803AD7365 /* Urbanist-Regular.ttf */,
				53FB88955FB6417E4737198E /* Urbanist-Semibold.ttf */,
			);
			path = Urbanist;
			sourceTree = "<group>";
		};
		62B06F3CC8D1C3868C16DCDD /* LoginView */ = {
			isa = PBXGroup;
			children = (
				47B79E852153DFE481A2A8E6 /* LoginView.swift */,
				7EBA42D3FD7E443D411E3D79 /* LoginViewModel.swift */,
			);
			path = LoginView;
			sourceTree = "<group>";
		};
		69D32A92D6E734CDAA08B6C7 /* SwiftUI */ = {
			isa = PBXGroup;
			children = (
				7C021E8E128AF18BB414AE4B /* Basic */,
				017A787BD431850E4ABD9A5A /* Buttons */,
				3261AB8175DE741444A99718 /* InfoView */,
				55B08D25C04FF7AF92966FD9 /* Inputs */,
				19D05A5EDF44CBF71431D4B2 /* Rows */,
				322B76D03808A8F1B5786378 /* Sections */,
				C9B81035D832E94137B828A4 /* Views */,
			);
			path = SwiftUI;
			sourceTree = "<group>";
		};
		6BC835BEBB14B750C4D88F00 /* AssetsColor */ = {
			isa = PBXGroup;
			children = (
				7FA54D3B98734337F444C2AF /* AppStyleColor.swift */,
				C596B4F7CDEF2B50B7F01C1E /* Colors.xcassets */,
			);
			path = AssetsColor;
			sourceTree = "<group>";
		};
		704E16A7E29C4DFAA7543607 /* ServiceDetailView */ = {
			isa = PBXGroup;
			children = (
				1654FDF12EAD2015AA92F3A4 /* ServiceDetailView.swift */,
				F5768D59565E7B34D7BE091B /* ServiceDetailViewModel.swift */,
			);
			path = ServiceDetailView;
			sourceTree = "<group>";
		};
		72C15E03E677B905C796972C /* AssetsImage */ = {
			isa = PBXGroup;
			children = (
				FE481E6C8FF2B43F3ABC8DB1 /* AppIcons.swift */,
				DD56B8F69B1182210A82C9A5 /* Assets.xcassets */,
			);
			path = AssetsImage;
			sourceTree = "<group>";
		};
		7C021E8E128AF18BB414AE4B /* Basic */ = {
			isa = PBXGroup;
			children = (
				0C33DDCAA1ADB1487FA30B90 /* BaseView.swift */,
				1FF9E18BCA01C85F1623A93D /* RoundedShape.swift */,
			);
			path = Basic;
			sourceTree = "<group>";
		};
		94C98B8B3A2BFC1966447269 /* Products */ = {
			isa = PBXGroup;
			children = (
				86038AE1032E284E79B32AD6 /* iosApp.app */,
			);
			name = Products;
			sourceTree = "<group>";
		};
		9B3134FD28D21AFC0A838BE9 /* _Waiting */ = {
			isa = PBXGroup;
			children = (
				BC2050D918405DF624AB9091 /* NetworkManager */,
				5DBA98F738B1C39A0F8BF4CB /* LocalCacheManager.swift */,
			);
			path = _Waiting;
			sourceTree = "<group>";
		};
		A8549BCB7E233C313803E8E8 /* iPhoneNumberField */ = {
			isa = PBXGroup;
			children = (
				AD0A1D67D8DC5F74F0DB1128 /* iPhoneNumberField.swift */,
				BBD638D26F97AEC82DBF899E /* iPhoneNumberField+ViewModifiers.swift */,
				5C8BC56F22BF473693CCB72B /* UIFont+Init.swift */,
			);
			path = iPhoneNumberField;
			sourceTree = "<group>";
		};
		B14BE57790AD1B8E6E517679 /* Extensions */ = {
			isa = PBXGroup;
			children = (
				F0F58E78CFEA23B5CF919212 /* Application+Extensions.swift */,
				FFBBA737D246D4B268FD5019 /* BottomSheetView+Extensions.swift */,
				EEEE6149C04733A62E9AA48B /* Date+Extensions.swift */,
				901AF27716274C00F28F7236 /* String+Extensions.swift */,
				C7068312827929ABCC3E50A7 /* Text+Extensions.swift */,
				4539C7665913FC4BE8FD4013 /* View+Extensions.swift */,
			);
			path = Extensions;
			sourceTree = "<group>";
		};
		B1B76C063825EE5F29A297AD /* Architecture */ = {
			isa = PBXGroup;
			children = (
				262E9D3455E023C6A33167F3 /* BookingView */,
				1954ED6705AF7914C4D088D9 /* CreateProfileView */,
				F62C37E406083C580EEE758A /* DashboardView */,
				BB1A49B0BB281DDE893626D5 /* EnterCodeView */,
				BD783EBE869DBD90896BA77E /* LocationView */,
				62B06F3CC8D1C3868C16DCDD /* LoginView */,
				E94FD1B3F47E35F195E0FDC4 /* ProfileView */,
				704E16A7E29C4DFAA7543607 /* ServiceDetailView */,
				D23A15A5CB8655E17B9B0294 /* SplashView */,
				B8A81B833143F51C5294EF70 /* TutorialViews */,
				C7243E9EF52ABB1EB7E7C57C /* WelcomeView */,
				0FA3BC3BA1B4DFC18DA82570 /* AppDelegate.swift */,
				56410C35ED3A97331CE70DA8 /* BookMeNowApp.swift */,
			);
			path = Architecture;
			sourceTree = "<group>";
		};
		B8A81B833143F51C5294EF70 /* TutorialViews */ = {
			isa = PBXGroup;
			children = (
				7E4769CC12F1540111B3B1BB /* TutorialDescriptionModuleView.swift */,
				E52C84BCF7C3C7899407B45D /* TutorialWelcomeModuleView.swift */,
			);
			path = TutorialViews;
			sourceTree = "<group>";
		};
		BB1A49B0BB281DDE893626D5 /* EnterCodeView */ = {
			isa = PBXGroup;
			children = (
				0CC06EE18C47E6DE9F3ED926 /* EnterCodeView.swift */,
				EC38E6919433159B1F605566 /* EnterCodeViewModel.swift */,
			);
			path = EnterCodeView;
			sourceTree = "<group>";
		};
		BC2050D918405DF624AB9091 /* NetworkManager */ = {
			isa = PBXGroup;
			children = (
				9028FFA377E134A1D8DDE8E0 /* NetworkManager.swift */,
				8E578F8B2791398CD262C36C /* NetworkOperation.swift */,
				016A22AA79EE3349B951A5A3 /* NetworkOperationData.swift */,
			);
			path = NetworkManager;
			sourceTree = "<group>";
		};
		BD783EBE869DBD90896BA77E /* LocationView */ = {
			isa = PBXGroup;
			children = (
				474E3786BF3E6E9391A748BE /* NearByView.swift */,
				D7A4DD5334387BBE874E7225 /* NearByViewModel.swift */,
			);
			path = LocationView;
			sourceTree = "<group>";
		};
		C7243E9EF52ABB1EB7E7C57C /* WelcomeView */ = {
			isa = PBXGroup;
			children = (
				1B383F0E291261CB3AF84F5C /* WelcomeView.swift */,
				F5BC84EA7EA1636E5A9CCD26 /* WelcomeViewModel.swift */,
			);
			path = WelcomeView;
			sourceTree = "<group>";
		};
		C9B81035D832E94137B828A4 /* Views */ = {
			isa = PBXGroup;
			children = (
				A5549B87F3C679D287877FFC /* CancelBookingView.swift */,
				C676DF109A10731D1FF4952A /* FilterView.swift */,
				176EC31AB21A6530C5366BB0 /* GetDirectionView.swift */,
				275E228DA7708CEB25B57CAF /* LogoutView.swift */,
				D1F9A63276CD68575EB9A010 /* NearByItemView.swift */,
				FE85C5E86AAC5F0689BA799E /* NextVisitView.swift */,
				39ACF3FF78EB1DC504274580 /* PagingView.swift */,
				75FBF4B766165D0A40F6E635 /* ProfilePreviewView.swift */,
				98288509212F4CED49AB119F /* RateView.swift */,
				C9E3CA71A842E27E8578FA80 /* VerificationCodeView.swift */,
			);
			path = Views;
			sourceTree = "<group>";
		};
		D23A15A5CB8655E17B9B0294 /* SplashView */ = {
			isa = PBXGroup;
			children = (
				11F386DAD41C289017A07E39 /* SplashView.swift */,
				9489D3FFECBBA9BE19B97283 /* SplashViewModel.swift */,
			);
			path = SplashView;
			sourceTree = "<group>";
		};
		D7AC852A797F3AFB5C06528D /* Develop */ = {
			isa = PBXGroup;
			children = (
				98AF1E20C938174F7113100E /* GoogleService-Info.plist */,
				1C7FF9F76F91A9BB5BB449C7 /* Info.plist */,
			);
			path = Develop;
			sourceTree = "<group>";
		};
		D80FC7EF3AD536EFC2F4B251 /* Environments */ = {
			isa = PBXGroup;
			children = (
				D7AC852A797F3AFB5C06528D /* Develop */,
				FBB8BDE67EDA9567B554435B /* Release */,
			);
			path = Environments;
			sourceTree = "<group>";
		};
		E94FD1B3F47E35F195E0FDC4 /* ProfileView */ = {
			isa = PBXGroup;
			children = (
				D3728C0010425CF325DE9810 /* ProfileView.swift */,
				53631D1BC78FC8D05997DAA7 /* ProfileViewModel.swift */,
			);
			path = ProfileView;
			sourceTree = "<group>";
		};
		F62C37E406083C580EEE758A /* DashboardView */ = {
			isa = PBXGroup;
			children = (
				9ACD9E078DE551FECD1FD950 /* DashboardContainerView.swift */,
				967D98F5DBC8B8529B4F3095 /* DashboardView.swift */,
				00550AE8743BA3A942FA0B2D /* DashboardViewModel.swift */,
			);
			path = DashboardView;
			sourceTree = "<group>";
		};
		FBB8BDE67EDA9567B554435B /* Release */ = {
			isa = PBXGroup;
			children = (
				58E2C13111033B99B50B5844 /* CHANGELOG.md */,
			);
			path = Release;
			sourceTree = "<group>";
		};
/* End PBXGroup section */

/* Begin PBXNativeTarget section */
		78B53CC79860CBFC2F5543C6 /* iosApp */ = {
			isa = PBXNativeTarget;
			buildConfigurationList = 29DCA9F0B3A40325067EB163 /* Build configuration list for PBXNativeTarget "iosApp" */;
			buildPhases = (
				D1E608E4F17022FCD5E32ADB /* [CP] Check Pods Manifest.lock */,
				297B59D9CE634556D6007C40 /* Sources */,
				1623B02D10928C8101C1F806 /* Resources */,
				05EC27C907735640BF95E71D /* [Script] SwiftLint */,
				B0564354CE86D333F6CE7170 /* Frameworks */,
				31B29B98E59759F6394760B3 /* [CP] Embed Pods Frameworks */,
				401894EE44E19F5C39445DEA /* [CP] Copy Pods Resources */,
			);
			buildRules = (
			);
			dependencies = (
			);
			name = iosApp;
			productName = iosApp;
			productReference = 86038AE1032E284E79B32AD6 /* iosApp.app */;
			productType = "com.apple.product-type.application";
		};
/* End PBXNativeTarget section */

/* Begin PBXProject section */
		242FB5348943441C388468CE /* Project object */ = {
			isa = PBXProject;
			attributes = {
				BuildIndependentTargetsInParallel = YES;
				LastUpgradeCheck = 1430;
				TargetAttributes = {
					78B53CC79860CBFC2F5543C6 = {
						DevelopmentTeam = 45N7H6HE3J;
						ProvisioningStyle = Automatic;
					};
				};
			};
			buildConfigurationList = FF7CA1CA754D017066F1822F /* Build configuration list for PBXProject "iosApp" */;
			compatibilityVersion = "Xcode 14.0";
			developmentRegion = en;
			hasScannedForEncodings = 0;
			knownRegions = (
				Base,
				en,
			);
			mainGroup = 38B69C3F79CD97858CF7B609;
			productRefGroup = 94C98B8B3A2BFC1966447269 /* Products */;
			projectDirPath = "";
			projectRoot = "";
			targets = (
				78B53CC79860CBFC2F5543C6 /* iosApp */,
			);
		};
/* End PBXProject section */

/* Begin PBXResourcesBuildPhase section */
		1623B02D10928C8101C1F806 /* Resources */ = {
			isa = PBXResourcesBuildPhase;
			buildActionMask = 2147483647;
			files = (
				923D1EE713F94E2990D09F32 /* .env.default.sample in Resources */,
				B036FC806EADFBBB344F7BCD /* .project.yml in Resources */,
				DCBDD69350D66A14CD3B3A32 /* .swiftlint.yml in Resources */,
				FCAD36C01782689F0E8FBB2D /* Assets.xcassets in Resources */,
				74DCFDEBED1465D1992C01EF /* CHANGELOG.md in Resources */,
				28E08C69A780575DF979BD79 /* Colors.xcassets in Resources */,
				A1F61CE96E73708DD024F2A0 /* GoogleService-Info.plist in Resources */,
				E873206EB4EF9E8626384DC0 /* Localizable.xcstrings in Resources */,
				6C6FA30D5756D4F23A4F073A /* PhoneNumberMetadata.json in Resources */,
				B00323664ECDFC696B97B61D /* Urbanist-Black.ttf in Resources */,
				A045EC07C9D4CB6E1036BC8A /* Urbanist-Bold.ttf in Resources */,
				8F7A17D6340DEE5CDA8F9936 /* Urbanist-Medium.ttf in Resources */,
				747F530670CA4230C010F094 /* Urbanist-Regular.ttf in Resources */,
				E063EAADB7CF35E5BCEB7013 /* Urbanist-Semibold.ttf in Resources */,
				1D75AA2B9E3B9188FE79562C /* report.xml in Resources */,
			);
			runOnlyForDeploymentPostprocessing = 0;
		};
/* End PBXResourcesBuildPhase section */

/* Begin PBXShellScriptBuildPhase section */
		05EC27C907735640BF95E71D /* [Script] SwiftLint */ = {
			isa = PBXShellScriptBuildPhase;
			buildActionMask = 2147483647;
			files = (
			);
			inputFileListPaths = (
			);
			inputPaths = (
			);
			name = "[Script] SwiftLint";
			outputFileListPaths = (
			);
			outputPaths = (
			);
			runOnlyForDeploymentPostprocessing = 0;
			shellPath = /bin/sh;
			shellScript = "if [[ \"$(uname -m)\" == arm64 ]]; then\n    export PATH=\"/opt/homebrew/bin:$PATH\"\nfi\n\nif which swiftlint > /dev/null; then\n    swiftlint\nelse\n    echo \"warning: SwiftLint not installed, download from https://github.com/realm/SwiftLint\"\nfi\n";
		};
		31B29B98E59759F6394760B3 /* [CP] Embed Pods Frameworks */ = {
			isa = PBXShellScriptBuildPhase;
			buildActionMask = 2147483647;
			files = (
			);
			inputFileListPaths = (
				"${PODS_ROOT}/Target Support Files/Pods-iosApp/Pods-iosApp-frameworks-${CONFIGURATION}-input-files.xcfilelist",
			);
			name = "[CP] Embed Pods Frameworks";
			outputFileListPaths = (
				"${PODS_ROOT}/Target Support Files/Pods-iosApp/Pods-iosApp-frameworks-${CONFIGURATION}-output-files.xcfilelist",
			);
			runOnlyForDeploymentPostprocessing = 0;
			shellPath = /bin/sh;
			shellScript = "\"${PODS_ROOT}/Target Support Files/Pods-iosApp/Pods-iosApp-frameworks.sh\"\n";
			showEnvVarsInLog = 0;
		};
		401894EE44E19F5C39445DEA /* [CP] Copy Pods Resources */ = {
			isa = PBXShellScriptBuildPhase;
			buildActionMask = 2147483647;
			files = (
			);
			inputFileListPaths = (
				"${PODS_ROOT}/Target Support Files/Pods-iosApp/Pods-iosApp-resources-${CONFIGURATION}-input-files.xcfilelist",
			);
			name = "[CP] Copy Pods Resources";
			outputFileListPaths = (
				"${PODS_ROOT}/Target Support Files/Pods-iosApp/Pods-iosApp-resources-${CONFIGURATION}-output-files.xcfilelist",
			);
			runOnlyForDeploymentPostprocessing = 0;
			shellPath = /bin/sh;
			shellScript = "\"${PODS_ROOT}/Target Support Files/Pods-iosApp/Pods-iosApp-resources.sh\"\n";
			showEnvVarsInLog = 0;
		};
		D1E608E4F17022FCD5E32ADB /* [CP] Check Pods Manifest.lock */ = {
			isa = PBXShellScriptBuildPhase;
			buildActionMask = 2147483647;
			files = (
			);
			inputFileListPaths = (
			);
			inputPaths = (
				"${PODS_PODFILE_DIR_PATH}/Podfile.lock",
				"${PODS_ROOT}/Manifest.lock",
			);
			name = "[CP] Check Pods Manifest.lock";
			outputFileListPaths = (
			);
			outputPaths = (
				"$(DERIVED_FILE_DIR)/Pods-iosApp-checkManifestLockResult.txt",
			);
			runOnlyForDeploymentPostprocessing = 0;
			shellPath = /bin/sh;
			shellScript = "diff \"${PODS_PODFILE_DIR_PATH}/Podfile.lock\" \"${PODS_ROOT}/Manifest.lock\" > /dev/null\nif [ $? != 0 ] ; then\n    # print error to STDERR\n    echo \"error: The sandbox is not in sync with the Podfile.lock. Run 'pod install' or update your CocoaPods installation.\" >&2\n    exit 1\nfi\n# This output is used by Xcode 'outputs' to avoid re-running this script phase.\necho \"SUCCESS\" > \"${SCRIPT_OUTPUT_FILE_0}\"\n";
			showEnvVarsInLog = 0;
		};
/* End PBXShellScriptBuildPhase section */

/* Begin PBXSourcesBuildPhase section */
		297B59D9CE634556D6007C40 /* Sources */ = {
			isa = PBXSourcesBuildPhase;
			buildActionMask = 2147483647;
			files = (
				97049C25A347DDD7EF536C05 /* AppButton.swift in Sources */,
				CC6B68663AC5C58A234C5277 /* AppDelegate.swift in Sources */,
				011D78DA793599FD75816981 /* AppIcons.swift in Sources */,
				D2D63D55112BB5F74A915A73 /* AppInputField.swift in Sources */,
				820C3BAA4262E89EBE816A29 /* AppPhoneNumber.swift in Sources */,
				FF045D77C5C4DB61C285DF9C /* AppStyleColor.swift in Sources */,
				46AA61A3E3284E05C0C6CDCE /* AppStyleFont.swift in Sources */,
				96997E695A64CF563E6022D5 /* Application+Extensions.swift in Sources */,
				871CBE3FEAF026579EC3D927 /* AuthPageBuilder.swift in Sources */,
				7F0B360196FD559BBBEDFA50 /* BaseView.swift in Sources */,
				4046B35C70CE1FE735AB97A2 /* BirthDayInputView.swift in Sources */,
				C2351D5BD264BB3D0B0E59C3 /* BookMeNowApp.swift in Sources */,
				31409A966428A89A3DDA5A4A /* BookingView.swift in Sources */,
				119FE353395ACA95D33925C3 /* BookingViewModel.swift in Sources */,
				7FB8A0163B8C5A19058F7CE0 /* BottomSheetView+Extensions.swift in Sources */,
				EB86A0FEE81728A27A447630 /* Bundle+Resources.swift in Sources */,
				4AA9136EE1EB6926BA376133 /* CalendarView.swift in Sources */,
				4920EB0019DDF7EE7C91E73F /* CancelBookingView.swift in Sources */,
				C819C2E8AE12B9AAE039A189 /* Constants.swift in Sources */,
				81BBC581F910664005F85628 /* ContactsView.swift in Sources */,
				CE26D4B03668CDBC2A5B8706 /* CountryCodePickerViewController.swift in Sources */,
				EF38D84307BA5E2D100770DB /* CreateProfileView.swift in Sources */,
				E5F547BAFD51D6D8544B7E42 /* CreateProfileViewModel.swift in Sources */,
				D72194E63C7079E37416649D /* DashboardContainerView.swift in Sources */,
				C64AAA6BAF2D1FB26D56A1A5 /* DashboardPageBuilder.swift in Sources */,
				3DE4F9A067E5E1406D6F5943 /* DashboardView.swift in Sources */,
				B5F82E736DE537157A9B0517 /* DashboardViewModel.swift in Sources */,
				8919ADB987F647AE2578722A /* Date+Extensions.swift in Sources */,
				6386AB668B69AC0D4E06EB68 /* EnableLocationView.swift in Sources */,
				CC9FAD65E6CD461B7B9DDDFA /* EnterCodeView.swift in Sources */,
				FEF0E6FCEE647FDEB03F6066 /* EnterCodeViewModel.swift in Sources */,
				0A34637A85CB7924B45F7AE7 /* FacebookManager.swift in Sources */,
				47B60C8948EE1F8646B8E03F /* FilterView.swift in Sources */,
				16FE331E2BA84E7C139F6011 /* Formatter.swift in Sources */,
				2CA8FC21C62F793C0CE589A1 /* GetDirectionView.swift in Sources */,
				5C6A8FA8903AD2BD819C279C /* GoogleManager.swift in Sources */,
				FA1DD1B8316BC39136D9FFDE /* LocalCacheManager.swift in Sources */,
				119B5B22E2659F9D93A4A86A /* LocalManager.swift in Sources */,
				7A1489A58B5D8B13ABCC1DB5 /* LocalProperties.swift in Sources */,
				F324BDC3540634E917F15EA9 /* LocationManager.swift in Sources */,
				2578FF6BDB63262A2497063B /* LocationView.swift in Sources */,
				BA3BED370745E646D56D69BC /* Logger.swift in Sources */,
				0A560A4D252E02EAF94AF405 /* LoginView.swift in Sources */,
				80A8D985B6CA562C0356A99F /* LoginViewModel.swift in Sources */,
				28D5D82B0F403FBF9EC71705 /* LogoutView.swift in Sources */,
				2106C505A81E297149A8FC78 /* MetadataManager.swift in Sources */,
				EDE5F03896000AF4323A1370 /* MetadataParsing.swift in Sources */,
				08E5AACCFF39995D7AE7BF5C /* MetadataTypes.swift in Sources */,
				6D8F506D26633805600FADD7 /* NSRegularExpression+Swift.swift in Sources */,
				D2F7BC3B742F927B81C4496A /* NavigationButton.swift in Sources */,
				9D7456878FE2AF14DEFB375E /* NavigationSteps.swift in Sources */,
				A1EF4DBFD9E55EA0DF08F006 /* NearByItemView.swift in Sources */,
				BFB89570588FA0C98DE0F25B /* NearByView.swift in Sources */,
				164E777496FD61C79373E446 /* NearByViewModel.swift in Sources */,
				C4086FD38C4A4BA5AC840938 /* NetworkManager.swift in Sources */,
				72D8F713367D70DD8990CAC4 /* NetworkOperation.swift in Sources */,
				F100D44B8260AF5B70B1A1CE /* NetworkOperationData.swift in Sources */,
				3980DC76D69DBD25DDEB9AC2 /* NextVisitView.swift in Sources */,
				721944179BAD142151682AC6 /* PagingView.swift in Sources */,
				3A87FF85AC451E41D60B8E24 /* ParseManager.swift in Sources */,
				39A67E00F855D7E2F5B55AAA /* PartialFormatter.swift in Sources */,
				813A4B195A9B057894F03DD6 /* PermissionManager.swift in Sources */,
				06F88EADD88315A5C1100667 /* PhoneNumber+Codable.swift in Sources */,
				A943CDD933502248088578FC /* PhoneNumber.swift in Sources */,
				4E0597383F724BF8BF2CE408 /* PhoneNumberFormatter.swift in Sources */,
				98522184D648A5C4CD38371A /* PhoneNumberKit.swift in Sources */,
				BFB3268BCD1399CD2E542CEB /* PhoneNumberParser.swift in Sources */,
				6A2C4BC9D3E57D1F57E4F51A /* PhoneNumberTextField.swift in Sources */,
				BEC1785FB3637DE2B27CE632 /* ProfileItemRow.swift in Sources */,
				B56D2836B473A270365FFA09 /* ProfilePageBuilder.swift in Sources */,
				94EA194C81EB583A65454CD1 /* ProfilePreviewView.swift in Sources */,
				7416E6E7097CFF2F47C5E78D /* ProfileView.swift in Sources */,
				FFC6DBD4AF8C4D0F5D225A44 /* ProfileViewModel.swift in Sources */,
				0B36D2B6FF4731096B66D467 /* RateView.swift in Sources */,
				C36D27BED4587FF8FD14AFB9 /* RegexManager.swift in Sources */,
				B4EC4D97D07BA41F5C95E7AC /* ReviewView.swift in Sources */,
				87C9297D462EE8F1BF1EC074 /* RoundedShape.swift in Sources */,
				874F84E087F17D0823092950 /* SelectDistanceView.swift in Sources */,
				A4F7AD38B7448238CCD5454E /* SelectHoursView.swift in Sources */,
				84EECE34FF0B5A4B65F80505 /* SelectRateView.swift in Sources */,
				B873D5E4BAA8D38F9019EBE3 /* ServiceDetailView.swift in Sources */,
				CFD442D97EEDCB7CAEF41538 /* ServiceDetailViewModel.swift in Sources */,
				9C22E81EBE9D21FF642FA7C1 /* SplashView.swift in Sources */,
				162E118F3A51023C97AE3E81 /* SplashViewModel.swift in Sources */,
				2C25739331C2F87F49E5C2AA /* String+Extensions.swift in Sources */,
				F7A1708D4580460FB1C17DAE /* SuccessCancelBookingView.swift in Sources */,
				712BB2EB0C79F2F8EF4252CF /* SuccessRateView.swift in Sources */,
				CA98ADE878B0BE54BF5D00DF /* SuccessRegistrationView.swift in Sources */,
				1A6D0CBF77A52D86884F2FF5 /* Text+Extensions.swift in Sources */,
				DCE0DCAAC98C65A05B2E6178 /* TutorialDescriptionModuleView.swift in Sources */,
				932C86AAADDC05EB8635284F /* TutorialWelcomeModuleView.swift in Sources */,
				18353DE81FCE534C949C86D9 /* UIFont+Init.swift in Sources */,
				35A44C8BC2A6237A1E1A1EDE /* VerificationCodeView.swift in Sources */,
				F0F155A2DD6D69CB1DC13D49 /* Vibrate.swift in Sources */,
				92288C0A706563D033303B78 /* View+Extensions.swift in Sources */,
				69FCAFC96E9BE6665E08087E /* VisitItemRow.swift in Sources */,
				E9D0E85E75DA382754924DC4 /* WelcomeView.swift in Sources */,
				9B1762D58E32695C0122B90F /* WelcomeViewModel.swift in Sources */,
				5A276A55C27008ABC873568C /* WorkingHoursView.swift in Sources */,
				16B8696A0A9AE0133876ED7D /* iPhoneNumberField+ViewModifiers.swift in Sources */,
				BF6D5ADC79CED6B8F8290874 /* iPhoneNumberField.swift in Sources */,
			);
			runOnlyForDeploymentPostprocessing = 0;
		};
/* End PBXSourcesBuildPhase section */

/* Begin XCBuildConfiguration section */
		11814011E7D6EC822BFBC66D /* Release */ = {
			isa = XCBuildConfiguration;
			buildSettings = {
				ALWAYS_SEARCH_USER_PATHS = NO;
				CLANG_ANALYZER_LOCALIZABILITY_NONLOCALIZED = YES;
				CLANG_ANALYZER_NONNULL = YES;
				CLANG_ANALYZER_NUMBER_OBJECT_CONVERSION = YES_AGGRESSIVE;
				CLANG_CXX_LANGUAGE_STANDARD = "gnu++14";
				CLANG_CXX_LIBRARY = "libc++";
				CLANG_ENABLE_MODULES = YES;
				CLANG_ENABLE_OBJC_ARC = YES;
				CLANG_ENABLE_OBJC_WEAK = YES;
				CLANG_WARN_BLOCK_CAPTURE_AUTORELEASING = YES;
				CLANG_WARN_BOOL_CONVERSION = YES;
				CLANG_WARN_COMMA = YES;
				CLANG_WARN_CONSTANT_CONVERSION = YES;
				CLANG_WARN_DEPRECATED_OBJC_IMPLEMENTATIONS = YES;
				CLANG_WARN_DIRECT_OBJC_ISA_USAGE = YES_ERROR;
				CLANG_WARN_DOCUMENTATION_COMMENTS = YES;
				CLANG_WARN_EMPTY_BODY = YES;
				CLANG_WARN_ENUM_CONVERSION = YES;
				CLANG_WARN_INFINITE_RECURSION = YES;
				CLANG_WARN_INT_CONVERSION = YES;
				CLANG_WARN_NON_LITERAL_NULL_CONVERSION = YES;
				CLANG_WARN_OBJC_IMPLICIT_RETAIN_SELF = YES;
				CLANG_WARN_OBJC_LITERAL_CONVERSION = YES;
				CLANG_WARN_OBJC_ROOT_CLASS = YES_ERROR;
				CLANG_WARN_QUOTED_INCLUDE_IN_FRAMEWORK_HEADER = YES;
				CLANG_WARN_RANGE_LOOP_ANALYSIS = YES;
				CLANG_WARN_STRICT_PROTOTYPES = YES;
				CLANG_WARN_SUSPICIOUS_MOVE = YES;
				CLANG_WARN_UNGUARDED_AVAILABILITY = YES_AGGRESSIVE;
				CLANG_WARN_UNREACHABLE_CODE = YES;
				CLANG_WARN__DUPLICATE_METHOD_MATCH = YES;
				CODE_SIGN_STYLE = Automatic;
				COPY_PHASE_STRIP = NO;
				CURRENT_PROJECT_VERSION = 1;
				DEBUG_INFORMATION_FORMAT = "dwarf-with-dsym";
				DEVELOPMENT_TEAM = 45N7H6HE3J;
				ENABLE_BITCODE = NO;
				ENABLE_NS_ASSERTIONS = NO;
				ENABLE_STRICT_OBJC_MSGSEND = YES;
				"EXCLUDED_ARCHS[sdk=iphonesimulator*]" = x86_64;
				GCC_C_LANGUAGE_STANDARD = gnu11;
				GCC_NO_COMMON_BLOCKS = YES;
				GCC_WARN_64_TO_32_BIT_CONVERSION = YES;
				GCC_WARN_ABOUT_RETURN_TYPE = YES_ERROR;
				GCC_WARN_UNDECLARED_SELECTOR = YES;
				GCC_WARN_UNINITIALIZED_AUTOS = YES_AGGRESSIVE;
				GCC_WARN_UNUSED_FUNCTION = YES;
				GCC_WARN_UNUSED_VARIABLE = YES;
				MARKETING_VERSION = 1.0.0;
				MTL_ENABLE_DEBUG_INFO = NO;
				MTL_FAST_MATH = YES;
				PRODUCT_NAME = "$(TARGET_NAME)";
				SDKROOT = iphoneos;
				SWIFT_COMPILATION_MODE = wholemodule;
				SWIFT_OPTIMIZATION_LEVEL = "-O";
				SWIFT_VERSION = 5.1;
				TARGETED_DEVICE_FAMILY = 1;
			};
			name = Release;
		};
		6C824A6EB4BAD43AE2A4BB29 /* Debug */ = {
			isa = XCBuildConfiguration;
			buildSettings = {
				ALWAYS_SEARCH_USER_PATHS = NO;
				CLANG_ANALYZER_LOCALIZABILITY_NONLOCALIZED = YES;
				CLANG_ANALYZER_NONNULL = YES;
				CLANG_ANALYZER_NUMBER_OBJECT_CONVERSION = YES_AGGRESSIVE;
				CLANG_CXX_LANGUAGE_STANDARD = "gnu++14";
				CLANG_CXX_LIBRARY = "libc++";
				CLANG_ENABLE_MODULES = YES;
				CLANG_ENABLE_OBJC_ARC = YES;
				CLANG_ENABLE_OBJC_WEAK = YES;
				CLANG_WARN_BLOCK_CAPTURE_AUTORELEASING = YES;
				CLANG_WARN_BOOL_CONVERSION = YES;
				CLANG_WARN_COMMA = YES;
				CLANG_WARN_CONSTANT_CONVERSION = YES;
				CLANG_WARN_DEPRECATED_OBJC_IMPLEMENTATIONS = YES;
				CLANG_WARN_DIRECT_OBJC_ISA_USAGE = YES_ERROR;
				CLANG_WARN_DOCUMENTATION_COMMENTS = YES;
				CLANG_WARN_EMPTY_BODY = YES;
				CLANG_WARN_ENUM_CONVERSION = YES;
				CLANG_WARN_INFINITE_RECURSION = YES;
				CLANG_WARN_INT_CONVERSION = YES;
				CLANG_WARN_NON_LITERAL_NULL_CONVERSION = YES;
				CLANG_WARN_OBJC_IMPLICIT_RETAIN_SELF = YES;
				CLANG_WARN_OBJC_LITERAL_CONVERSION = YES;
				CLANG_WARN_OBJC_ROOT_CLASS = YES_ERROR;
				CLANG_WARN_QUOTED_INCLUDE_IN_FRAMEWORK_HEADER = YES;
				CLANG_WARN_RANGE_LOOP_ANALYSIS = YES;
				CLANG_WARN_STRICT_PROTOTYPES = YES;
				CLANG_WARN_SUSPICIOUS_MOVE = YES;
				CLANG_WARN_UNGUARDED_AVAILABILITY = YES_AGGRESSIVE;
				CLANG_WARN_UNREACHABLE_CODE = YES;
				CLANG_WARN__DUPLICATE_METHOD_MATCH = YES;
				CODE_SIGN_STYLE = Automatic;
				COPY_PHASE_STRIP = NO;
				CURRENT_PROJECT_VERSION = 1;
				DEBUG_INFORMATION_FORMAT = dwarf;
				DEVELOPMENT_TEAM = 45N7H6HE3J;
				ENABLE_BITCODE = NO;
				ENABLE_STRICT_OBJC_MSGSEND = YES;
				ENABLE_TESTABILITY = YES;
				"EXCLUDED_ARCHS[sdk=iphonesimulator*]" = x86_64;
				GCC_C_LANGUAGE_STANDARD = gnu11;
				GCC_DYNAMIC_NO_PIC = NO;
				GCC_NO_COMMON_BLOCKS = YES;
				GCC_OPTIMIZATION_LEVEL = 0;
				GCC_PREPROCESSOR_DEFINITIONS = (
					"$(inherited)",
					"DEBUG=1",
				);
				GCC_WARN_64_TO_32_BIT_CONVERSION = YES;
				GCC_WARN_ABOUT_RETURN_TYPE = YES_ERROR;
				GCC_WARN_UNDECLARED_SELECTOR = YES;
				GCC_WARN_UNINITIALIZED_AUTOS = YES_AGGRESSIVE;
				GCC_WARN_UNUSED_FUNCTION = YES;
				GCC_WARN_UNUSED_VARIABLE = YES;
				MARKETING_VERSION = 1.0.0;
				MTL_ENABLE_DEBUG_INFO = INCLUDE_SOURCE;
				MTL_FAST_MATH = YES;
				ONLY_ACTIVE_ARCH = YES;
				PRODUCT_NAME = "$(TARGET_NAME)";
				SDKROOT = iphoneos;
				SWIFT_ACTIVE_COMPILATION_CONDITIONS = DEBUG;
				SWIFT_OPTIMIZATION_LEVEL = "-Onone";
				SWIFT_VERSION = 5.1;
				TARGETED_DEVICE_FAMILY = 1;
			};
			name = Debug;
		};
		9221A1FDC06803E8A2FC6E61 /* Debug */ = {
			isa = XCBuildConfiguration;
			baseConfigurationReference = BFB5DFBC4E0A242E8F8B3C92 /* Pods-iosApp.debug.xcconfig */;
			buildSettings = {
				ASSETCATALOG_COMPILER_APPICON_NAME = AppIcon;
				CODE_SIGN_IDENTITY = "iPhone Developer";
				GENERATE_INFOPLIST_FILE = YES;
				INFOPLIST_FILE = Environments/Develop/Info.plist;
				INFOPLIST_KEY_UIApplicationSceneManifest_Generation = NO;
				INFOPLIST_KEY_UIApplicationSupportsIndirectInputEvents = YES;
				INFOPLIST_KEY_UILaunchScreen_Generation = YES;
				INFOPLIST_KEY_UISupportedInterfaceOrientations = UIInterfaceOrientationPortrait;
				INFOPLIST_KEY_UISupportedInterfaceOrientations_iPhone = UIInterfaceOrientationPortrait;
				INFOPLIST_KEY_UIUserInterfaceStyle = Light;
				IPHONEOS_DEPLOYMENT_TARGET = 17.0;
				LD_RUNPATH_SEARCH_PATHS = (
					"$(inherited)",
					"@executable_path/Frameworks",
				);
				PRODUCT_BUNDLE_IDENTIFIER = com.gorosoft.bookme.now;
				SDKROOT = iphoneos;
				SUPPORTED_PLATFORMS = "iphoneos iphonesimulator";
				SUPPORTS_MACCATALYST = NO;
				SUPPORTS_MAC_DESIGNED_FOR_IPHONE_IPAD = NO;
				SUPPORTS_XR_DESIGNED_FOR_IPHONE_IPAD = NO;
				TARGETED_DEVICE_FAMILY = 1;
			};
			name = Debug;
		};
		AF835BFF1220CA5AB5B867E4 /* Release */ = {
			isa = XCBuildConfiguration;
			baseConfigurationReference = 7199BF4EECE51E941EFDE750 /* Pods-iosApp.release.xcconfig */;
			buildSettings = {
				ASSETCATALOG_COMPILER_APPICON_NAME = AppIcon;
				CODE_SIGN_IDENTITY = "iPhone Developer";
				GENERATE_INFOPLIST_FILE = YES;
				INFOPLIST_FILE = Environments/Develop/Info.plist;
				INFOPLIST_KEY_UIApplicationSceneManifest_Generation = NO;
				INFOPLIST_KEY_UIApplicationSupportsIndirectInputEvents = YES;
				INFOPLIST_KEY_UILaunchScreen_Generation = YES;
				INFOPLIST_KEY_UISupportedInterfaceOrientations = UIInterfaceOrientationPortrait;
				INFOPLIST_KEY_UISupportedInterfaceOrientations_iPhone = UIInterfaceOrientationPortrait;
				INFOPLIST_KEY_UIUserInterfaceStyle = Light;
				IPHONEOS_DEPLOYMENT_TARGET = 17.0;
				LD_RUNPATH_SEARCH_PATHS = (
					"$(inherited)",
					"@executable_path/Frameworks",
				);
				PRODUCT_BUNDLE_IDENTIFIER = com.gorosoft.bookme.now;
				SDKROOT = iphoneos;
				SUPPORTED_PLATFORMS = "iphoneos iphonesimulator";
				SUPPORTS_MACCATALYST = NO;
				SUPPORTS_MAC_DESIGNED_FOR_IPHONE_IPAD = NO;
				SUPPORTS_XR_DESIGNED_FOR_IPHONE_IPAD = NO;
				TARGETED_DEVICE_FAMILY = 1;
			};
			name = Release;
		};
/* End XCBuildConfiguration section */

/* Begin XCConfigurationList section */
		29DCA9F0B3A40325067EB163 /* Build configuration list for PBXNativeTarget "iosApp" */ = {
			isa = XCConfigurationList;
			buildConfigurations = (
				9221A1FDC06803E8A2FC6E61 /* Debug */,
				AF835BFF1220CA5AB5B867E4 /* Release */,
			);
			defaultConfigurationIsVisible = 0;
			defaultConfigurationName = Release;
		};
		FF7CA1CA754D017066F1822F /* Build configuration list for PBXProject "iosApp" */ = {
			isa = XCConfigurationList;
			buildConfigurations = (
				6C824A6EB4BAD43AE2A4BB29 /* Debug */,
				11814011E7D6EC822BFBC66D /* Release */,
			);
			defaultConfigurationIsVisible = 0;
			defaultConfigurationName = Release;
		};
/* End XCConfigurationList section */
	};
	rootObject = 242FB5348943441C388468CE /* Project object */;
}
