// !$*UTF8*$!
{
	archiveVersion = 1;
	classes = {
	};
	objectVersion = 51;
	objects = {

/* Begin PBXBuildFile section */
		005A2453E975AA2818EC0B61 /* Assets.xcassets in Resources */ = {isa = PBXBuildFile; fileRef = DD56B8F69B1182210A82C9A5 /* Assets.xcassets */; };
		03634D1A82D9241E16E6EE99 /* SessionManager.swift in Sources */ = {isa = PBXBuildFile; fileRef = 3DB3FE1DD4737BCDDC68AAEB /* SessionManager.swift */; };
		0472F2A1512D64EE737CABA8 /* ParseManager.swift in Sources */ = {isa = PBXBuildFile; fileRef = 21567DEB8C589A6C6D059CF7 /* ParseManager.swift */; };
		06D14C9A7BE83164D848B961 /* PhoneNumber.swift in Sources */ = {isa = PBXBuildFile; fileRef = 3B2814845DFD8311FB66BCD0 /* PhoneNumber.swift */; };
		0C018DCDFBBBDC4842B1A843 /* NextVisitView.swift in Sources */ = {isa = PBXBuildFile; fileRef = 3563D8C5ED80296A11FBD191 /* NextVisitView.swift */; };
		13ACD3CF0029E381718B8B48 /* VerificationCodeView.swift in Sources */ = {isa = PBXBuildFile; fileRef = 637D553CEEFC3234D8ABEBF3 /* VerificationCodeView.swift */; };
		16C8002F555E50EA9E55F55F /* CreateProfilePresenter.swift in Sources */ = {isa = PBXBuildFile; fileRef = 3F706CD0120A66845C71D0D8 /* CreateProfilePresenter.swift */; };
		2174BEC39AC7F5EB44ED15E3 /* iPhoneNumberField.swift in Sources */ = {isa = PBXBuildFile; fileRef = AD0A1D67D8DC5F74F0DB1128 /* iPhoneNumberField.swift */; };
		22212FF9EBE2AE5CCD43181C /* Organization.swift in Sources */ = {isa = PBXBuildFile; fileRef = 796178B742C1E46DC82C62DE /* Organization.swift */; };
		252C3A899F46DE7061184381 /* String+Extensions.swift in Sources */ = {isa = PBXBuildFile; fileRef = 8D066D8F7A92E9575F06D7D8 /* String+Extensions.swift */; };
		2D058799840564E82ED7B5BF /* NetworkOperation.swift in Sources */ = {isa = PBXBuildFile; fileRef = 8C94B2458685D37A7DC7E408 /* NetworkOperation.swift */; };
		2E0ECA4BA6A201507CCC9C72 /* DashboardView.swift in Sources */ = {isa = PBXBuildFile; fileRef = 5EBE5C227DB8A164DC2541D5 /* DashboardView.swift */; };
		3174E883985973242E716A14 /* Navigation+Extensions.swift in Sources */ = {isa = PBXBuildFile; fileRef = F437AE070D35383BC3F0B0BA /* Navigation+Extensions.swift */; };
		3320E4D9EE716D067330B8DA /* MetadataTypes.swift in Sources */ = {isa = PBXBuildFile; fileRef = B5099BD4503D454E39ED09AD /* MetadataTypes.swift */; };
		36B2D0212A7C8DBA9FFD8D4D /* report.xml in Resources */ = {isa = PBXBuildFile; fileRef = CE8422501FBC72D872A753D2 /* report.xml */; };
		3D59B38FB3AB5DDDE33BCE7F /* AppPhoneNumber.swift in Sources */ = {isa = PBXBuildFile; fileRef = 97AC8E39501FCC794B74C87C /* AppPhoneNumber.swift */; };
		45E26FAEFAE2E8907ADB8B7F /* Urbanist-Medium.ttf in Resources */ = {isa = PBXBuildFile; fileRef = AF58D57AC7C0F541975D407E /* Urbanist-Medium.ttf */; };
		482B9734B8543E84CD6849BE /* PhoneNumberKit.swift in Sources */ = {isa = PBXBuildFile; fileRef = 85A0CF603539FE0BA4EDAA15 /* PhoneNumberKit.swift */; };
		483E0E13977E3FBA121499C3 /* LocalCacheManager.swift in Sources */ = {isa = PBXBuildFile; fileRef = F3AAD4E0C4C8389DC58C4111 /* LocalCacheManager.swift */; };
		588C202F6126E17E1DEC4A55 /* AppInputField.swift in Sources */ = {isa = PBXBuildFile; fileRef = 730F42E123782EC3FA3981D6 /* AppInputField.swift */; };
		596C3B579097984C4474A8C1 /* View+Extensions.swift in Sources */ = {isa = PBXBuildFile; fileRef = B73941AD0788ACB1820788A7 /* View+Extensions.swift */; };
		5A90BEA2D64445FF386BA01D /* CreateProfileView.swift in Sources */ = {isa = PBXBuildFile; fileRef = 5DD247DF0C8CBCB0140A1DDA /* CreateProfileView.swift */; };
		5CBAF0EDF1EC56C193B0207B /* PhoneNumberTextField.swift in Sources */ = {isa = PBXBuildFile; fileRef = 5658F15AB3C0E6B1AAA8E9C6 /* PhoneNumberTextField.swift */; };
		5CE435DBB31A60B52FF06276 /* FacebookManager.swift in Sources */ = {isa = PBXBuildFile; fileRef = F4F4613F446F563BACCBB849 /* FacebookManager.swift */; };
		5FCA651EACC28FC57D74C0DC /* OldInfo.plist in Resources */ = {isa = PBXBuildFile; fileRef = D0483826F6FD82A2E5600691 /* OldInfo.plist */; };
		6D21A4C7F1247A53FE819864 /* Formatter.swift in Sources */ = {isa = PBXBuildFile; fileRef = 988B1869131602ED94614EB5 /* Formatter.swift */; };
		6D3C23148E0BFBEB73F33516 /* iPhoneNumberField+ViewModifiers.swift in Sources */ = {isa = PBXBuildFile; fileRef = BBD638D26F97AEC82DBF899E /* iPhoneNumberField+ViewModifiers.swift */; };
		6E34BE7FCD32909D78955BDE /* RoundedShape.swift in Sources */ = {isa = PBXBuildFile; fileRef = ED3BBBA61BB67EFF9610B06A /* RoundedShape.swift */; };
		6F3A6145F3574749B56E3136 /* UIFont+Init.swift in Sources */ = {isa = PBXBuildFile; fileRef = 5C8BC56F22BF473693CCB72B /* UIFont+Init.swift */; };
		74D1517620D7581475C3072F /* RegexManager.swift in Sources */ = {isa = PBXBuildFile; fileRef = 8DAD2947E86E8E799BA9EFBF /* RegexManager.swift */; };
		751C2F8AF6E22D6A885242DC /* PhoneNumber+Codable.swift in Sources */ = {isa = PBXBuildFile; fileRef = A6AA1D3E956346B9D15EA2C2 /* PhoneNumber+Codable.swift */; };
		7C03373BD03641D88503AB15 /* .swiftlint.yml in Resources */ = {isa = PBXBuildFile; fileRef = B057366086E8A69B92BDF018 /* .swiftlint.yml */; };
		7DAE7FB68AE0C2A1F0B0D702 /* MetadataParsing.swift in Sources */ = {isa = PBXBuildFile; fileRef = DD9F3277EC098D62FD4A7F89 /* MetadataParsing.swift */; };
		7E904DFB8208344BCF99FDBE /* Urbanist-Semibold.ttf in Resources */ = {isa = PBXBuildFile; fileRef = 53FB88955FB6417E4737198E /* Urbanist-Semibold.ttf */; };
		8121CADC7E2E0E702D28A572 /* .project.yml in Resources */ = {isa = PBXBuildFile; fileRef = 25006C33F90F92C794C7A588 /* .project.yml */; };
		868B81066FC603916EF31932 /* AppStyleFont.swift in Sources */ = {isa = PBXBuildFile; fileRef = C2D2D51146E2A9C157169FF8 /* AppStyleFont.swift */; };
		8C630575CCD33E79DD340706 /* Constants.swift in Sources */ = {isa = PBXBuildFile; fileRef = F38A92F8067A79DD11DFAFD9 /* Constants.swift */; };
		8F785638F79B51BA146FB1B7 /* SplashView.swift in Sources */ = {isa = PBXBuildFile; fileRef = 8C533F178F36C598A1E3E587 /* SplashView.swift */; };
		98660EAF95E20CCC5F9E1CA9 /* LocationManager.swift in Sources */ = {isa = PBXBuildFile; fileRef = 43B3B010B41B371112D7B301 /* LocationManager.swift */; };
		9A6AE7405687D18C7F7F5ACF /* WelcomeView.swift in Sources */ = {isa = PBXBuildFile; fileRef = C438C5FBD5F9E91506836FFF /* WelcomeView.swift */; };
		9A8E27E3204217ED506A5766 /* Bundle+Resources.swift in Sources */ = {isa = PBXBuildFile; fileRef = C6A246880298801E0EC91B85 /* Bundle+Resources.swift */; };
		9A916C27AE99033B10F39351 /* AppBorderButton.swift in Sources */ = {isa = PBXBuildFile; fileRef = C8AA626A0E6D3D22FB1602AB /* AppBorderButton.swift */; };
		9B02D06C6D171B3FEEDFBCC7 /* MetadataManager.swift in Sources */ = {isa = PBXBuildFile; fileRef = 97DC64AC373F7BEA5A5B6F74 /* MetadataManager.swift */; };
		9BE01FEDC946DCD177667A54 /* OrganizationListView.swift in Sources */ = {isa = PBXBuildFile; fileRef = D381D722CE19D3235CF5C64F /* OrganizationListView.swift */; };
		9D16A23BB0040BBAD3831FCC /* PhoneNumberMetadata.json in Resources */ = {isa = PBXBuildFile; fileRef = 5EED8E6BD7FEFEC84586D0C7 /* PhoneNumberMetadata.json */; };
		9F0DC2662B0B0724B9E555F6 /* Vibrate.swift in Sources */ = {isa = PBXBuildFile; fileRef = 23D4885EC923EC14FAA8AF7B /* Vibrate.swift */; };
		A599852C54EB0063C27F120F /* Urbanist-Bold.ttf in Resources */ = {isa = PBXBuildFile; fileRef = 00190B7344A9C2DE87752522 /* Urbanist-Bold.ttf */; };
		A613CFE6E602C6716ABE5084 /* WelcomePresenter.swift in Sources */ = {isa = PBXBuildFile; fileRef = 11A74007069EEAEF1DD2AB32 /* WelcomePresenter.swift */; };
		A828EBDB8F83462F78418D22 /* Date+Extensions.swift in Sources */ = {isa = PBXBuildFile; fileRef = 65DD45A8FC2B67ECA8717641 /* Date+Extensions.swift */; };
		ACC279C4D26C621C611062BB /* Urbanist-Regular.ttf in Resources */ = {isa = PBXBuildFile; fileRef = 9F6229C7C69654B803AD7365 /* Urbanist-Regular.ttf */; };
		AFB8C54D8D9B941398B6DB79 /* ProfileView.swift in Sources */ = {isa = PBXBuildFile; fileRef = 0D6E9E88B7837D8542BC38FD /* ProfileView.swift */; };
		B0C59F0AC31E4422400BA3EA /* NetworkManager.swift in Sources */ = {isa = PBXBuildFile; fileRef = 40DA77DD305864B7845F7CD4 /* NetworkManager.swift */; };
		B40C947CA2E6BB1A5B7733A9 /* PartialFormatter.swift in Sources */ = {isa = PBXBuildFile; fileRef = C1CDC92A918C1F7A678CB40B /* PartialFormatter.swift */; };
		B90C5FC4E4E6F3E8B08CCBA6 /* GoogleManager.swift in Sources */ = {isa = PBXBuildFile; fileRef = 3AB18B66E68778718D380978 /* GoogleManager.swift */; };
		BB8328B56E32DAE322C37297 /* Logger.swift in Sources */ = {isa = PBXBuildFile; fileRef = 0EDA61D54DE9306549CDAE18 /* Logger.swift */; };
		C347C9C2DBCCAF07B0C00CDC /* Profile.swift in Sources */ = {isa = PBXBuildFile; fileRef = 0214B704EFE00738C7C4A154 /* Profile.swift */; };
		C3C2ECAC26D30D0A10E1E9DC /* AppStyleColor.swift in Sources */ = {isa = PBXBuildFile; fileRef = 7FA54D3B98734337F444C2AF /* AppStyleColor.swift */; };
		C54586135352BA7A5BE709C0 /* UserDefaultsManager.swift in Sources */ = {isa = PBXBuildFile; fileRef = FD6A42466C0F721A78041A18 /* UserDefaultsManager.swift */; };
		CB2B535AFFA96A07D3EC9804 /* PhoneNumberParser.swift in Sources */ = {isa = PBXBuildFile; fileRef = 80E3060DE0300A1A729393F2 /* PhoneNumberParser.swift */; };
		CDFCCFAD5EBA913014187A75 /* NetworkOperationData.swift in Sources */ = {isa = PBXBuildFile; fileRef = C06CEAC8EE40CFA6416948CA /* NetworkOperationData.swift */; };
		CE191C51FD6E8CE6801F05C6 /* Colors.xcassets in Resources */ = {isa = PBXBuildFile; fileRef = C596B4F7CDEF2B50B7F01C1E /* Colors.xcassets */; };
		CFBFAF5ADDF5DE7EF297F588 /* OrganizationDescriptionView.swift in Sources */ = {isa = PBXBuildFile; fileRef = C0A1E54E7E52A81D74509721 /* OrganizationDescriptionView.swift */; };
		D7694F7ED0AF44956DDA23CC /* CountryCodePickerViewController.swift in Sources */ = {isa = PBXBuildFile; fileRef = 6CD7943DDF774FEBBBCE3315 /* CountryCodePickerViewController.swift */; };
		D98284399F2BE11393F864E7 /* NSRegularExpression+Swift.swift in Sources */ = {isa = PBXBuildFile; fileRef = 4E9640E0265090EFED741BDD /* NSRegularExpression+Swift.swift */; };
		DA33291733D0A6FA4288CF56 /* BookMeNowApp.swift in Sources */ = {isa = PBXBuildFile; fileRef = 56410C35ED3A97331CE70DA8 /* BookMeNowApp.swift */; };
		DD92FF7D57607158C334C43D /* AppButton.swift in Sources */ = {isa = PBXBuildFile; fileRef = 9F85B8326ACB993A604B2544 /* AppButton.swift */; };
		EC74062B313F26456A3E8FCF /* PhoneNumberFormatter.swift in Sources */ = {isa = PBXBuildFile; fileRef = 739654BE37DB6E1E6AF3601C /* PhoneNumberFormatter.swift */; };
		EE40DED0C0F3ABE6EE5A2696 /* .env.default.sample in Resources */ = {isa = PBXBuildFile; fileRef = A654A5962562C7E99909911B /* .env.default.sample */; };
		EF38C4768E3AAB6ADB6949AC /* Text+Extensions.swift in Sources */ = {isa = PBXBuildFile; fileRef = B47D81828BBEE454AF8CF1EA /* Text+Extensions.swift */; };
		F075CD109DE5BED6E395E9E1 /* EnterCodeView.swift in Sources */ = {isa = PBXBuildFile; fileRef = ADB94AF927BB6FEBD14FC7B4 /* EnterCodeView.swift */; };
		F5911FADD8E2EAD5FCFA8234 /* libPods-BookMeNow-Develop.a in Frameworks */ = {isa = PBXBuildFile; fileRef = 0B561577D181C113FD253245 /* libPods-BookMeNow-Develop.a */; };
		FF5EA10A8E202FFC411B7801 /* Location.swift in Sources */ = {isa = PBXBuildFile; fileRef = 22324CF770B80D6D50AFED0E /* Location.swift */; };
		FF7BD02049973374AD9B62EE /* BaseView.swift in Sources */ = {isa = PBXBuildFile; fileRef = 3837CCF09FAA0CA208A3C497 /* BaseView.swift */; };
/* End PBXBuildFile section */

/* Begin PBXFileReference section */
		00190B7344A9C2DE87752522 /* Urbanist-Bold.ttf */ = {isa = PBXFileReference; lastKnownFileType = file; path = "Urbanist-Bold.ttf"; sourceTree = "<group>"; };
		0214B704EFE00738C7C4A154 /* Profile.swift */ = {isa = PBXFileReference; lastKnownFileType = sourcecode.swift; path = Profile.swift; sourceTree = "<group>"; };
		0B561577D181C113FD253245 /* libPods-BookMeNow-Develop.a */ = {isa = PBXFileReference; explicitFileType = archive.ar; includeInIndex = 0; path = "libPods-BookMeNow-Develop.a"; sourceTree = BUILT_PRODUCTS_DIR; };
		0D6E9E88B7837D8542BC38FD /* ProfileView.swift */ = {isa = PBXFileReference; lastKnownFileType = sourcecode.swift; path = ProfileView.swift; sourceTree = "<group>"; };
		0E8EB7AD0B94093048E74730 /* Pods-BookMeNow-Develop.debug.xcconfig */ = {isa = PBXFileReference; includeInIndex = 1; lastKnownFileType = text.xcconfig; name = "Pods-BookMeNow-Develop.debug.xcconfig"; path = "Target Support Files/Pods-BookMeNow-Develop/Pods-BookMeNow-Develop.debug.xcconfig"; sourceTree = "<group>"; };
		0EDA61D54DE9306549CDAE18 /* Logger.swift */ = {isa = PBXFileReference; lastKnownFileType = sourcecode.swift; path = Logger.swift; sourceTree = "<group>"; };
		11A74007069EEAEF1DD2AB32 /* WelcomePresenter.swift */ = {isa = PBXFileReference; lastKnownFileType = sourcecode.swift; path = WelcomePresenter.swift; sourceTree = "<group>"; };
		1C7FF9F76F91A9BB5BB449C7 /* Info.plist */ = {isa = PBXFileReference; lastKnownFileType = text.plist; path = Info.plist; sourceTree = "<group>"; };
		1F6497D629BE6E4D3A88295E /* Gymfile */ = {isa = PBXFileReference; path = Gymfile; sourceTree = "<group>"; };
		21567DEB8C589A6C6D059CF7 /* ParseManager.swift */ = {isa = PBXFileReference; lastKnownFileType = sourcecode.swift; path = ParseManager.swift; sourceTree = "<group>"; };
		22324CF770B80D6D50AFED0E /* Location.swift */ = {isa = PBXFileReference; lastKnownFileType = sourcecode.swift; path = Location.swift; sourceTree = "<group>"; };
		23D4885EC923EC14FAA8AF7B /* Vibrate.swift */ = {isa = PBXFileReference; lastKnownFileType = sourcecode.swift; path = Vibrate.swift; sourceTree = "<group>"; };
		25006C33F90F92C794C7A588 /* .project.yml */ = {isa = PBXFileReference; lastKnownFileType = text.yaml; path = .project.yml; sourceTree = "<group>"; };
		33DF0F79E65EDE0472227A39 /* Matchfile */ = {isa = PBXFileReference; path = Matchfile; sourceTree = "<group>"; };
		3563D8C5ED80296A11FBD191 /* NextVisitView.swift */ = {isa = PBXFileReference; lastKnownFileType = sourcecode.swift; path = NextVisitView.swift; sourceTree = "<group>"; };
		3837CCF09FAA0CA208A3C497 /* BaseView.swift */ = {isa = PBXFileReference; lastKnownFileType = sourcecode.swift; path = BaseView.swift; sourceTree = "<group>"; };
		3AB18B66E68778718D380978 /* GoogleManager.swift */ = {isa = PBXFileReference; lastKnownFileType = sourcecode.swift; path = GoogleManager.swift; sourceTree = "<group>"; };
		3B2814845DFD8311FB66BCD0 /* PhoneNumber.swift */ = {isa = PBXFileReference; lastKnownFileType = sourcecode.swift; path = PhoneNumber.swift; sourceTree = "<group>"; };
		3DB3FE1DD4737BCDDC68AAEB /* SessionManager.swift */ = {isa = PBXFileReference; lastKnownFileType = sourcecode.swift; path = SessionManager.swift; sourceTree = "<group>"; };
		3F706CD0120A66845C71D0D8 /* CreateProfilePresenter.swift */ = {isa = PBXFileReference; lastKnownFileType = sourcecode.swift; path = CreateProfilePresenter.swift; sourceTree = "<group>"; };
		40DA77DD305864B7845F7CD4 /* NetworkManager.swift */ = {isa = PBXFileReference; lastKnownFileType = sourcecode.swift; path = NetworkManager.swift; sourceTree = "<group>"; };
		43B3B010B41B371112D7B301 /* LocationManager.swift */ = {isa = PBXFileReference; lastKnownFileType = sourcecode.swift; path = LocationManager.swift; sourceTree = "<group>"; };
		4E9640E0265090EFED741BDD /* NSRegularExpression+Swift.swift */ = {isa = PBXFileReference; lastKnownFileType = sourcecode.swift; path = "NSRegularExpression+Swift.swift"; sourceTree = "<group>"; };
		53FB88955FB6417E4737198E /* Urbanist-Semibold.ttf */ = {isa = PBXFileReference; lastKnownFileType = file; path = "Urbanist-Semibold.ttf"; sourceTree = "<group>"; };
		56410C35ED3A97331CE70DA8 /* BookMeNowApp.swift */ = {isa = PBXFileReference; lastKnownFileType = sourcecode.swift; path = BookMeNowApp.swift; sourceTree = "<group>"; };
		5658F15AB3C0E6B1AAA8E9C6 /* PhoneNumberTextField.swift */ = {isa = PBXFileReference; lastKnownFileType = sourcecode.swift; path = PhoneNumberTextField.swift; sourceTree = "<group>"; };
		5C8BC56F22BF473693CCB72B /* UIFont+Init.swift */ = {isa = PBXFileReference; lastKnownFileType = sourcecode.swift; path = "UIFont+Init.swift"; sourceTree = "<group>"; };
		5DBA1ABFDC44661587283980 /* Appfile */ = {isa = PBXFileReference; path = Appfile; sourceTree = "<group>"; };
		5DD247DF0C8CBCB0140A1DDA /* CreateProfileView.swift */ = {isa = PBXFileReference; lastKnownFileType = sourcecode.swift; path = CreateProfileView.swift; sourceTree = "<group>"; };
		5EBE5C227DB8A164DC2541D5 /* DashboardView.swift */ = {isa = PBXFileReference; lastKnownFileType = sourcecode.swift; path = DashboardView.swift; sourceTree = "<group>"; };
		5EED8E6BD7FEFEC84586D0C7 /* PhoneNumberMetadata.json */ = {isa = PBXFileReference; lastKnownFileType = text.json; path = PhoneNumberMetadata.json; sourceTree = "<group>"; };
		5FB3A4C3E1515A3DDF7585A6 /* BookMeNow-Develop.app */ = {isa = PBXFileReference; includeInIndex = 0; lastKnownFileType = wrapper.application; path = "BookMeNow-Develop.app"; sourceTree = BUILT_PRODUCTS_DIR; };
		60A6CBAFA6EE183DC0F1CCB4 /* Pluginfile */ = {isa = PBXFileReference; path = Pluginfile; sourceTree = "<group>"; };
		637D553CEEFC3234D8ABEBF3 /* VerificationCodeView.swift */ = {isa = PBXFileReference; lastKnownFileType = sourcecode.swift; path = VerificationCodeView.swift; sourceTree = "<group>"; };
		65DD45A8FC2B67ECA8717641 /* Date+Extensions.swift */ = {isa = PBXFileReference; lastKnownFileType = sourcecode.swift; path = "Date+Extensions.swift"; sourceTree = "<group>"; };
		6A98DF121423D6E975C790FE /* Pods-BookMeNow-Develop.release.xcconfig */ = {isa = PBXFileReference; includeInIndex = 1; lastKnownFileType = text.xcconfig; name = "Pods-BookMeNow-Develop.release.xcconfig"; path = "Target Support Files/Pods-BookMeNow-Develop/Pods-BookMeNow-Develop.release.xcconfig"; sourceTree = "<group>"; };
		6CD7943DDF774FEBBBCE3315 /* CountryCodePickerViewController.swift */ = {isa = PBXFileReference; lastKnownFileType = sourcecode.swift; path = CountryCodePickerViewController.swift; sourceTree = "<group>"; };
		730F42E123782EC3FA3981D6 /* AppInputField.swift */ = {isa = PBXFileReference; lastKnownFileType = sourcecode.swift; path = AppInputField.swift; sourceTree = "<group>"; };
		739654BE37DB6E1E6AF3601C /* PhoneNumberFormatter.swift */ = {isa = PBXFileReference; lastKnownFileType = sourcecode.swift; path = PhoneNumberFormatter.swift; sourceTree = "<group>"; };
		796178B742C1E46DC82C62DE /* Organization.swift */ = {isa = PBXFileReference; lastKnownFileType = sourcecode.swift; path = Organization.swift; sourceTree = "<group>"; };
		7EBDFCDD9987845BBADEE75E /* Snapfile */ = {isa = PBXFileReference; path = Snapfile; sourceTree = "<group>"; };
		7FA54D3B98734337F444C2AF /* AppStyleColor.swift */ = {isa = PBXFileReference; lastKnownFileType = sourcecode.swift; path = AppStyleColor.swift; sourceTree = "<group>"; };
		80E3060DE0300A1A729393F2 /* PhoneNumberParser.swift */ = {isa = PBXFileReference; lastKnownFileType = sourcecode.swift; path = PhoneNumberParser.swift; sourceTree = "<group>"; };
		85A0CF603539FE0BA4EDAA15 /* PhoneNumberKit.swift */ = {isa = PBXFileReference; lastKnownFileType = sourcecode.swift; path = PhoneNumberKit.swift; sourceTree = "<group>"; };
		8C533F178F36C598A1E3E587 /* SplashView.swift */ = {isa = PBXFileReference; lastKnownFileType = sourcecode.swift; path = SplashView.swift; sourceTree = "<group>"; };
		8C94B2458685D37A7DC7E408 /* NetworkOperation.swift */ = {isa = PBXFileReference; lastKnownFileType = sourcecode.swift; path = NetworkOperation.swift; sourceTree = "<group>"; };
		8D066D8F7A92E9575F06D7D8 /* String+Extensions.swift */ = {isa = PBXFileReference; lastKnownFileType = sourcecode.swift; path = "String+Extensions.swift"; sourceTree = "<group>"; };
		8DAD2947E86E8E799BA9EFBF /* RegexManager.swift */ = {isa = PBXFileReference; lastKnownFileType = sourcecode.swift; path = RegexManager.swift; sourceTree = "<group>"; };
		97AC8E39501FCC794B74C87C /* AppPhoneNumber.swift */ = {isa = PBXFileReference; lastKnownFileType = sourcecode.swift; path = AppPhoneNumber.swift; sourceTree = "<group>"; };
		97DC64AC373F7BEA5A5B6F74 /* MetadataManager.swift */ = {isa = PBXFileReference; lastKnownFileType = sourcecode.swift; path = MetadataManager.swift; sourceTree = "<group>"; };
		988B1869131602ED94614EB5 /* Formatter.swift */ = {isa = PBXFileReference; lastKnownFileType = sourcecode.swift; path = Formatter.swift; sourceTree = "<group>"; };
		9F6229C7C69654B803AD7365 /* Urbanist-Regular.ttf */ = {isa = PBXFileReference; lastKnownFileType = file; path = "Urbanist-Regular.ttf"; sourceTree = "<group>"; };
		9F85B8326ACB993A604B2544 /* AppButton.swift */ = {isa = PBXFileReference; lastKnownFileType = sourcecode.swift; path = AppButton.swift; sourceTree = "<group>"; };
		A654A5962562C7E99909911B /* .env.default.sample */ = {isa = PBXFileReference; path = .env.default.sample; sourceTree = "<group>"; };
		A6AA1D3E956346B9D15EA2C2 /* PhoneNumber+Codable.swift */ = {isa = PBXFileReference; lastKnownFileType = sourcecode.swift; path = "PhoneNumber+Codable.swift"; sourceTree = "<group>"; };
		AD0A1D67D8DC5F74F0DB1128 /* iPhoneNumberField.swift */ = {isa = PBXFileReference; lastKnownFileType = sourcecode.swift; path = iPhoneNumberField.swift; sourceTree = "<group>"; };
		ADB94AF927BB6FEBD14FC7B4 /* EnterCodeView.swift */ = {isa = PBXFileReference; lastKnownFileType = sourcecode.swift; path = EnterCodeView.swift; sourceTree = "<group>"; };
		AF58D57AC7C0F541975D407E /* Urbanist-Medium.ttf */ = {isa = PBXFileReference; lastKnownFileType = file; path = "Urbanist-Medium.ttf"; sourceTree = "<group>"; };
		B057366086E8A69B92BDF018 /* .swiftlint.yml */ = {isa = PBXFileReference; lastKnownFileType = text.yaml; path = .swiftlint.yml; sourceTree = "<group>"; };
		B47D81828BBEE454AF8CF1EA /* Text+Extensions.swift */ = {isa = PBXFileReference; lastKnownFileType = sourcecode.swift; path = "Text+Extensions.swift"; sourceTree = "<group>"; };
		B5099BD4503D454E39ED09AD /* MetadataTypes.swift */ = {isa = PBXFileReference; lastKnownFileType = sourcecode.swift; path = MetadataTypes.swift; sourceTree = "<group>"; };
		B73941AD0788ACB1820788A7 /* View+Extensions.swift */ = {isa = PBXFileReference; lastKnownFileType = sourcecode.swift; path = "View+Extensions.swift"; sourceTree = "<group>"; };
		BBD638D26F97AEC82DBF899E /* iPhoneNumberField+ViewModifiers.swift */ = {isa = PBXFileReference; lastKnownFileType = sourcecode.swift; path = "iPhoneNumberField+ViewModifiers.swift"; sourceTree = "<group>"; };
		C06CEAC8EE40CFA6416948CA /* NetworkOperationData.swift */ = {isa = PBXFileReference; lastKnownFileType = sourcecode.swift; path = NetworkOperationData.swift; sourceTree = "<group>"; };
		C0A1E54E7E52A81D74509721 /* OrganizationDescriptionView.swift */ = {isa = PBXFileReference; lastKnownFileType = sourcecode.swift; path = OrganizationDescriptionView.swift; sourceTree = "<group>"; };
		C1CDC92A918C1F7A678CB40B /* PartialFormatter.swift */ = {isa = PBXFileReference; lastKnownFileType = sourcecode.swift; path = PartialFormatter.swift; sourceTree = "<group>"; };
		C2D2D51146E2A9C157169FF8 /* AppStyleFont.swift */ = {isa = PBXFileReference; lastKnownFileType = sourcecode.swift; path = AppStyleFont.swift; sourceTree = "<group>"; };
		C438C5FBD5F9E91506836FFF /* WelcomeView.swift */ = {isa = PBXFileReference; lastKnownFileType = sourcecode.swift; path = WelcomeView.swift; sourceTree = "<group>"; };
		C596B4F7CDEF2B50B7F01C1E /* Colors.xcassets */ = {isa = PBXFileReference; lastKnownFileType = folder.assetcatalog; path = Colors.xcassets; sourceTree = "<group>"; };
		C6A246880298801E0EC91B85 /* Bundle+Resources.swift */ = {isa = PBXFileReference; lastKnownFileType = sourcecode.swift; path = "Bundle+Resources.swift"; sourceTree = "<group>"; };
		C8AA626A0E6D3D22FB1602AB /* AppBorderButton.swift */ = {isa = PBXFileReference; lastKnownFileType = sourcecode.swift; path = AppBorderButton.swift; sourceTree = "<group>"; };
		CE8422501FBC72D872A753D2 /* report.xml */ = {isa = PBXFileReference; lastKnownFileType = text.xml; path = report.xml; sourceTree = "<group>"; };
		CFC610DFD9C6E87B31FEAD8A /* Fastfile */ = {isa = PBXFileReference; path = Fastfile; sourceTree = "<group>"; };
		D0483826F6FD82A2E5600691 /* OldInfo.plist */ = {isa = PBXFileReference; lastKnownFileType = text.plist; path = OldInfo.plist; sourceTree = "<group>"; };
		D381D722CE19D3235CF5C64F /* OrganizationListView.swift */ = {isa = PBXFileReference; lastKnownFileType = sourcecode.swift; path = OrganizationListView.swift; sourceTree = "<group>"; };
		DD56B8F69B1182210A82C9A5 /* Assets.xcassets */ = {isa = PBXFileReference; lastKnownFileType = folder.assetcatalog; path = Assets.xcassets; sourceTree = "<group>"; };
		DD9F3277EC098D62FD4A7F89 /* MetadataParsing.swift */ = {isa = PBXFileReference; lastKnownFileType = sourcecode.swift; path = MetadataParsing.swift; sourceTree = "<group>"; };
		ED3BBBA61BB67EFF9610B06A /* RoundedShape.swift */ = {isa = PBXFileReference; lastKnownFileType = sourcecode.swift; path = RoundedShape.swift; sourceTree = "<group>"; };
		F38A92F8067A79DD11DFAFD9 /* Constants.swift */ = {isa = PBXFileReference; lastKnownFileType = sourcecode.swift; path = Constants.swift; sourceTree = "<group>"; };
		F3AAD4E0C4C8389DC58C4111 /* LocalCacheManager.swift */ = {isa = PBXFileReference; lastKnownFileType = sourcecode.swift; path = LocalCacheManager.swift; sourceTree = "<group>"; };
		F437AE070D35383BC3F0B0BA /* Navigation+Extensions.swift */ = {isa = PBXFileReference; lastKnownFileType = sourcecode.swift; path = "Navigation+Extensions.swift"; sourceTree = "<group>"; };
		F4F4613F446F563BACCBB849 /* FacebookManager.swift */ = {isa = PBXFileReference; lastKnownFileType = sourcecode.swift; path = FacebookManager.swift; sourceTree = "<group>"; };
		FD6A42466C0F721A78041A18 /* UserDefaultsManager.swift */ = {isa = PBXFileReference; lastKnownFileType = sourcecode.swift; path = UserDefaultsManager.swift; sourceTree = "<group>"; };
/* End PBXFileReference section */

/* Begin PBXFrameworksBuildPhase section */
		D85202FC4BF87C5ECB7B4424 /* Frameworks */ = {
			isa = PBXFrameworksBuildPhase;
			buildActionMask = 2147483647;
			files = (
				F5911FADD8E2EAD5FCFA8234 /* libPods-BookMeNow-Develop.a in Frameworks */,
			);
			runOnlyForDeploymentPostprocessing = 0;
		};
/* End PBXFrameworksBuildPhase section */

/* Begin PBXGroup section */
		0EFC3F2A1C52C9B2749A922F /* ProfileView */ = {
			isa = PBXGroup;
			children = (
				0D6E9E88B7837D8542BC38FD /* ProfileView.swift */,
			);
			path = ProfileView;
			sourceTree = "<group>";
		};
		1625F7B8FCDDEFB557EC4EB8 /* Source */ = {
			isa = PBXGroup;
			children = (
				B1B76C063825EE5F29A297AD /* Architecture */,
				67CFDD4D081ACDB19A793C7D /* Entities */,
				408FAEEFE652EC7234ABD25F /* Managers */,
				4B0C0589B154FD9886F6F1BF /* SupportFiles */,
			);
			path = Source;
			sourceTree = "<group>";
		};
		22759F4ABE4451B3D559FE99 /* WelcomeView */ = {
			isa = PBXGroup;
			children = (
				11A74007069EEAEF1DD2AB32 /* WelcomePresenter.swift */,
				C438C5FBD5F9E91506836FFF /* WelcomeView.swift */,
			);
			path = WelcomeView;
			sourceTree = "<group>";
		};
		2DECC535258CAAE9960572EF /* Resources */ = {
			isa = PBXGroup;
			children = (
				5EED8E6BD7FEFEC84586D0C7 /* PhoneNumberMetadata.json */,
			);
			path = Resources;
			sourceTree = "<group>";
		};
		3666012298E772D226418813 /* Frameworks */ = {
			isa = PBXGroup;
			children = (
				A8549BCB7E233C313803E8E8 /* iPhoneNumberField */,
				55DA6FFDB4D542609C0C22EF /* PhoneNumberKit */,
				0B561577D181C113FD253245 /* libPods-BookMeNow-Develop.a */,
			);
			path = Frameworks;
			sourceTree = "<group>";
		};
		3727F02F5D4E35E52B428009 /* Views */ = {
			isa = PBXGroup;
			children = (
				3563D8C5ED80296A11FBD191 /* NextVisitView.swift */,
			);
			path = Views;
			sourceTree = "<group>";
		};
		38B69C3F79CD97858CF7B609 = {
			isa = PBXGroup;
			children = (
				D80FC7EF3AD536EFC2F4B251 /* Environments */,
				42544372FC5DBB455DA9668D /* fastlane */,
				3666012298E772D226418813 /* Frameworks */,
				1625F7B8FCDDEFB557EC4EB8 /* Source */,
				25006C33F90F92C794C7A588 /* .project.yml */,
				B057366086E8A69B92BDF018 /* .swiftlint.yml */,
				94C98B8B3A2BFC1966447269 /* Products */,
				BAA78277BCD3ABE927DA1E68 /* Pods */,
			);
			indentWidth = 4;
			sourceTree = "<group>";
			tabWidth = 4;
			usesTabs = 0;
		};
		3A72E1697CED545CA784580B /* AssetsFont */ = {
			isa = PBXGroup;
			children = (
				5A353E7708F1E1A9949464D7 /* Urbanist */,
				C2D2D51146E2A9C157169FF8 /* AppStyleFont.swift */,
			);
			path = AssetsFont;
			sourceTree = "<group>";
		};
		408FAEEFE652EC7234ABD25F /* Managers */ = {
			isa = PBXGroup;
			children = (
				66468B8D76C763D735E8AA5C /* NetworkManager */,
				F4F4613F446F563BACCBB849 /* FacebookManager.swift */,
				3AB18B66E68778718D380978 /* GoogleManager.swift */,
				F3AAD4E0C4C8389DC58C4111 /* LocalCacheManager.swift */,
				43B3B010B41B371112D7B301 /* LocationManager.swift */,
				0EDA61D54DE9306549CDAE18 /* Logger.swift */,
				3DB3FE1DD4737BCDDC68AAEB /* SessionManager.swift */,
				FD6A42466C0F721A78041A18 /* UserDefaultsManager.swift */,
			);
			path = Managers;
			sourceTree = "<group>";
		};
		42544372FC5DBB455DA9668D /* fastlane */ = {
			isa = PBXGroup;
			children = (
				A654A5962562C7E99909911B /* .env.default.sample */,
				5DBA1ABFDC44661587283980 /* Appfile */,
				CFC610DFD9C6E87B31FEAD8A /* Fastfile */,
				1F6497D629BE6E4D3A88295E /* Gymfile */,
				33DF0F79E65EDE0472227A39 /* Matchfile */,
				60A6CBAFA6EE183DC0F1CCB4 /* Pluginfile */,
				CE8422501FBC72D872A753D2 /* report.xml */,
				7EBDFCDD9987845BBADEE75E /* Snapfile */,
			);
			path = fastlane;
			sourceTree = "<group>";
		};
		4B0C0589B154FD9886F6F1BF /* SupportFiles */ = {
			isa = PBXGroup;
			children = (
				6BC835BEBB14B750C4D88F00 /* AssetsColor */,
				3A72E1697CED545CA784580B /* AssetsFont */,
				72C15E03E677B905C796972C /* AssetsImage */,
				B14BE57790AD1B8E6E517679 /* Extensions */,
				69D32A92D6E734CDAA08B6C7 /* SwiftUI */,
				23D4885EC923EC14FAA8AF7B /* Vibrate.swift */,
			);
			path = SupportFiles;
			sourceTree = "<group>";
		};
		53AE48F052A9F11F487061FD /* DashboardView */ = {
			isa = PBXGroup;
			children = (
				3727F02F5D4E35E52B428009 /* Views */,
				5EBE5C227DB8A164DC2541D5 /* DashboardView.swift */,
			);
			path = DashboardView;
			sourceTree = "<group>";
		};
		55DA6FFDB4D542609C0C22EF /* PhoneNumberKit */ = {
			isa = PBXGroup;
			children = (
				2DECC535258CAAE9960572EF /* Resources */,
				5865C30AB5E3EABE3CF28007 /* UI */,
				C6A246880298801E0EC91B85 /* Bundle+Resources.swift */,
				F38A92F8067A79DD11DFAFD9 /* Constants.swift */,
				988B1869131602ED94614EB5 /* Formatter.swift */,
				97DC64AC373F7BEA5A5B6F74 /* MetadataManager.swift */,
				DD9F3277EC098D62FD4A7F89 /* MetadataParsing.swift */,
				B5099BD4503D454E39ED09AD /* MetadataTypes.swift */,
				4E9640E0265090EFED741BDD /* NSRegularExpression+Swift.swift */,
				21567DEB8C589A6C6D059CF7 /* ParseManager.swift */,
				C1CDC92A918C1F7A678CB40B /* PartialFormatter.swift */,
				3B2814845DFD8311FB66BCD0 /* PhoneNumber.swift */,
				A6AA1D3E956346B9D15EA2C2 /* PhoneNumber+Codable.swift */,
				739654BE37DB6E1E6AF3601C /* PhoneNumberFormatter.swift */,
				85A0CF603539FE0BA4EDAA15 /* PhoneNumberKit.swift */,
				80E3060DE0300A1A729393F2 /* PhoneNumberParser.swift */,
				8DAD2947E86E8E799BA9EFBF /* RegexManager.swift */,
			);
			path = PhoneNumberKit;
			sourceTree = "<group>";
		};
		56F4F0D84C5DB0918E9ADAC9 /* ProfileModules */ = {
			isa = PBXGroup;
			children = (
				6A2DE21E3813FCA101E4339C /* CreateProfileView */,
				0EFC3F2A1C52C9B2749A922F /* ProfileView */,
			);
			path = ProfileModules;
			sourceTree = "<group>";
		};
		5865C30AB5E3EABE3CF28007 /* UI */ = {
			isa = PBXGroup;
			children = (
				6CD7943DDF774FEBBBCE3315 /* CountryCodePickerViewController.swift */,
				5658F15AB3C0E6B1AAA8E9C6 /* PhoneNumberTextField.swift */,
			);
			path = UI;
			sourceTree = "<group>";
		};
		596CE5CE843E3B809946436F /* Foundation */ = {
			isa = PBXGroup;
			children = (
				65DD45A8FC2B67ECA8717641 /* Date+Extensions.swift */,
				8D066D8F7A92E9575F06D7D8 /* String+Extensions.swift */,
			);
			path = Foundation;
			sourceTree = "<group>";
		};
		5A353E7708F1E1A9949464D7 /* Urbanist */ = {
			isa = PBXGroup;
			children = (
				00190B7344A9C2DE87752522 /* Urbanist-Bold.ttf */,
				AF58D57AC7C0F541975D407E /* Urbanist-Medium.ttf */,
				9F6229C7C69654B803AD7365 /* Urbanist-Regular.ttf */,
				53FB88955FB6417E4737198E /* Urbanist-Semibold.ttf */,
			);
			path = Urbanist;
			sourceTree = "<group>";
		};
		66468B8D76C763D735E8AA5C /* NetworkManager */ = {
			isa = PBXGroup;
			children = (
				40DA77DD305864B7845F7CD4 /* NetworkManager.swift */,
				8C94B2458685D37A7DC7E408 /* NetworkOperation.swift */,
				C06CEAC8EE40CFA6416948CA /* NetworkOperationData.swift */,
			);
			path = NetworkManager;
			sourceTree = "<group>";
		};
		67CFDD4D081ACDB19A793C7D /* Entities */ = {
			isa = PBXGroup;
			children = (
				22324CF770B80D6D50AFED0E /* Location.swift */,
				796178B742C1E46DC82C62DE /* Organization.swift */,
				0214B704EFE00738C7C4A154 /* Profile.swift */,
			);
			path = Entities;
			sourceTree = "<group>";
		};
		69D0AA64D6AD0DA0AEE56292 /* AuthModules */ = {
			isa = PBXGroup;
			children = (
				94643521087EC51E9AAE140F /* EnterCodeView */,
				22759F4ABE4451B3D559FE99 /* WelcomeView */,
			);
			path = AuthModules;
			sourceTree = "<group>";
		};
		69D32A92D6E734CDAA08B6C7 /* SwiftUI */ = {
			isa = PBXGroup;
			children = (
				C8AA626A0E6D3D22FB1602AB /* AppBorderButton.swift */,
				9F85B8326ACB993A604B2544 /* AppButton.swift */,
				730F42E123782EC3FA3981D6 /* AppInputField.swift */,
				97AC8E39501FCC794B74C87C /* AppPhoneNumber.swift */,
				3837CCF09FAA0CA208A3C497 /* BaseView.swift */,
				ED3BBBA61BB67EFF9610B06A /* RoundedShape.swift */,
				637D553CEEFC3234D8ABEBF3 /* VerificationCodeView.swift */,
			);
			path = SwiftUI;
			sourceTree = "<group>";
		};
		6A2DE21E3813FCA101E4339C /* CreateProfileView */ = {
			isa = PBXGroup;
			children = (
				3F706CD0120A66845C71D0D8 /* CreateProfilePresenter.swift */,
				5DD247DF0C8CBCB0140A1DDA /* CreateProfileView.swift */,
			);
			path = CreateProfileView;
			sourceTree = "<group>";
		};
		6BC835BEBB14B750C4D88F00 /* AssetsColor */ = {
			isa = PBXGroup;
			children = (
				7FA54D3B98734337F444C2AF /* AppStyleColor.swift */,
				C596B4F7CDEF2B50B7F01C1E /* Colors.xcassets */,
			);
			path = AssetsColor;
			sourceTree = "<group>";
		};
		72C15E03E677B905C796972C /* AssetsImage */ = {
			isa = PBXGroup;
			children = (
				DD56B8F69B1182210A82C9A5 /* Assets.xcassets */,
			);
			path = AssetsImage;
			sourceTree = "<group>";
		};
		7450B108477DA95777D738DB /*  Modules */ = {
			isa = PBXGroup;
			children = (
				53AE48F052A9F11F487061FD /* DashboardView */,
				CF700F783C665C144C84E97A /* OrganizationDescriptionView */,
				A1AA48EF4DD580C9F5BDFACC /* OrganizationListView */,
			);
			path = " Modules";
			sourceTree = "<group>";
		};
		8F2D4BBECBAF03A221AB2F1E /* SwiftUI */ = {
			isa = PBXGroup;
			children = (
				F437AE070D35383BC3F0B0BA /* Navigation+Extensions.swift */,
				B47D81828BBEE454AF8CF1EA /* Text+Extensions.swift */,
				B73941AD0788ACB1820788A7 /* View+Extensions.swift */,
			);
			path = SwiftUI;
			sourceTree = "<group>";
		};
		94643521087EC51E9AAE140F /* EnterCodeView */ = {
			isa = PBXGroup;
			children = (
				ADB94AF927BB6FEBD14FC7B4 /* EnterCodeView.swift */,
			);
			path = EnterCodeView;
			sourceTree = "<group>";
		};
		94C98B8B3A2BFC1966447269 /* Products */ = {
			isa = PBXGroup;
			children = (
				5FB3A4C3E1515A3DDF7585A6 /* BookMeNow-Develop.app */,
			);
			name = Products;
			sourceTree = "<group>";
		};
		A1AA48EF4DD580C9F5BDFACC /* OrganizationListView */ = {
			isa = PBXGroup;
			children = (
				D381D722CE19D3235CF5C64F /* OrganizationListView.swift */,
			);
			path = OrganizationListView;
			sourceTree = "<group>";
		};
		A8549BCB7E233C313803E8E8 /* iPhoneNumberField */ = {
			isa = PBXGroup;
			children = (
				AD0A1D67D8DC5F74F0DB1128 /* iPhoneNumberField.swift */,
				BBD638D26F97AEC82DBF899E /* iPhoneNumberField+ViewModifiers.swift */,
				5C8BC56F22BF473693CCB72B /* UIFont+Init.swift */,
			);
			path = iPhoneNumberField;
			sourceTree = "<group>";
		};
		B14BE57790AD1B8E6E517679 /* Extensions */ = {
			isa = PBXGroup;
			children = (
				596CE5CE843E3B809946436F /* Foundation */,
				8F2D4BBECBAF03A221AB2F1E /* SwiftUI */,
			);
			path = Extensions;
			sourceTree = "<group>";
		};
		B1B76C063825EE5F29A297AD /* Architecture */ = {
			isa = PBXGroup;
			children = (
				7450B108477DA95777D738DB /*  Modules */,
				69D0AA64D6AD0DA0AEE56292 /* AuthModules */,
				56F4F0D84C5DB0918E9ADAC9 /* ProfileModules */,
				56410C35ED3A97331CE70DA8 /* BookMeNowApp.swift */,
				8C533F178F36C598A1E3E587 /* SplashView.swift */,
			);
			path = Architecture;
			sourceTree = "<group>";
		};
		BAA78277BCD3ABE927DA1E68 /* Pods */ = {
			isa = PBXGroup;
			children = (
				0E8EB7AD0B94093048E74730 /* Pods-BookMeNow-Develop.debug.xcconfig */,
				6A98DF121423D6E975C790FE /* Pods-BookMeNow-Develop.release.xcconfig */,
			);
			name = Pods;
			path = Pods;
			sourceTree = "<group>";
		};
		CF700F783C665C144C84E97A /* OrganizationDescriptionView */ = {
			isa = PBXGroup;
			children = (
				C0A1E54E7E52A81D74509721 /* OrganizationDescriptionView.swift */,
			);
			path = OrganizationDescriptionView;
			sourceTree = "<group>";
		};
		D7AC852A797F3AFB5C06528D /* Develop */ = {
			isa = PBXGroup;
			children = (
				1C7FF9F76F91A9BB5BB449C7 /* Info.plist */,
			);
			path = Develop;
			sourceTree = "<group>";
		};
		D80FC7EF3AD536EFC2F4B251 /* Environments */ = {
			isa = PBXGroup;
			children = (
				D7AC852A797F3AFB5C06528D /* Develop */,
				D0483826F6FD82A2E5600691 /* OldInfo.plist */,
			);
			path = Environments;
			sourceTree = "<group>";
		};
/* End PBXGroup section */

/* Begin PBXNativeTarget section */
		CCE446F848043C0B247F6F06 /* BookMeNow-Develop */ = {
			isa = PBXNativeTarget;
			buildConfigurationList = B6B082850F03610F011BDA16 /* Build configuration list for PBXNativeTarget "BookMeNow-Develop" */;
			buildPhases = (
				21FB34ED1825C1031518320D /* [CP] Check Pods Manifest.lock */,
				FFE036B5EC8D7DB528D9B336 /* Sources */,
				82BB06BABDA69BD8D7D206A5 /* Resources */,
				C0DBCEA4E1D6C8D301BB1644 /* [Script] SwiftLint */,
				D85202FC4BF87C5ECB7B4424 /* Frameworks */,
				18D2C04A7427386D8826219E /* [CP] Embed Pods Frameworks */,
			);
			buildRules = (
			);
			dependencies = (
			);
			name = "BookMeNow-Develop";
			productName = "BookMeNow-Develop";
			productReference = 5FB3A4C3E1515A3DDF7585A6 /* BookMeNow-Develop.app */;
			productType = "com.apple.product-type.application";
		};
/* End PBXNativeTarget section */

/* Begin PBXProject section */
		242FB5348943441C388468CE /* Project object */ = {
			isa = PBXProject;
			attributes = {
				LastUpgradeCheck = 1200;
				TargetAttributes = {
					CCE446F848043C0B247F6F06 = {
						DevelopmentTeam = 45N7H6HE3J;
						ProvisioningStyle = Automatic;
					};
				};
			};
			buildConfigurationList = FF7CA1CA754D017066F1822F /* Build configuration list for PBXProject "iosApp" */;
			compatibilityVersion = "Xcode 11.0";
			developmentRegion = en;
			hasScannedForEncodings = 0;
			knownRegions = (
				Base,
				en,
			);
			mainGroup = 38B69C3F79CD97858CF7B609;
			productRefGroup = 94C98B8B3A2BFC1966447269 /* Products */;
			projectDirPath = "";
			projectRoot = "";
			targets = (
				CCE446F848043C0B247F6F06 /* BookMeNow-Develop */,
			);
		};
/* End PBXProject section */

/* Begin PBXResourcesBuildPhase section */
		82BB06BABDA69BD8D7D206A5 /* Resources */ = {
			isa = PBXResourcesBuildPhase;
			buildActionMask = 2147483647;
			files = (
				EE40DED0C0F3ABE6EE5A2696 /* .env.default.sample in Resources */,
				8121CADC7E2E0E702D28A572 /* .project.yml in Resources */,
				7C03373BD03641D88503AB15 /* .swiftlint.yml in Resources */,
				005A2453E975AA2818EC0B61 /* Assets.xcassets in Resources */,
				CE191C51FD6E8CE6801F05C6 /* Colors.xcassets in Resources */,
				5FCA651EACC28FC57D74C0DC /* OldInfo.plist in Resources */,
				9D16A23BB0040BBAD3831FCC /* PhoneNumberMetadata.json in Resources */,
				A599852C54EB0063C27F120F /* Urbanist-Bold.ttf in Resources */,
				45E26FAEFAE2E8907ADB8B7F /* Urbanist-Medium.ttf in Resources */,
				ACC279C4D26C621C611062BB /* Urbanist-Regular.ttf in Resources */,
				7E904DFB8208344BCF99FDBE /* Urbanist-Semibold.ttf in Resources */,
				36B2D0212A7C8DBA9FFD8D4D /* report.xml in Resources */,
			);
			runOnlyForDeploymentPostprocessing = 0;
		};
/* End PBXResourcesBuildPhase section */

/* Begin PBXShellScriptBuildPhase section */
		18D2C04A7427386D8826219E /* [CP] Embed Pods Frameworks */ = {
			isa = PBXShellScriptBuildPhase;
			buildActionMask = 2147483647;
			files = (
			);
			inputFileListPaths = (
				"${PODS_ROOT}/Target Support Files/Pods-BookMeNow-Develop/Pods-BookMeNow-Develop-frameworks-${CONFIGURATION}-input-files.xcfilelist",
			);
			name = "[CP] Embed Pods Frameworks";
			outputFileListPaths = (
				"${PODS_ROOT}/Target Support Files/Pods-BookMeNow-Develop/Pods-BookMeNow-Develop-frameworks-${CONFIGURATION}-output-files.xcfilelist",
			);
			runOnlyForDeploymentPostprocessing = 0;
			shellPath = /bin/sh;
			shellScript = "\"${PODS_ROOT}/Target Support Files/Pods-BookMeNow-Develop/Pods-BookMeNow-Develop-frameworks.sh\"\n";
			showEnvVarsInLog = 0;
		};
		21FB34ED1825C1031518320D /* [CP] Check Pods Manifest.lock */ = {
			isa = PBXShellScriptBuildPhase;
			buildActionMask = 2147483647;
			files = (
			);
			inputFileListPaths = (
			);
			inputPaths = (
				"${PODS_PODFILE_DIR_PATH}/Podfile.lock",
				"${PODS_ROOT}/Manifest.lock",
			);
			name = "[CP] Check Pods Manifest.lock";
			outputFileListPaths = (
			);
			outputPaths = (
				"$(DERIVED_FILE_DIR)/Pods-BookMeNow-Develop-checkManifestLockResult.txt",
			);
			runOnlyForDeploymentPostprocessing = 0;
			shellPath = /bin/sh;
			shellScript = "diff \"${PODS_PODFILE_DIR_PATH}/Podfile.lock\" \"${PODS_ROOT}/Manifest.lock\" > /dev/null\nif [ $? != 0 ] ; then\n    # print error to STDERR\n    echo \"error: The sandbox is not in sync with the Podfile.lock. Run 'pod install' or update your CocoaPods installation.\" >&2\n    exit 1\nfi\n# This output is used by Xcode 'outputs' to avoid re-running this script phase.\necho \"SUCCESS\" > \"${SCRIPT_OUTPUT_FILE_0}\"\n";
			showEnvVarsInLog = 0;
		};
		C0DBCEA4E1D6C8D301BB1644 /* [Script] SwiftLint */ = {
			isa = PBXShellScriptBuildPhase;
			buildActionMask = 2147483647;
			files = (
			);
			inputFileListPaths = (
			);
			inputPaths = (
			);
			name = "[Script] SwiftLint";
			outputFileListPaths = (
			);
			outputPaths = (
			);
			runOnlyForDeploymentPostprocessing = 0;
			shellPath = /bin/sh;
			shellScript = "if [[ \"$(uname -m)\" == arm64 ]]; then\n    export PATH=\"/opt/homebrew/bin:$PATH\"\nfi\n\nif which swiftlint > /dev/null; then\n    swiftlint\nelse\n    echo \"warning: SwiftLint not installed, download from https://github.com/realm/SwiftLint\"\nfi\n";
		};
/* End PBXShellScriptBuildPhase section */

/* Begin PBXSourcesBuildPhase section */
		FFE036B5EC8D7DB528D9B336 /* Sources */ = {
			isa = PBXSourcesBuildPhase;
			buildActionMask = 2147483647;
			files = (
				9A916C27AE99033B10F39351 /* AppBorderButton.swift in Sources */,
				DD92FF7D57607158C334C43D /* AppButton.swift in Sources */,
				588C202F6126E17E1DEC4A55 /* AppInputField.swift in Sources */,
				3D59B38FB3AB5DDDE33BCE7F /* AppPhoneNumber.swift in Sources */,
				C3C2ECAC26D30D0A10E1E9DC /* AppStyleColor.swift in Sources */,
				868B81066FC603916EF31932 /* AppStyleFont.swift in Sources */,
				FF7BD02049973374AD9B62EE /* BaseView.swift in Sources */,
				DA33291733D0A6FA4288CF56 /* BookMeNowApp.swift in Sources */,
				9A8E27E3204217ED506A5766 /* Bundle+Resources.swift in Sources */,
				8C630575CCD33E79DD340706 /* Constants.swift in Sources */,
				D7694F7ED0AF44956DDA23CC /* CountryCodePickerViewController.swift in Sources */,
				16C8002F555E50EA9E55F55F /* CreateProfilePresenter.swift in Sources */,
				5A90BEA2D64445FF386BA01D /* CreateProfileView.swift in Sources */,
				2E0ECA4BA6A201507CCC9C72 /* DashboardView.swift in Sources */,
				A828EBDB8F83462F78418D22 /* Date+Extensions.swift in Sources */,
				F075CD109DE5BED6E395E9E1 /* EnterCodeView.swift in Sources */,
				5CE435DBB31A60B52FF06276 /* FacebookManager.swift in Sources */,
				6D21A4C7F1247A53FE819864 /* Formatter.swift in Sources */,
				B90C5FC4E4E6F3E8B08CCBA6 /* GoogleManager.swift in Sources */,
				483E0E13977E3FBA121499C3 /* LocalCacheManager.swift in Sources */,
				FF5EA10A8E202FFC411B7801 /* Location.swift in Sources */,
				98660EAF95E20CCC5F9E1CA9 /* LocationManager.swift in Sources */,
				BB8328B56E32DAE322C37297 /* Logger.swift in Sources */,
				9B02D06C6D171B3FEEDFBCC7 /* MetadataManager.swift in Sources */,
				7DAE7FB68AE0C2A1F0B0D702 /* MetadataParsing.swift in Sources */,
				3320E4D9EE716D067330B8DA /* MetadataTypes.swift in Sources */,
				D98284399F2BE11393F864E7 /* NSRegularExpression+Swift.swift in Sources */,
				3174E883985973242E716A14 /* Navigation+Extensions.swift in Sources */,
				B0C59F0AC31E4422400BA3EA /* NetworkManager.swift in Sources */,
				2D058799840564E82ED7B5BF /* NetworkOperation.swift in Sources */,
				CDFCCFAD5EBA913014187A75 /* NetworkOperationData.swift in Sources */,
				0C018DCDFBBBDC4842B1A843 /* NextVisitView.swift in Sources */,
				22212FF9EBE2AE5CCD43181C /* Organization.swift in Sources */,
				CFBFAF5ADDF5DE7EF297F588 /* OrganizationDescriptionView.swift in Sources */,
				9BE01FEDC946DCD177667A54 /* OrganizationListView.swift in Sources */,
				0472F2A1512D64EE737CABA8 /* ParseManager.swift in Sources */,
				B40C947CA2E6BB1A5B7733A9 /* PartialFormatter.swift in Sources */,
				751C2F8AF6E22D6A885242DC /* PhoneNumber+Codable.swift in Sources */,
				06D14C9A7BE83164D848B961 /* PhoneNumber.swift in Sources */,
				EC74062B313F26456A3E8FCF /* PhoneNumberFormatter.swift in Sources */,
				482B9734B8543E84CD6849BE /* PhoneNumberKit.swift in Sources */,
				CB2B535AFFA96A07D3EC9804 /* PhoneNumberParser.swift in Sources */,
				5CBAF0EDF1EC56C193B0207B /* PhoneNumberTextField.swift in Sources */,
				C347C9C2DBCCAF07B0C00CDC /* Profile.swift in Sources */,
				AFB8C54D8D9B941398B6DB79 /* ProfileView.swift in Sources */,
				74D1517620D7581475C3072F /* RegexManager.swift in Sources */,
				6E34BE7FCD32909D78955BDE /* RoundedShape.swift in Sources */,
				03634D1A82D9241E16E6EE99 /* SessionManager.swift in Sources */,
				8F785638F79B51BA146FB1B7 /* SplashView.swift in Sources */,
				252C3A899F46DE7061184381 /* String+Extensions.swift in Sources */,
				EF38C4768E3AAB6ADB6949AC /* Text+Extensions.swift in Sources */,
				6F3A6145F3574749B56E3136 /* UIFont+Init.swift in Sources */,
				C54586135352BA7A5BE709C0 /* UserDefaultsManager.swift in Sources */,
				13ACD3CF0029E381718B8B48 /* VerificationCodeView.swift in Sources */,
				9F0DC2662B0B0724B9E555F6 /* Vibrate.swift in Sources */,
				596C3B579097984C4474A8C1 /* View+Extensions.swift in Sources */,
				A613CFE6E602C6716ABE5084 /* WelcomePresenter.swift in Sources */,
				9A6AE7405687D18C7F7F5ACF /* WelcomeView.swift in Sources */,
				6D3C23148E0BFBEB73F33516 /* iPhoneNumberField+ViewModifiers.swift in Sources */,
				2174BEC39AC7F5EB44ED15E3 /* iPhoneNumberField.swift in Sources */,
			);
			runOnlyForDeploymentPostprocessing = 0;
		};
/* End PBXSourcesBuildPhase section */

/* Begin XCBuildConfiguration section */
		11814011E7D6EC822BFBC66D /* Release */ = {
			isa = XCBuildConfiguration;
			buildSettings = {
				ALWAYS_SEARCH_USER_PATHS = NO;
				CLANG_ANALYZER_LOCALIZABILITY_NONLOCALIZED = YES;
				CLANG_ANALYZER_NONNULL = YES;
				CLANG_ANALYZER_NUMBER_OBJECT_CONVERSION = YES_AGGRESSIVE;
				CLANG_CXX_LANGUAGE_STANDARD = "gnu++14";
				CLANG_CXX_LIBRARY = "libc++";
				CLANG_ENABLE_MODULES = YES;
				CLANG_ENABLE_OBJC_ARC = YES;
				CLANG_ENABLE_OBJC_WEAK = YES;
				CLANG_WARN_BLOCK_CAPTURE_AUTORELEASING = YES;
				CLANG_WARN_BOOL_CONVERSION = YES;
				CLANG_WARN_COMMA = YES;
				CLANG_WARN_CONSTANT_CONVERSION = YES;
				CLANG_WARN_DEPRECATED_OBJC_IMPLEMENTATIONS = YES;
				CLANG_WARN_DIRECT_OBJC_ISA_USAGE = YES_ERROR;
				CLANG_WARN_DOCUMENTATION_COMMENTS = YES;
				CLANG_WARN_EMPTY_BODY = YES;
				CLANG_WARN_ENUM_CONVERSION = YES;
				CLANG_WARN_INFINITE_RECURSION = YES;
				CLANG_WARN_INT_CONVERSION = YES;
				CLANG_WARN_NON_LITERAL_NULL_CONVERSION = YES;
				CLANG_WARN_OBJC_IMPLICIT_RETAIN_SELF = YES;
				CLANG_WARN_OBJC_LITERAL_CONVERSION = YES;
				CLANG_WARN_OBJC_ROOT_CLASS = YES_ERROR;
				CLANG_WARN_QUOTED_INCLUDE_IN_FRAMEWORK_HEADER = YES;
				CLANG_WARN_RANGE_LOOP_ANALYSIS = YES;
				CLANG_WARN_STRICT_PROTOTYPES = YES;
				CLANG_WARN_SUSPICIOUS_MOVE = YES;
				CLANG_WARN_UNGUARDED_AVAILABILITY = YES_AGGRESSIVE;
				CLANG_WARN_UNREACHABLE_CODE = YES;
				CLANG_WARN__DUPLICATE_METHOD_MATCH = YES;
				CODE_SIGN_STYLE = Automatic;
				COPY_PHASE_STRIP = NO;
				CURRENT_PROJECT_VERSION = 1;
				DEBUG_INFORMATION_FORMAT = "dwarf-with-dsym";
				DEVELOPMENT_TEAM = 45N7H6HE3J;
				ENABLE_BITCODE = NO;
				ENABLE_NS_ASSERTIONS = NO;
				ENABLE_STRICT_OBJC_MSGSEND = YES;
				"EXCLUDED_ARCHS[sdk=iphonesimulator*]" = x86_64;
				GCC_C_LANGUAGE_STANDARD = gnu11;
				GCC_NO_COMMON_BLOCKS = YES;
				GCC_WARN_64_TO_32_BIT_CONVERSION = YES;
				GCC_WARN_ABOUT_RETURN_TYPE = YES_ERROR;
				GCC_WARN_UNDECLARED_SELECTOR = YES;
				GCC_WARN_UNINITIALIZED_AUTOS = YES_AGGRESSIVE;
				GCC_WARN_UNUSED_FUNCTION = YES;
				GCC_WARN_UNUSED_VARIABLE = YES;
				MARKETING_VERSION = 1.0.0;
				MTL_ENABLE_DEBUG_INFO = NO;
				MTL_FAST_MATH = YES;
				PRODUCT_NAME = "$(TARGET_NAME)";
				SDKROOT = iphoneos;
				SWIFT_COMPILATION_MODE = wholemodule;
				SWIFT_OPTIMIZATION_LEVEL = "-O";
				SWIFT_VERSION = 5.7.1;
				TARGETED_DEVICE_FAMILY = 1;
			};
			name = Release;
		};
		380670688533B0BC57C07A9B /* Release */ = {
			isa = XCBuildConfiguration;
			baseConfigurationReference = 6A98DF121423D6E975C790FE /* Pods-BookMeNow-Develop.release.xcconfig */;
			buildSettings = {
				ASSETCATALOG_COMPILER_APPICON_NAME = AppIcon;
				CODE_SIGN_IDENTITY = "iPhone Developer";
				GENERATE_INFOPLIST_FILE = YES;
				INFOPLIST_FILE = Environments/Develop/Info.plist;
				INFOPLIST_KEY_UIApplicationSceneManifest_Generation = NO;
				INFOPLIST_KEY_UIApplicationSupportsIndirectInputEvents = YES;
				INFOPLIST_KEY_UILaunchScreen_Generation = YES;
				INFOPLIST_KEY_UISupportedInterfaceOrientations = UIInterfaceOrientationPortrait;
				INFOPLIST_KEY_UISupportedInterfaceOrientations_iPhone = UIInterfaceOrientationPortrait;
				INFOPLIST_KEY_UIUserInterfaceStyle = Light;
				IPHONEOS_DEPLOYMENT_TARGET = 15.0;
				LD_RUNPATH_SEARCH_PATHS = (
					"$(inherited)",
					"@executable_path/Frameworks",
				);
				PRODUCT_BUNDLE_IDENTIFIER = com.gorosoft.bookme.now;
				SDKROOT = iphoneos;
				TARGETED_DEVICE_FAMILY = 1;
			};
			name = Release;
		};
		6C824A6EB4BAD43AE2A4BB29 /* Debug */ = {
			isa = XCBuildConfiguration;
			buildSettings = {
				ALWAYS_SEARCH_USER_PATHS = NO;
				CLANG_ANALYZER_LOCALIZABILITY_NONLOCALIZED = YES;
				CLANG_ANALYZER_NONNULL = YES;
				CLANG_ANALYZER_NUMBER_OBJECT_CONVERSION = YES_AGGRESSIVE;
				CLANG_CXX_LANGUAGE_STANDARD = "gnu++14";
				CLANG_CXX_LIBRARY = "libc++";
				CLANG_ENABLE_MODULES = YES;
				CLANG_ENABLE_OBJC_ARC = YES;
				CLANG_ENABLE_OBJC_WEAK = YES;
				CLANG_WARN_BLOCK_CAPTURE_AUTORELEASING = YES;
				CLANG_WARN_BOOL_CONVERSION = YES;
				CLANG_WARN_COMMA = YES;
				CLANG_WARN_CONSTANT_CONVERSION = YES;
				CLANG_WARN_DEPRECATED_OBJC_IMPLEMENTATIONS = YES;
				CLANG_WARN_DIRECT_OBJC_ISA_USAGE = YES_ERROR;
				CLANG_WARN_DOCUMENTATION_COMMENTS = YES;
				CLANG_WARN_EMPTY_BODY = YES;
				CLANG_WARN_ENUM_CONVERSION = YES;
				CLANG_WARN_INFINITE_RECURSION = YES;
				CLANG_WARN_INT_CONVERSION = YES;
				CLANG_WARN_NON_LITERAL_NULL_CONVERSION = YES;
				CLANG_WARN_OBJC_IMPLICIT_RETAIN_SELF = YES;
				CLANG_WARN_OBJC_LITERAL_CONVERSION = YES;
				CLANG_WARN_OBJC_ROOT_CLASS = YES_ERROR;
				CLANG_WARN_QUOTED_INCLUDE_IN_FRAMEWORK_HEADER = YES;
				CLANG_WARN_RANGE_LOOP_ANALYSIS = YES;
				CLANG_WARN_STRICT_PROTOTYPES = YES;
				CLANG_WARN_SUSPICIOUS_MOVE = YES;
				CLANG_WARN_UNGUARDED_AVAILABILITY = YES_AGGRESSIVE;
				CLANG_WARN_UNREACHABLE_CODE = YES;
				CLANG_WARN__DUPLICATE_METHOD_MATCH = YES;
				CODE_SIGN_STYLE = Automatic;
				COPY_PHASE_STRIP = NO;
				CURRENT_PROJECT_VERSION = 1;
				DEBUG_INFORMATION_FORMAT = dwarf;
				DEVELOPMENT_TEAM = 45N7H6HE3J;
				ENABLE_BITCODE = NO;
				ENABLE_STRICT_OBJC_MSGSEND = YES;
				ENABLE_TESTABILITY = YES;
				"EXCLUDED_ARCHS[sdk=iphonesimulator*]" = x86_64;
				GCC_C_LANGUAGE_STANDARD = gnu11;
				GCC_DYNAMIC_NO_PIC = NO;
				GCC_NO_COMMON_BLOCKS = YES;
				GCC_OPTIMIZATION_LEVEL = 0;
				GCC_PREPROCESSOR_DEFINITIONS = (
					"$(inherited)",
					"DEBUG=1",
				);
				GCC_WARN_64_TO_32_BIT_CONVERSION = YES;
				GCC_WARN_ABOUT_RETURN_TYPE = YES_ERROR;
				GCC_WARN_UNDECLARED_SELECTOR = YES;
				GCC_WARN_UNINITIALIZED_AUTOS = YES_AGGRESSIVE;
				GCC_WARN_UNUSED_FUNCTION = YES;
				GCC_WARN_UNUSED_VARIABLE = YES;
				MARKETING_VERSION = 1.0.0;
				MTL_ENABLE_DEBUG_INFO = INCLUDE_SOURCE;
				MTL_FAST_MATH = YES;
				ONLY_ACTIVE_ARCH = YES;
				PRODUCT_NAME = "$(TARGET_NAME)";
				SDKROOT = iphoneos;
				SWIFT_ACTIVE_COMPILATION_CONDITIONS = DEBUG;
				SWIFT_OPTIMIZATION_LEVEL = "-Onone";
				SWIFT_VERSION = 5.7.1;
				TARGETED_DEVICE_FAMILY = 1;
			};
			name = Debug;
		};
		EC6975AC639F3AA8679F2E8D /* Debug */ = {
			isa = XCBuildConfiguration;
			baseConfigurationReference = 0E8EB7AD0B94093048E74730 /* Pods-BookMeNow-Develop.debug.xcconfig */;
			buildSettings = {
				ASSETCATALOG_COMPILER_APPICON_NAME = AppIcon;
				CODE_SIGN_IDENTITY = "iPhone Developer";
				GENERATE_INFOPLIST_FILE = YES;
				INFOPLIST_FILE = Environments/Develop/Info.plist;
				INFOPLIST_KEY_UIApplicationSceneManifest_Generation = NO;
				INFOPLIST_KEY_UIApplicationSupportsIndirectInputEvents = YES;
				INFOPLIST_KEY_UILaunchScreen_Generation = YES;
				INFOPLIST_KEY_UISupportedInterfaceOrientations = UIInterfaceOrientationPortrait;
				INFOPLIST_KEY_UISupportedInterfaceOrientations_iPhone = UIInterfaceOrientationPortrait;
				INFOPLIST_KEY_UIUserInterfaceStyle = Light;
				IPHONEOS_DEPLOYMENT_TARGET = 15.0;
				LD_RUNPATH_SEARCH_PATHS = (
					"$(inherited)",
					"@executable_path/Frameworks",
				);
				PRODUCT_BUNDLE_IDENTIFIER = com.gorosoft.bookme.now;
				SDKROOT = iphoneos;
				TARGETED_DEVICE_FAMILY = 1;
			};
			name = Debug;
		};
/* End XCBuildConfiguration section */

/* Begin XCConfigurationList section */
		B6B082850F03610F011BDA16 /* Build configuration list for PBXNativeTarget "BookMeNow-Develop" */ = {
			isa = XCConfigurationList;
			buildConfigurations = (
				EC6975AC639F3AA8679F2E8D /* Debug */,
				380670688533B0BC57C07A9B /* Release */,
			);
			defaultConfigurationIsVisible = 0;
			defaultConfigurationName = Release;
		};
		FF7CA1CA754D017066F1822F /* Build configuration list for PBXProject "iosApp" */ = {
			isa = XCConfigurationList;
			buildConfigurations = (
				6C824A6EB4BAD43AE2A4BB29 /* Debug */,
				11814011E7D6EC822BFBC66D /* Release */,
			);
			defaultConfigurationIsVisible = 0;
			defaultConfigurationName = Release;
		};
/* End XCConfigurationList section */
	};
	rootObject = 242FB5348943441C388468CE /* Project object */;
}
